// !$*UTF8*$!
{
	archiveVersion = 1;
	classes = {
	};
	objectVersion = 47;
	objects = {

/* Begin PBXBuildFile section */
		C91A74281D9685620031DB57 /* CwlDeque.swift in Sources */ = {isa = PBXBuildFile; fileRef = C9E7F0261D93F49E0039680B /* CwlDeque.swift */; };
		C926A17D1DBB1C5300E4D6D0 /* CwlCollection.swift in Sources */ = {isa = PBXBuildFile; fileRef = C926A17C1DBB1C5300E4D6D0 /* CwlCollection.swift */; };
		C926A17E1DBB1C5300E4D6D0 /* CwlCollection.swift in Sources */ = {isa = PBXBuildFile; fileRef = C926A17C1DBB1C5300E4D6D0 /* CwlCollection.swift */; };
		C926A1801DBB1CB500E4D6D0 /* CwlCollectionTests.swift in Sources */ = {isa = PBXBuildFile; fileRef = C926A17F1DBB1CB500E4D6D0 /* CwlCollectionTests.swift */; };
		C926A1811DBB1CB500E4D6D0 /* CwlCollectionTests.swift in Sources */ = {isa = PBXBuildFile; fileRef = C926A17F1DBB1CB500E4D6D0 /* CwlCollectionTests.swift */; };
		C93AF1661DED38BD00C10CD4 /* CwlUnanticipatedError.swift in Sources */ = {isa = PBXBuildFile; fileRef = C9E6C58F1CBE0455007B3F24 /* CwlUnanticipatedError.swift */; };
		C93AF16F1DED38BE00C10CD4 /* CwlUnanticipatedError.swift in Sources */ = {isa = PBXBuildFile; fileRef = C9E6C58F1CBE0455007B3F24 /* CwlUnanticipatedError.swift */; };
		C93B5BB51CED95A5002D91D1 /* mt19937-64.c in Sources */ = {isa = PBXBuildFile; fileRef = C93B5BB41CED95A5002D91D1 /* mt19937-64.c */; };
		C93B5BB61CED95A5002D91D1 /* mt19937-64.c in Sources */ = {isa = PBXBuildFile; fileRef = C93B5BB41CED95A5002D91D1 /* mt19937-64.c */; };
		C93CFB471DB08216008858ED /* CwlExec.swift in Sources */ = {isa = PBXBuildFile; fileRef = C93CFB461DB08216008858ED /* CwlExec.swift */; };
		C93CFB481DB08216008858ED /* CwlExec.swift in Sources */ = {isa = PBXBuildFile; fileRef = C93CFB461DB08216008858ED /* CwlExec.swift */; };
		C93CFB4B1DB08EB6008858ED /* CwlExecTests.swift in Sources */ = {isa = PBXBuildFile; fileRef = C93CFB4A1DB08EB6008858ED /* CwlExecTests.swift */; };
		C93CFB4C1DB08EB6008858ED /* CwlExecTests.swift in Sources */ = {isa = PBXBuildFile; fileRef = C93CFB4A1DB08EB6008858ED /* CwlExecTests.swift */; };
		C93E18171C8166470009A053 /* CwlUtils.h in Headers */ = {isa = PBXBuildFile; fileRef = C93E18161C8166470009A053 /* CwlUtils.h */; settings = {ATTRIBUTES = (Public, ); }; };
		C93E181E1C8166470009A053 /* CwlUtils.framework in Frameworks */ = {isa = PBXBuildFile; fileRef = C93E18131C8166470009A053 /* CwlUtils.framework */; };
		C93E183C1C81674F0009A053 /* CwlUtils.framework in Frameworks */ = {isa = PBXBuildFile; fileRef = C93E18321C81674F0009A053 /* CwlUtils.framework */; };
		C93E184B1C8172C30009A053 /* CwlUtils.h in Headers */ = {isa = PBXBuildFile; fileRef = C93E18161C8166470009A053 /* CwlUtils.h */; settings = {ATTRIBUTES = (Public, ); }; };
		C93E18501C81794B0009A053 /* CwlStackFrame.swift in Sources */ = {isa = PBXBuildFile; fileRef = C93E184E1C81794B0009A053 /* CwlStackFrame.swift */; };
		C93E18511C8179530009A053 /* CwlStackFrame.swift in Sources */ = {isa = PBXBuildFile; fileRef = C93E184E1C81794B0009A053 /* CwlStackFrame.swift */; };
		C93E185B1C8179B80009A053 /* CwlStackFrameTests.swift in Sources */ = {isa = PBXBuildFile; fileRef = C93E18591C8179B40009A053 /* CwlStackFrameTests.swift */; };
		C93E185C1C8179B90009A053 /* CwlStackFrameTests.swift in Sources */ = {isa = PBXBuildFile; fileRef = C93E18591C8179B40009A053 /* CwlStackFrameTests.swift */; };
		C93E18601C81BE120009A053 /* CwlFrameAddress.c in Sources */ = {isa = PBXBuildFile; fileRef = C93E185E1C81BE120009A053 /* CwlFrameAddress.c */; };
		C93E18611C81BE120009A053 /* CwlFrameAddress.c in Sources */ = {isa = PBXBuildFile; fileRef = C93E185E1C81BE120009A053 /* CwlFrameAddress.c */; };
		C93E18621C81BE120009A053 /* CwlFrameAddress.h in Headers */ = {isa = PBXBuildFile; fileRef = C93E185F1C81BE120009A053 /* CwlFrameAddress.h */; settings = {ATTRIBUTES = (Public, ); }; };
		C93E18631C81BE120009A053 /* CwlFrameAddress.h in Headers */ = {isa = PBXBuildFile; fileRef = C93E185F1C81BE120009A053 /* CwlFrameAddress.h */; settings = {ATTRIBUTES = (Public, ); }; };
		C93E18651C81EFD40009A053 /* CwlAddressInfo.swift in Sources */ = {isa = PBXBuildFile; fileRef = C93E18641C81EFD40009A053 /* CwlAddressInfo.swift */; };
		C93E18661C81EFD40009A053 /* CwlAddressInfo.swift in Sources */ = {isa = PBXBuildFile; fileRef = C93E18641C81EFD40009A053 /* CwlAddressInfo.swift */; };
		C93E18681C82B6480009A053 /* CwlAddressInfoTests.swift in Sources */ = {isa = PBXBuildFile; fileRef = C93E18671C82B6480009A053 /* CwlAddressInfoTests.swift */; };
		C93E18691C82B6480009A053 /* CwlAddressInfoTests.swift in Sources */ = {isa = PBXBuildFile; fileRef = C93E18671C82B6480009A053 /* CwlAddressInfoTests.swift */; };
		C95416BB1D4B76AC00C30D49 /* CwlDispatch.swift in Sources */ = {isa = PBXBuildFile; fileRef = C95416BA1D4B76AC00C30D49 /* CwlDispatch.swift */; };
		C95416BC1D4B76AC00C30D49 /* CwlDispatch.swift in Sources */ = {isa = PBXBuildFile; fileRef = C95416BA1D4B76AC00C30D49 /* CwlDispatch.swift */; };
		C9716DEC1D4CDF9E00E90C18 /* CwlDispatchTests.swift in Sources */ = {isa = PBXBuildFile; fileRef = C9716DEB1D4CDF9E00E90C18 /* CwlDispatchTests.swift */; };
		C9716DED1D4CDF9E00E90C18 /* CwlDispatchTests.swift in Sources */ = {isa = PBXBuildFile; fileRef = C9716DEB1D4CDF9E00E90C18 /* CwlDispatchTests.swift */; };
		C977AA5D1CEC0D0900FC748D /* CwlRandomTests.swift in Sources */ = {isa = PBXBuildFile; fileRef = C977AA5C1CEC0D0900FC748D /* CwlRandomTests.swift */; };
		C977AA5E1CEC0D0900FC748D /* CwlRandomTests.swift in Sources */ = {isa = PBXBuildFile; fileRef = C977AA5C1CEC0D0900FC748D /* CwlRandomTests.swift */; };
		C99AD64A1DCEA1EC00B9E235 /* CwlDeferredWork.swift in Sources */ = {isa = PBXBuildFile; fileRef = C99AD6491DCEA1EC00B9E235 /* CwlDeferredWork.swift */; };
		C99AD64B1DCEA1EC00B9E235 /* CwlDeferredWork.swift in Sources */ = {isa = PBXBuildFile; fileRef = C99AD6491DCEA1EC00B9E235 /* CwlDeferredWork.swift */; };
		C99AD64F1DCEA32800B9E235 /* CwlWrappers.swift in Sources */ = {isa = PBXBuildFile; fileRef = C99AD64E1DCEA32800B9E235 /* CwlWrappers.swift */; };
		C99AD6501DCEA32800B9E235 /* CwlWrappers.swift in Sources */ = {isa = PBXBuildFile; fileRef = C99AD64E1DCEA32800B9E235 /* CwlWrappers.swift */; };
		C99AD6521DCEAF6000B9E235 /* CwlWrapperTests.swift in Sources */ = {isa = PBXBuildFile; fileRef = C99AD6511DCEAF6000B9E235 /* CwlWrapperTests.swift */; };
		C99AD6531DCEAF6000B9E235 /* CwlWrapperTests.swift in Sources */ = {isa = PBXBuildFile; fileRef = C99AD6511DCEAF6000B9E235 /* CwlWrapperTests.swift */; };
		C99AD6741DCEB44B00B9E235 /* CwlPreconditionTesting.framework in CopyFiles */ = {isa = PBXBuildFile; fileRef = C99AD6641DCEB07600B9E235 /* CwlPreconditionTesting.framework */; settings = {ATTRIBUTES = (CodeSignOnCopy, RemoveHeadersOnCopy, ); }; };
		C99AD6761DCEB4A100B9E235 /* CwlDeferredWorkTests.swift in Sources */ = {isa = PBXBuildFile; fileRef = C99AD6751DCEB4A100B9E235 /* CwlDeferredWorkTests.swift */; };
		C99AD6771DCEB4A100B9E235 /* CwlDeferredWorkTests.swift in Sources */ = {isa = PBXBuildFile; fileRef = C99AD6751DCEB4A100B9E235 /* CwlDeferredWorkTests.swift */; };
		C99AD6801DCEC20F00B9E235 /* CwlKeyValueObserver.swift in Sources */ = {isa = PBXBuildFile; fileRef = C99AD67F1DCEC20F00B9E235 /* CwlKeyValueObserver.swift */; };
		C99AD6811DCEC20F00B9E235 /* CwlKeyValueObserver.swift in Sources */ = {isa = PBXBuildFile; fileRef = C99AD67F1DCEC20F00B9E235 /* CwlKeyValueObserver.swift */; };
		C99AD68B1DCEC21C00B9E235 /* CwlKeyValueObserverTests.swift in Sources */ = {isa = PBXBuildFile; fileRef = C99AD68A1DCEC21C00B9E235 /* CwlKeyValueObserverTests.swift */; };
		C99AD68C1DCEC21C00B9E235 /* CwlKeyValueObserverTests.swift in Sources */ = {isa = PBXBuildFile; fileRef = C99AD68A1DCEC21C00B9E235 /* CwlKeyValueObserverTests.swift */; };
		C9A6311F1DCF5E45001B43D4 /* CwlPreconditionTesting.framework in CopyFiles */ = {isa = PBXBuildFile; fileRef = C99AD6601DCEB07600B9E235 /* CwlPreconditionTesting.framework */; settings = {ATTRIBUTES = (CodeSignOnCopy, RemoveHeadersOnCopy, ); }; };
		C9B3EF9A1D6F14B80058AE5E /* CwlResult.swift in Sources */ = {isa = PBXBuildFile; fileRef = C9B3EF991D6F14B80058AE5E /* CwlResult.swift */; };
		C9B3EF9B1D6F14B80058AE5E /* CwlResult.swift in Sources */ = {isa = PBXBuildFile; fileRef = C9B3EF991D6F14B80058AE5E /* CwlResult.swift */; };
		C9B3EF9D1D6F14F40058AE5E /* CwlResultTests.swift in Sources */ = {isa = PBXBuildFile; fileRef = C9B3EF9C1D6F14F40058AE5E /* CwlResultTests.swift */; };
		C9B3EF9E1D6F14F40058AE5E /* CwlResultTests.swift in Sources */ = {isa = PBXBuildFile; fileRef = C9B3EF9C1D6F14F40058AE5E /* CwlResultTests.swift */; };
		C9B7C4D11DB852A20093C97A /* CwlDebugContext.swift in Sources */ = {isa = PBXBuildFile; fileRef = C9B7C4D01DB852A20093C97A /* CwlDebugContext.swift */; };
		C9B7C4D21DB852A20093C97A /* CwlDebugContext.swift in Sources */ = {isa = PBXBuildFile; fileRef = C9B7C4D01DB852A20093C97A /* CwlDebugContext.swift */; };
		C9B7C4D41DB852C10093C97A /* CwlDebugContextTests.swift in Sources */ = {isa = PBXBuildFile; fileRef = C9B7C4D31DB852C10093C97A /* CwlDebugContextTests.swift */; };
		C9B7C4D51DB852C10093C97A /* CwlDebugContextTests.swift in Sources */ = {isa = PBXBuildFile; fileRef = C9B7C4D31DB852C10093C97A /* CwlDebugContextTests.swift */; };
		C9C9AAEF1C8E7FB60019A126 /* CwlSysctl.swift in Sources */ = {isa = PBXBuildFile; fileRef = C9C9AAEE1C8E7FB60019A126 /* CwlSysctl.swift */; };
		C9C9AAF01C8E7FB60019A126 /* CwlSysctl.swift in Sources */ = {isa = PBXBuildFile; fileRef = C9C9AAEE1C8E7FB60019A126 /* CwlSysctl.swift */; };
		C9C9AAF21C8E7FD00019A126 /* CwlSysctlTests.swift in Sources */ = {isa = PBXBuildFile; fileRef = C9C9AAF11C8E7FD00019A126 /* CwlSysctlTests.swift */; };
		C9C9AAF31C8E7FD00019A126 /* CwlSysctlTests.swift in Sources */ = {isa = PBXBuildFile; fileRef = C9C9AAF11C8E7FD00019A126 /* CwlSysctlTests.swift */; };
		C9D2EAAD1D8AFF7300D25919 /* CwlRandom.swift in Sources */ = {isa = PBXBuildFile; fileRef = C9B6655E1CEAD9080006B927 /* CwlRandom.swift */; };
		C9E055451CD8B42D001658AB /* CwlScalarScanner.swift in Sources */ = {isa = PBXBuildFile; fileRef = C9E055441CD8B42D001658AB /* CwlScalarScanner.swift */; };
		C9E055461CD8B42D001658AB /* CwlScalarScanner.swift in Sources */ = {isa = PBXBuildFile; fileRef = C9E055441CD8B42D001658AB /* CwlScalarScanner.swift */; };
		C9E055481CD8B44C001658AB /* CwlScalarScannerTests.swift in Sources */ = {isa = PBXBuildFile; fileRef = C9E055471CD8B44C001658AB /* CwlScalarScannerTests.swift */; };
		C9E055491CD8B44C001658AB /* CwlScalarScannerTests.swift in Sources */ = {isa = PBXBuildFile; fileRef = C9E055471CD8B44C001658AB /* CwlScalarScannerTests.swift */; };
		C9E6C5931CBE0467007B3F24 /* CwlUnanticipatedErrorTests.swift in Sources */ = {isa = PBXBuildFile; fileRef = C9E6C5911CBE045F007B3F24 /* CwlUnanticipatedErrorTests.swift */; };
		C9E6C5941CBE0468007B3F24 /* CwlUnanticipatedErrorTests.swift in Sources */ = {isa = PBXBuildFile; fileRef = C9E6C5911CBE045F007B3F24 /* CwlUnanticipatedErrorTests.swift */; };
		C9E6C60C1CBF6D03007B3F24 /* AppDelegate.swift in Sources */ = {isa = PBXBuildFile; fileRef = C9E6C60B1CBF6D03007B3F24 /* AppDelegate.swift */; };
		C9E6C60E1CBF6D03007B3F24 /* Assets.xcassets in Resources */ = {isa = PBXBuildFile; fileRef = C9E6C60D1CBF6D03007B3F24 /* Assets.xcassets */; };
		C9E6C6111CBF6D03007B3F24 /* MainMenu.xib in Resources */ = {isa = PBXBuildFile; fileRef = C9E6C60F1CBF6D03007B3F24 /* MainMenu.xib */; };
		C9E6C61C1CBF6D03007B3F24 /* CwlUtils_macOSHarnessUITests.swift in Sources */ = {isa = PBXBuildFile; fileRef = C9E6C61B1CBF6D03007B3F24 /* CwlUtils_macOSHarnessUITests.swift */; };
		C9E7F0281D93F49E0039680B /* CwlDeque.swift in Sources */ = {isa = PBXBuildFile; fileRef = C9E7F0261D93F49E0039680B /* CwlDeque.swift */; };
		C9E7F02A1D93F4C10039680B /* CwlDequeTests.swift in Sources */ = {isa = PBXBuildFile; fileRef = C9E7F0291D93F4C10039680B /* CwlDequeTests.swift */; };
		C9E7F02B1D93F4C10039680B /* CwlDequeTests.swift in Sources */ = {isa = PBXBuildFile; fileRef = C9E7F0291D93F4C10039680B /* CwlDequeTests.swift */; };
		C9F193C71D0296E400EAC5BE /* CwlMutexTests.swift in Sources */ = {isa = PBXBuildFile; fileRef = C9F193C61D0296E400EAC5BE /* CwlMutexTests.swift */; };
		C9F193C81D0296E400EAC5BE /* CwlMutexTests.swift in Sources */ = {isa = PBXBuildFile; fileRef = C9F193C61D0296E400EAC5BE /* CwlMutexTests.swift */; };
		C9F193CD1D02970200EAC5BE /* CwlMutex.swift in Sources */ = {isa = PBXBuildFile; fileRef = C9F193CC1D02970200EAC5BE /* CwlMutex.swift */; };
		C9F193CE1D02970200EAC5BE /* CwlMutex.swift in Sources */ = {isa = PBXBuildFile; fileRef = C9F193CC1D02970200EAC5BE /* CwlMutex.swift */; };
		C9F1BAA81CC5024300A255E9 /* AppDelegate.swift in Sources */ = {isa = PBXBuildFile; fileRef = C9F1BAA71CC5024300A255E9 /* AppDelegate.swift */; };
		C9F1BAAA1CC5024300A255E9 /* ViewController.swift in Sources */ = {isa = PBXBuildFile; fileRef = C9F1BAA91CC5024300A255E9 /* ViewController.swift */; };
		C9F1BAAD1CC5024300A255E9 /* Main.storyboard in Resources */ = {isa = PBXBuildFile; fileRef = C9F1BAAB1CC5024300A255E9 /* Main.storyboard */; };
		C9F1BAAF1CC5024300A255E9 /* Assets.xcassets in Resources */ = {isa = PBXBuildFile; fileRef = C9F1BAAE1CC5024300A255E9 /* Assets.xcassets */; };
		C9F1BAB21CC5024300A255E9 /* LaunchScreen.storyboard in Resources */ = {isa = PBXBuildFile; fileRef = C9F1BAB01CC5024300A255E9 /* LaunchScreen.storyboard */; };
		C9F1BABD1CC5024300A255E9 /* CwlUtils_iOSHarnessUITests.swift in Sources */ = {isa = PBXBuildFile; fileRef = C9F1BABC1CC5024300A255E9 /* CwlUtils_iOSHarnessUITests.swift */; };
		C9F1BACE1CC5097F00A255E9 /* CwlUtils.framework in CopyFiles */ = {isa = PBXBuildFile; fileRef = C93E18131C8166470009A053 /* CwlUtils.framework */; settings = {ATTRIBUTES = (CodeSignOnCopy, RemoveHeadersOnCopy, ); }; };
		C9F1BAD11CC5108600A255E9 /* CwlUtils.framework in CopyFiles */ = {isa = PBXBuildFile; fileRef = C93E18321C81674F0009A053 /* CwlUtils.framework */; settings = {ATTRIBUTES = (CodeSignOnCopy, RemoveHeadersOnCopy, ); }; };
		C9F3E3371CAA254A006728F7 /* CwlOnDelete.swift in Sources */ = {isa = PBXBuildFile; fileRef = C9F3E3361CAA254A006728F7 /* CwlOnDelete.swift */; };
		C9F3E3381CAA254A006728F7 /* CwlOnDelete.swift in Sources */ = {isa = PBXBuildFile; fileRef = C9F3E3361CAA254A006728F7 /* CwlOnDelete.swift */; };
		C9F3E3401CAA269C006728F7 /* CwlOnDeleteTests.swift in Sources */ = {isa = PBXBuildFile; fileRef = C9F3E33F1CAA269C006728F7 /* CwlOnDeleteTests.swift */; };
		C9F3E3411CAA269C006728F7 /* CwlOnDeleteTests.swift in Sources */ = {isa = PBXBuildFile; fileRef = C9F3E33F1CAA269C006728F7 /* CwlOnDeleteTests.swift */; };
		C9FB03061CF4289C00AD7E79 /* CwlRandom.swift in Sources */ = {isa = PBXBuildFile; fileRef = C9B6655E1CEAD9080006B927 /* CwlRandom.swift */; };
		C9FD68981CF022530087ACC6 /* xoroshiro128plus.c in Sources */ = {isa = PBXBuildFile; fileRef = C9FD68971CF022530087ACC6 /* xoroshiro128plus.c */; };
		C9FD68991CF022530087ACC6 /* xoroshiro128plus.c in Sources */ = {isa = PBXBuildFile; fileRef = C9FD68971CF022530087ACC6 /* xoroshiro128plus.c */; };
/* End PBXBuildFile section */

/* Begin PBXContainerItemProxy section */
		C93E181F1C8166470009A053 /* PBXContainerItemProxy */ = {
			isa = PBXContainerItemProxy;
			containerPortal = C93E180A1C8166470009A053 /* Project object */;
			proxyType = 1;
			remoteGlobalIDString = C93E18121C8166470009A053;
			remoteInfo = CwlUtils;
		};
		C93E183D1C81674F0009A053 /* PBXContainerItemProxy */ = {
			isa = PBXContainerItemProxy;
			containerPortal = C93E180A1C8166470009A053 /* Project object */;
			proxyType = 1;
			remoteGlobalIDString = C93E18311C81674F0009A053;
			remoteInfo = CwlUtils_iOS;
		};
		C99AD65F1DCEB07600B9E235 /* PBXContainerItemProxy */ = {
			isa = PBXContainerItemProxy;
			containerPortal = C99AD6541DCEB07600B9E235 /* CwlPreconditionTesting.xcodeproj */;
			proxyType = 2;
			remoteGlobalIDString = C98707761C3F886F009B413A;
			remoteInfo = CwlPreconditionTesting_macOS;
		};
		C99AD6611DCEB07600B9E235 /* PBXContainerItemProxy */ = {
			isa = PBXContainerItemProxy;
			containerPortal = C99AD6541DCEB07600B9E235 /* CwlPreconditionTesting.xcodeproj */;
			proxyType = 2;
			remoteGlobalIDString = C98707801C3F886F009B413A;
			remoteInfo = CwlPreconditionTesting_macOSTests;
		};
		C99AD6631DCEB07600B9E235 /* PBXContainerItemProxy */ = {
			isa = PBXContainerItemProxy;
			containerPortal = C99AD6541DCEB07600B9E235 /* CwlPreconditionTesting.xcodeproj */;
			proxyType = 2;
			remoteGlobalIDString = C9604C801C40DD9A001A7517;
			remoteInfo = CwlPreconditionTesting_iOS;
		};
		C99AD6651DCEB07600B9E235 /* PBXContainerItemProxy */ = {
			isa = PBXContainerItemProxy;
			containerPortal = C99AD6541DCEB07600B9E235 /* CwlPreconditionTesting.xcodeproj */;
			proxyType = 2;
			remoteGlobalIDString = C9604C891C40DD9A001A7517;
			remoteInfo = CwlPreconditionTesting_iOSTests;
		};
		C99AD6671DCEB07600B9E235 /* PBXContainerItemProxy */ = {
			isa = PBXContainerItemProxy;
			containerPortal = C99AD6541DCEB07600B9E235 /* CwlPreconditionTesting.xcodeproj */;
			proxyType = 2;
			remoteGlobalIDString = C92A97D91C68A4F3008905C2;
			remoteInfo = CwlPreconditionTesting_POSIX;
		};
		C99AD6691DCEB07600B9E235 /* PBXContainerItemProxy */ = {
			isa = PBXContainerItemProxy;
			containerPortal = C99AD6541DCEB07600B9E235 /* CwlPreconditionTesting.xcodeproj */;
			proxyType = 2;
			remoteGlobalIDString = C92A97E61C68A515008905C2;
			remoteInfo = CwlPreconditionTesting_POSIXTests;
		};
		C99AD66B1DCEB07600B9E235 /* PBXContainerItemProxy */ = {
			isa = PBXContainerItemProxy;
			containerPortal = C99AD6541DCEB07600B9E235 /* CwlPreconditionTesting.xcodeproj */;
			proxyType = 2;
			remoteGlobalIDString = 96ACCC591C6E8BBE00FE0B1B;
			remoteInfo = CwlPreconditionTesting_tvOS;
		};
		C99AD66D1DCEB07600B9E235 /* PBXContainerItemProxy */ = {
			isa = PBXContainerItemProxy;
			containerPortal = C99AD6541DCEB07600B9E235 /* CwlPreconditionTesting.xcodeproj */;
			proxyType = 2;
			remoteGlobalIDString = 96ACCC481C6E8A7C00FE0B1B;
			remoteInfo = CwlPreconditionTesting_tvOSTests;
		};
		C9E6C6181CBF6D03007B3F24 /* PBXContainerItemProxy */ = {
			isa = PBXContainerItemProxy;
			containerPortal = C93E180A1C8166470009A053 /* Project object */;
			proxyType = 1;
			remoteGlobalIDString = C9E6C6081CBF6D03007B3F24;
			remoteInfo = CwlUtils_macOSHarness;
		};
		C9F1BAB91CC5024300A255E9 /* PBXContainerItemProxy */ = {
			isa = PBXContainerItemProxy;
			containerPortal = C93E180A1C8166470009A053 /* Project object */;
			proxyType = 1;
			remoteGlobalIDString = C9F1BAA41CC5024300A255E9;
			remoteInfo = CwlUtils_iOSHarness;
		};
/* End PBXContainerItemProxy section */

/* Begin PBXCopyFilesBuildPhase section */
		C99AD6711DCEB0E100B9E235 /* CopyFiles */ = {
			isa = PBXCopyFilesBuildPhase;
			buildActionMask = 2147483647;
			dstPath = "";
			dstSubfolderSpec = 10;
			files = (
				C9A6311F1DCF5E45001B43D4 /* CwlPreconditionTesting.framework in CopyFiles */,
			);
			runOnlyForDeploymentPostprocessing = 0;
		};
		C99AD6731DCEB43F00B9E235 /* CopyFiles */ = {
			isa = PBXCopyFilesBuildPhase;
			buildActionMask = 2147483647;
			dstPath = "";
			dstSubfolderSpec = 10;
			files = (
				C99AD6741DCEB44B00B9E235 /* CwlPreconditionTesting.framework in CopyFiles */,
			);
			runOnlyForDeploymentPostprocessing = 0;
		};
		C9F1BACB1CC5094D00A255E9 /* CopyFiles */ = {
			isa = PBXCopyFilesBuildPhase;
			buildActionMask = 2147483647;
			dstPath = "";
			dstSubfolderSpec = 10;
			files = (
				C9F1BAD11CC5108600A255E9 /* CwlUtils.framework in CopyFiles */,
			);
			runOnlyForDeploymentPostprocessing = 0;
		};
		C9F1BACD1CC5097100A255E9 /* CopyFiles */ = {
			isa = PBXCopyFilesBuildPhase;
			buildActionMask = 2147483647;
			dstPath = "";
			dstSubfolderSpec = 10;
			files = (
				C9F1BACE1CC5097F00A255E9 /* CwlUtils.framework in CopyFiles */,
			);
			runOnlyForDeploymentPostprocessing = 0;
		};
/* End PBXCopyFilesBuildPhase section */

/* Begin PBXFileReference section */
		C926A17C1DBB1C5300E4D6D0 /* CwlCollection.swift */ = {isa = PBXFileReference; fileEncoding = 4; lastKnownFileType = sourcecode.swift; name = CwlCollection.swift; path = CwlUtils/CwlCollection.swift; sourceTree = SOURCE_ROOT; };
		C926A17F1DBB1CB500E4D6D0 /* CwlCollectionTests.swift */ = {isa = PBXFileReference; fileEncoding = 4; lastKnownFileType = sourcecode.swift; path = CwlCollectionTests.swift; sourceTree = "<group>"; };
		C93B5BB41CED95A5002D91D1 /* mt19937-64.c */ = {isa = PBXFileReference; fileEncoding = 4; lastKnownFileType = sourcecode.c.c; path = "mt19937-64.c"; sourceTree = "<group>"; };
		C93B5BB71CED95C5002D91D1 /* CwlUtilsTests-BridgingHeader.h */ = {isa = PBXFileReference; fileEncoding = 4; lastKnownFileType = sourcecode.c.h; path = "CwlUtilsTests-BridgingHeader.h"; sourceTree = "<group>"; };
		C93CFB461DB08216008858ED /* CwlExec.swift */ = {isa = PBXFileReference; fileEncoding = 4; lastKnownFileType = sourcecode.swift; path = CwlExec.swift; sourceTree = "<group>"; };
		C93CFB4A1DB08EB6008858ED /* CwlExecTests.swift */ = {isa = PBXFileReference; fileEncoding = 4; lastKnownFileType = sourcecode.swift; path = CwlExecTests.swift; sourceTree = "<group>"; };
		C93E18131C8166470009A053 /* CwlUtils.framework */ = {isa = PBXFileReference; explicitFileType = wrapper.framework; includeInIndex = 0; path = CwlUtils.framework; sourceTree = BUILT_PRODUCTS_DIR; };
		C93E18161C8166470009A053 /* CwlUtils.h */ = {isa = PBXFileReference; lastKnownFileType = sourcecode.c.h; path = CwlUtils.h; sourceTree = "<group>"; };
		C93E18181C8166470009A053 /* Info.plist */ = {isa = PBXFileReference; lastKnownFileType = text.plist.xml; path = Info.plist; sourceTree = "<group>"; };
		C93E181D1C8166470009A053 /* CwlUtils_macOSTests.xctest */ = {isa = PBXFileReference; explicitFileType = wrapper.cfbundle; includeInIndex = 0; path = CwlUtils_macOSTests.xctest; sourceTree = BUILT_PRODUCTS_DIR; };
		C93E18241C8166470009A053 /* Info.plist */ = {isa = PBXFileReference; lastKnownFileType = text.plist.xml; path = Info.plist; sourceTree = "<group>"; };
		C93E18321C81674F0009A053 /* CwlUtils.framework */ = {isa = PBXFileReference; explicitFileType = wrapper.framework; includeInIndex = 0; path = CwlUtils.framework; sourceTree = BUILT_PRODUCTS_DIR; };
		C93E183B1C81674F0009A053 /* CwlUtils_iOSTests.xctest */ = {isa = PBXFileReference; explicitFileType = wrapper.cfbundle; includeInIndex = 0; path = CwlUtils_iOSTests.xctest; sourceTree = BUILT_PRODUCTS_DIR; };
		C93E184E1C81794B0009A053 /* CwlStackFrame.swift */ = {isa = PBXFileReference; fileEncoding = 4; lastKnownFileType = sourcecode.swift; path = CwlStackFrame.swift; sourceTree = "<group>"; };
		C93E18591C8179B40009A053 /* CwlStackFrameTests.swift */ = {isa = PBXFileReference; fileEncoding = 4; lastKnownFileType = sourcecode.swift; path = CwlStackFrameTests.swift; sourceTree = "<group>"; };
		C93E185E1C81BE120009A053 /* CwlFrameAddress.c */ = {isa = PBXFileReference; fileEncoding = 4; lastKnownFileType = sourcecode.c.c; path = CwlFrameAddress.c; sourceTree = "<group>"; };
		C93E185F1C81BE120009A053 /* CwlFrameAddress.h */ = {isa = PBXFileReference; fileEncoding = 4; lastKnownFileType = sourcecode.c.h; path = CwlFrameAddress.h; sourceTree = "<group>"; };
		C93E18641C81EFD40009A053 /* CwlAddressInfo.swift */ = {isa = PBXFileReference; fileEncoding = 4; lastKnownFileType = sourcecode.swift; path = CwlAddressInfo.swift; sourceTree = "<group>"; };
		C93E18671C82B6480009A053 /* CwlAddressInfoTests.swift */ = {isa = PBXFileReference; fileEncoding = 4; lastKnownFileType = sourcecode.swift; path = CwlAddressInfoTests.swift; sourceTree = "<group>"; };
		C95416BA1D4B76AC00C30D49 /* CwlDispatch.swift */ = {isa = PBXFileReference; fileEncoding = 4; lastKnownFileType = sourcecode.swift; path = CwlDispatch.swift; sourceTree = "<group>"; };
		C9716DEB1D4CDF9E00E90C18 /* CwlDispatchTests.swift */ = {isa = PBXFileReference; fileEncoding = 4; lastKnownFileType = sourcecode.swift; path = CwlDispatchTests.swift; sourceTree = "<group>"; };
		C977AA5C1CEC0D0900FC748D /* CwlRandomTests.swift */ = {isa = PBXFileReference; fileEncoding = 4; lastKnownFileType = sourcecode.swift; path = CwlRandomTests.swift; sourceTree = "<group>"; };
		C99AD6491DCEA1EC00B9E235 /* CwlDeferredWork.swift */ = {isa = PBXFileReference; fileEncoding = 4; lastKnownFileType = sourcecode.swift; path = CwlDeferredWork.swift; sourceTree = "<group>"; };
		C99AD64E1DCEA32800B9E235 /* CwlWrappers.swift */ = {isa = PBXFileReference; fileEncoding = 4; lastKnownFileType = sourcecode.swift; path = CwlWrappers.swift; sourceTree = "<group>"; };
		C99AD6511DCEAF6000B9E235 /* CwlWrapperTests.swift */ = {isa = PBXFileReference; fileEncoding = 4; lastKnownFileType = sourcecode.swift; path = CwlWrapperTests.swift; sourceTree = "<group>"; };
		C99AD6541DCEB07600B9E235 /* CwlPreconditionTesting.xcodeproj */ = {isa = PBXFileReference; lastKnownFileType = "wrapper.pb-project"; name = CwlPreconditionTesting.xcodeproj; path = CwlPreconditionTesting/CwlPreconditionTesting.xcodeproj; sourceTree = SOURCE_ROOT; };
		C99AD6751DCEB4A100B9E235 /* CwlDeferredWorkTests.swift */ = {isa = PBXFileReference; fileEncoding = 4; lastKnownFileType = sourcecode.swift; path = CwlDeferredWorkTests.swift; sourceTree = "<group>"; };
		C99AD67F1DCEC20F00B9E235 /* CwlKeyValueObserver.swift */ = {isa = PBXFileReference; fileEncoding = 4; lastKnownFileType = sourcecode.swift; path = CwlKeyValueObserver.swift; sourceTree = "<group>"; };
		C99AD68A1DCEC21C00B9E235 /* CwlKeyValueObserverTests.swift */ = {isa = PBXFileReference; fileEncoding = 4; lastKnownFileType = sourcecode.swift; path = CwlKeyValueObserverTests.swift; sourceTree = "<group>"; };
		C9AC2C881D1287FE0034650A /* CwlRandomPerformanceTests.swift */ = {isa = PBXFileReference; fileEncoding = 4; lastKnownFileType = sourcecode.swift; path = CwlRandomPerformanceTests.swift; sourceTree = "<group>"; };
		C9AC2C8E1D128B560034650A /* CwlMutexPerformanceTests.swift */ = {isa = PBXFileReference; fileEncoding = 4; lastKnownFileType = sourcecode.swift; path = CwlMutexPerformanceTests.swift; sourceTree = "<group>"; };
		C9B3EF991D6F14B80058AE5E /* CwlResult.swift */ = {isa = PBXFileReference; fileEncoding = 4; lastKnownFileType = sourcecode.swift; path = CwlResult.swift; sourceTree = "<group>"; };
		C9B3EF9C1D6F14F40058AE5E /* CwlResultTests.swift */ = {isa = PBXFileReference; fileEncoding = 4; lastKnownFileType = sourcecode.swift; path = CwlResultTests.swift; sourceTree = "<group>"; };
		C9B6655E1CEAD9080006B927 /* CwlRandom.swift */ = {isa = PBXFileReference; fileEncoding = 4; lastKnownFileType = sourcecode.swift; path = CwlRandom.swift; sourceTree = "<group>"; };
		C9B7C4D01DB852A20093C97A /* CwlDebugContext.swift */ = {isa = PBXFileReference; fileEncoding = 4; lastKnownFileType = sourcecode.swift; path = CwlDebugContext.swift; sourceTree = "<group>"; };
		C9B7C4D31DB852C10093C97A /* CwlDebugContextTests.swift */ = {isa = PBXFileReference; fileEncoding = 4; lastKnownFileType = sourcecode.swift; path = CwlDebugContextTests.swift; sourceTree = "<group>"; };
		C9C9AAEE1C8E7FB60019A126 /* CwlSysctl.swift */ = {isa = PBXFileReference; fileEncoding = 4; indentWidth = 3; lastKnownFileType = sourcecode.swift; lineEnding = 0; path = CwlSysctl.swift; sourceTree = "<group>"; tabWidth = 3; usesTabs = 1; };
		C9C9AAF11C8E7FD00019A126 /* CwlSysctlTests.swift */ = {isa = PBXFileReference; fileEncoding = 4; lastKnownFileType = sourcecode.swift; path = CwlSysctlTests.swift; sourceTree = "<group>"; };
		C9E055441CD8B42D001658AB /* CwlScalarScanner.swift */ = {isa = PBXFileReference; fileEncoding = 4; lastKnownFileType = sourcecode.swift; path = CwlScalarScanner.swift; sourceTree = "<group>"; };
		C9E055471CD8B44C001658AB /* CwlScalarScannerTests.swift */ = {isa = PBXFileReference; fileEncoding = 4; lastKnownFileType = sourcecode.swift; lineEnding = 2; path = CwlScalarScannerTests.swift; sourceTree = "<group>"; };
		C9E6C58F1CBE0455007B3F24 /* CwlUnanticipatedError.swift */ = {isa = PBXFileReference; fileEncoding = 4; lastKnownFileType = sourcecode.swift; path = CwlUnanticipatedError.swift; sourceTree = "<group>"; };
		C9E6C5911CBE045F007B3F24 /* CwlUnanticipatedErrorTests.swift */ = {isa = PBXFileReference; fileEncoding = 4; lastKnownFileType = sourcecode.swift; path = CwlUnanticipatedErrorTests.swift; sourceTree = "<group>"; };
		C9E6C6091CBF6D03007B3F24 /* CwlUtils_macOSHarness.app */ = {isa = PBXFileReference; explicitFileType = wrapper.application; includeInIndex = 0; path = CwlUtils_macOSHarness.app; sourceTree = BUILT_PRODUCTS_DIR; };
		C9E6C60B1CBF6D03007B3F24 /* AppDelegate.swift */ = {isa = PBXFileReference; lastKnownFileType = sourcecode.swift; path = AppDelegate.swift; sourceTree = "<group>"; };
		C9E6C60D1CBF6D03007B3F24 /* Assets.xcassets */ = {isa = PBXFileReference; lastKnownFileType = folder.assetcatalog; path = Assets.xcassets; sourceTree = "<group>"; };
		C9E6C6101CBF6D03007B3F24 /* Base */ = {isa = PBXFileReference; lastKnownFileType = file.xib; name = Base; path = Base.lproj/MainMenu.xib; sourceTree = "<group>"; };
		C9E6C6121CBF6D03007B3F24 /* Info.plist */ = {isa = PBXFileReference; lastKnownFileType = text.plist.xml; path = Info.plist; sourceTree = "<group>"; };
		C9E6C6171CBF6D03007B3F24 /* CwlUtils_macOSHarnessUITests.xctest */ = {isa = PBXFileReference; explicitFileType = wrapper.cfbundle; includeInIndex = 0; path = CwlUtils_macOSHarnessUITests.xctest; sourceTree = BUILT_PRODUCTS_DIR; };
		C9E6C61B1CBF6D03007B3F24 /* CwlUtils_macOSHarnessUITests.swift */ = {isa = PBXFileReference; lastKnownFileType = sourcecode.swift; path = CwlUtils_macOSHarnessUITests.swift; sourceTree = "<group>"; };
		C9E6C61D1CBF6D03007B3F24 /* Info.plist */ = {isa = PBXFileReference; lastKnownFileType = text.plist.xml; path = Info.plist; sourceTree = "<group>"; };
		C9E7F0261D93F49E0039680B /* CwlDeque.swift */ = {isa = PBXFileReference; fileEncoding = 4; lastKnownFileType = sourcecode.swift; path = CwlDeque.swift; sourceTree = "<group>"; };
		C9E7F0291D93F4C10039680B /* CwlDequeTests.swift */ = {isa = PBXFileReference; fileEncoding = 4; lastKnownFileType = sourcecode.swift; path = CwlDequeTests.swift; sourceTree = "<group>"; };
		C9F193C61D0296E400EAC5BE /* CwlMutexTests.swift */ = {isa = PBXFileReference; fileEncoding = 4; lastKnownFileType = sourcecode.swift; path = CwlMutexTests.swift; sourceTree = "<group>"; };
		C9F193CC1D02970200EAC5BE /* CwlMutex.swift */ = {isa = PBXFileReference; fileEncoding = 4; lastKnownFileType = sourcecode.swift; path = CwlMutex.swift; sourceTree = "<group>"; };
		C9F1BAA51CC5024300A255E9 /* CwlUtils_iOSHarness.app */ = {isa = PBXFileReference; explicitFileType = wrapper.application; includeInIndex = 0; path = CwlUtils_iOSHarness.app; sourceTree = BUILT_PRODUCTS_DIR; };
		C9F1BAA71CC5024300A255E9 /* AppDelegate.swift */ = {isa = PBXFileReference; lastKnownFileType = sourcecode.swift; path = AppDelegate.swift; sourceTree = "<group>"; };
		C9F1BAA91CC5024300A255E9 /* ViewController.swift */ = {isa = PBXFileReference; lastKnownFileType = sourcecode.swift; path = ViewController.swift; sourceTree = "<group>"; };
		C9F1BAAC1CC5024300A255E9 /* Base */ = {isa = PBXFileReference; lastKnownFileType = file.storyboard; name = Base; path = Base.lproj/Main.storyboard; sourceTree = "<group>"; };
		C9F1BAAE1CC5024300A255E9 /* Assets.xcassets */ = {isa = PBXFileReference; lastKnownFileType = folder.assetcatalog; path = Assets.xcassets; sourceTree = "<group>"; };
		C9F1BAB11CC5024300A255E9 /* Base */ = {isa = PBXFileReference; lastKnownFileType = file.storyboard; name = Base; path = Base.lproj/LaunchScreen.storyboard; sourceTree = "<group>"; };
		C9F1BAB31CC5024300A255E9 /* Info.plist */ = {isa = PBXFileReference; lastKnownFileType = text.plist.xml; path = Info.plist; sourceTree = "<group>"; };
		C9F1BAB81CC5024300A255E9 /* CwlUtils_iOSHarnessUITests.xctest */ = {isa = PBXFileReference; explicitFileType = wrapper.cfbundle; includeInIndex = 0; path = CwlUtils_iOSHarnessUITests.xctest; sourceTree = BUILT_PRODUCTS_DIR; };
		C9F1BABC1CC5024300A255E9 /* CwlUtils_iOSHarnessUITests.swift */ = {isa = PBXFileReference; lastKnownFileType = sourcecode.swift; path = CwlUtils_iOSHarnessUITests.swift; sourceTree = "<group>"; };
		C9F1BABE1CC5024300A255E9 /* Info.plist */ = {isa = PBXFileReference; lastKnownFileType = text.plist.xml; path = Info.plist; sourceTree = "<group>"; };
		C9F3E3361CAA254A006728F7 /* CwlOnDelete.swift */ = {isa = PBXFileReference; fileEncoding = 4; lastKnownFileType = sourcecode.swift; path = CwlOnDelete.swift; sourceTree = "<group>"; };
		C9F3E33F1CAA269C006728F7 /* CwlOnDeleteTests.swift */ = {isa = PBXFileReference; fileEncoding = 4; lastKnownFileType = sourcecode.swift; path = CwlOnDeleteTests.swift; sourceTree = "<group>"; };
		C9FD68971CF022530087ACC6 /* xoroshiro128plus.c */ = {isa = PBXFileReference; fileEncoding = 4; lastKnownFileType = sourcecode.c.c; path = xoroshiro128plus.c; sourceTree = "<group>"; };
/* End PBXFileReference section */

/* Begin PBXFrameworksBuildPhase section */
		C93E180F1C8166470009A053 /* Frameworks */ = {
			isa = PBXFrameworksBuildPhase;
			buildActionMask = 2147483647;
			files = (
			);
			runOnlyForDeploymentPostprocessing = 0;
		};
		C93E181A1C8166470009A053 /* Frameworks */ = {
			isa = PBXFrameworksBuildPhase;
			buildActionMask = 2147483647;
			files = (
				C93E181E1C8166470009A053 /* CwlUtils.framework in Frameworks */,
			);
			runOnlyForDeploymentPostprocessing = 0;
		};
		C93E182E1C81674F0009A053 /* Frameworks */ = {
			isa = PBXFrameworksBuildPhase;
			buildActionMask = 2147483647;
			files = (
			);
			runOnlyForDeploymentPostprocessing = 0;
		};
		C93E18381C81674F0009A053 /* Frameworks */ = {
			isa = PBXFrameworksBuildPhase;
			buildActionMask = 2147483647;
			files = (
				C93E183C1C81674F0009A053 /* CwlUtils.framework in Frameworks */,
			);
			runOnlyForDeploymentPostprocessing = 0;
		};
		C9E6C6061CBF6D03007B3F24 /* Frameworks */ = {
			isa = PBXFrameworksBuildPhase;
			buildActionMask = 2147483647;
			files = (
			);
			runOnlyForDeploymentPostprocessing = 0;
		};
		C9E6C6141CBF6D03007B3F24 /* Frameworks */ = {
			isa = PBXFrameworksBuildPhase;
			buildActionMask = 2147483647;
			files = (
			);
			runOnlyForDeploymentPostprocessing = 0;
		};
		C9F1BAA21CC5024300A255E9 /* Frameworks */ = {
			isa = PBXFrameworksBuildPhase;
			buildActionMask = 2147483647;
			files = (
			);
			runOnlyForDeploymentPostprocessing = 0;
		};
		C9F1BAB51CC5024300A255E9 /* Frameworks */ = {
			isa = PBXFrameworksBuildPhase;
			buildActionMask = 2147483647;
			files = (
			);
			runOnlyForDeploymentPostprocessing = 0;
		};
/* End PBXFrameworksBuildPhase section */

/* Begin PBXGroup section */
		C93E18091C8166470009A053 = {
			isa = PBXGroup;
			children = (
				C93E18151C8166470009A053 /* CwlUtils */,
				C93E18211C8166470009A053 /* CwlUtilsTests */,
				C9E6C60A1CBF6D03007B3F24 /* CwlUtils_macOSHarness */,
				C9E6C61A1CBF6D03007B3F24 /* CwlUtils_macOSHarnessUITests */,
				C9F1BAA61CC5024300A255E9 /* CwlUtils_iOSHarness */,
				C9F1BABB1CC5024300A255E9 /* CwlUtils_iOSHarnessUITests */,
				C93E18141C8166470009A053 /* Products */,
			);
			sourceTree = "<group>";
		};
		C93E18141C8166470009A053 /* Products */ = {
			isa = PBXGroup;
			children = (
				C93E18131C8166470009A053 /* CwlUtils.framework */,
				C93E181D1C8166470009A053 /* CwlUtils_macOSTests.xctest */,
				C93E18321C81674F0009A053 /* CwlUtils.framework */,
				C93E183B1C81674F0009A053 /* CwlUtils_iOSTests.xctest */,
				C9E6C6091CBF6D03007B3F24 /* CwlUtils_macOSHarness.app */,
				C9E6C6171CBF6D03007B3F24 /* CwlUtils_macOSHarnessUITests.xctest */,
				C9F1BAA51CC5024300A255E9 /* CwlUtils_iOSHarness.app */,
				C9F1BAB81CC5024300A255E9 /* CwlUtils_iOSHarnessUITests.xctest */,
			);
			name = Products;
			sourceTree = "<group>";
		};
		C93E18151C8166470009A053 /* CwlUtils */ = {
			isa = PBXGroup;
			children = (
				C93E18571C8179720009A053 /* Supporting Files */,
				C93E18641C81EFD40009A053 /* CwlAddressInfo.swift */,
				C926A17C1DBB1C5300E4D6D0 /* CwlCollection.swift */,
				C9B7C4D01DB852A20093C97A /* CwlDebugContext.swift */,
				C99AD6491DCEA1EC00B9E235 /* CwlDeferredWork.swift */,
				C9E7F0261D93F49E0039680B /* CwlDeque.swift */,
				C95416BA1D4B76AC00C30D49 /* CwlDispatch.swift */,
				C93CFB461DB08216008858ED /* CwlExec.swift */,
				C93E185E1C81BE120009A053 /* CwlFrameAddress.c */,
				C93E185F1C81BE120009A053 /* CwlFrameAddress.h */,
				C99AD67F1DCEC20F00B9E235 /* CwlKeyValueObserver.swift */,
				C9F193CC1D02970200EAC5BE /* CwlMutex.swift */,
				C9F3E3361CAA254A006728F7 /* CwlOnDelete.swift */,
				C9B6655E1CEAD9080006B927 /* CwlRandom.swift */,
				C9B3EF991D6F14B80058AE5E /* CwlResult.swift */,
				C9E055441CD8B42D001658AB /* CwlScalarScanner.swift */,
				C93E184E1C81794B0009A053 /* CwlStackFrame.swift */,
				C9C9AAEE1C8E7FB60019A126 /* CwlSysctl.swift */,
				C9E6C58F1CBE0455007B3F24 /* CwlUnanticipatedError.swift */,
				C99AD64E1DCEA32800B9E235 /* CwlWrappers.swift */,
			);
			path = CwlUtils;
			sourceTree = "<group>";
		};
		C93E18211C8166470009A053 /* CwlUtilsTests */ = {
			isa = PBXGroup;
			children = (
				C99AD6541DCEB07600B9E235 /* CwlPreconditionTesting.xcodeproj */,
				C93E185D1C8179C40009A053 /* Supporting Files */,
				C93E18671C82B6480009A053 /* CwlAddressInfoTests.swift */,
				C926A17F1DBB1CB500E4D6D0 /* CwlCollectionTests.swift */,
				C9B7C4D31DB852C10093C97A /* CwlDebugContextTests.swift */,
				C99AD6751DCEB4A100B9E235 /* CwlDeferredWorkTests.swift */,
				C9E7F0291D93F4C10039680B /* CwlDequeTests.swift */,
				C9716DEB1D4CDF9E00E90C18 /* CwlDispatchTests.swift */,
				C93CFB4A1DB08EB6008858ED /* CwlExecTests.swift */,
				C99AD68A1DCEC21C00B9E235 /* CwlKeyValueObserverTests.swift */,
				C9F193C61D0296E400EAC5BE /* CwlMutexTests.swift */,
				C9F3E33F1CAA269C006728F7 /* CwlOnDeleteTests.swift */,
				C977AA5C1CEC0D0900FC748D /* CwlRandomTests.swift */,
				C9B3EF9C1D6F14F40058AE5E /* CwlResultTests.swift */,
				C9E055471CD8B44C001658AB /* CwlScalarScannerTests.swift */,
				C93E18591C8179B40009A053 /* CwlStackFrameTests.swift */,
				C9C9AAF11C8E7FD00019A126 /* CwlSysctlTests.swift */,
				C9E6C5911CBE045F007B3F24 /* CwlUnanticipatedErrorTests.swift */,
				C99AD6511DCEAF6000B9E235 /* CwlWrapperTests.swift */,
				C9AC2C8A1D1288600034650A /* PerformanceTests */,
				C9FB03081CF42A9D00AD7E79 /* Reference Random Generators */,
			);
			path = CwlUtilsTests;
			sourceTree = "<group>";
		};
		C93E18571C8179720009A053 /* Supporting Files */ = {
			isa = PBXGroup;
			children = (
				C93E18161C8166470009A053 /* CwlUtils.h */,
				C93E18181C8166470009A053 /* Info.plist */,
			);
			name = "Supporting Files";
			sourceTree = "<group>";
		};
		C93E185D1C8179C40009A053 /* Supporting Files */ = {
			isa = PBXGroup;
			children = (
				C93B5BB71CED95C5002D91D1 /* CwlUtilsTests-BridgingHeader.h */,
				C93E18241C8166470009A053 /* Info.plist */,
			);
			name = "Supporting Files";
			sourceTree = "<group>";
		};
		C99AD6551DCEB07600B9E235 /* Products */ = {
			isa = PBXGroup;
			children = (
				C99AD6601DCEB07600B9E235 /* CwlPreconditionTesting.framework */,
				C99AD6621DCEB07600B9E235 /* CwlPreconditionTesting_macOSTests.xctest */,
				C99AD6641DCEB07600B9E235 /* CwlPreconditionTesting.framework */,
				C99AD6661DCEB07600B9E235 /* CwlPreconditionTesting_iOSTests.xctest */,
				C99AD6681DCEB07600B9E235 /* CwlPreconditionTesting.framework */,
				C99AD66A1DCEB07600B9E235 /* CwlPreconditionTesting_POSIXTests.xctest */,
				C99AD66C1DCEB07600B9E235 /* CwlPreconditionTesting.framework */,
				C99AD66E1DCEB07600B9E235 /* CwlPreconditionTesting_tvOSTests.xctest */,
			);
			name = Products;
			sourceTree = "<group>";
		};
		C9AC2C8A1D1288600034650A /* PerformanceTests */ = {
			isa = PBXGroup;
			children = (
				C9AC2C8E1D128B560034650A /* CwlMutexPerformanceTests.swift */,
				C9AC2C881D1287FE0034650A /* CwlRandomPerformanceTests.swift */,
			);
			name = PerformanceTests;
			sourceTree = "<group>";
		};
		C9E6C60A1CBF6D03007B3F24 /* CwlUtils_macOSHarness */ = {
			isa = PBXGroup;
			children = (
				C9E6C60B1CBF6D03007B3F24 /* AppDelegate.swift */,
				C9E6C60D1CBF6D03007B3F24 /* Assets.xcassets */,
				C9E6C60F1CBF6D03007B3F24 /* MainMenu.xib */,
				C9E6C6121CBF6D03007B3F24 /* Info.plist */,
			);
			path = CwlUtils_macOSHarness;
			sourceTree = "<group>";
		};
		C9E6C61A1CBF6D03007B3F24 /* CwlUtils_macOSHarnessUITests */ = {
			isa = PBXGroup;
			children = (
				C9E6C61B1CBF6D03007B3F24 /* CwlUtils_macOSHarnessUITests.swift */,
				C9E6C61D1CBF6D03007B3F24 /* Info.plist */,
			);
			path = CwlUtils_macOSHarnessUITests;
			sourceTree = "<group>";
		};
		C9F1BAA61CC5024300A255E9 /* CwlUtils_iOSHarness */ = {
			isa = PBXGroup;
			children = (
				C9F1BAA71CC5024300A255E9 /* AppDelegate.swift */,
				C9F1BAA91CC5024300A255E9 /* ViewController.swift */,
				C9F1BAAB1CC5024300A255E9 /* Main.storyboard */,
				C9F1BAAE1CC5024300A255E9 /* Assets.xcassets */,
				C9F1BAB01CC5024300A255E9 /* LaunchScreen.storyboard */,
				C9F1BAB31CC5024300A255E9 /* Info.plist */,
			);
			path = CwlUtils_iOSHarness;
			sourceTree = "<group>";
		};
		C9F1BABB1CC5024300A255E9 /* CwlUtils_iOSHarnessUITests */ = {
			isa = PBXGroup;
			children = (
				C9F1BABC1CC5024300A255E9 /* CwlUtils_iOSHarnessUITests.swift */,
				C9F1BABE1CC5024300A255E9 /* Info.plist */,
			);
			path = CwlUtils_iOSHarnessUITests;
			sourceTree = "<group>";
		};
		C9FB03081CF42A9D00AD7E79 /* Reference Random Generators */ = {
			isa = PBXGroup;
			children = (
				C93B5BB41CED95A5002D91D1 /* mt19937-64.c */,
				C9FD68971CF022530087ACC6 /* xoroshiro128plus.c */,
			);
			name = "Reference Random Generators";
			sourceTree = "<group>";
		};
/* End PBXGroup section */

/* Begin PBXHeadersBuildPhase section */
		C93E18101C8166470009A053 /* Headers */ = {
			isa = PBXHeadersBuildPhase;
			buildActionMask = 2147483647;
			files = (
				C93E18621C81BE120009A053 /* CwlFrameAddress.h in Headers */,
				C93E18171C8166470009A053 /* CwlUtils.h in Headers */,
			);
			runOnlyForDeploymentPostprocessing = 0;
		};
		C93E182F1C81674F0009A053 /* Headers */ = {
			isa = PBXHeadersBuildPhase;
			buildActionMask = 2147483647;
			files = (
				C93E18631C81BE120009A053 /* CwlFrameAddress.h in Headers */,
				C93E184B1C8172C30009A053 /* CwlUtils.h in Headers */,
			);
			runOnlyForDeploymentPostprocessing = 0;
		};
/* End PBXHeadersBuildPhase section */

/* Begin PBXNativeTarget section */
		C93E18121C8166470009A053 /* CwlUtils_macOS */ = {
			isa = PBXNativeTarget;
			buildConfigurationList = C93E18271C8166470009A053 /* Build configuration list for PBXNativeTarget "CwlUtils_macOS" */;
			buildPhases = (
				C93E180E1C8166470009A053 /* Sources */,
				C93E180F1C8166470009A053 /* Frameworks */,
				C93E18101C8166470009A053 /* Headers */,
				C93E18111C8166470009A053 /* Resources */,
			);
			buildRules = (
			);
			dependencies = (
			);
			name = CwlUtils_macOS;
			productName = CwlUtils;
			productReference = C93E18131C8166470009A053 /* CwlUtils.framework */;
			productType = "com.apple.product-type.framework";
		};
		C93E181C1C8166470009A053 /* CwlUtils_macOSTests */ = {
			isa = PBXNativeTarget;
			buildConfigurationList = C93E182A1C8166470009A053 /* Build configuration list for PBXNativeTarget "CwlUtils_macOSTests" */;
			buildPhases = (
				C93E18191C8166470009A053 /* Sources */,
				C93E181A1C8166470009A053 /* Frameworks */,
				C93E181B1C8166470009A053 /* Resources */,
				C99AD6711DCEB0E100B9E235 /* CopyFiles */,
			);
			buildRules = (
			);
			dependencies = (
				C93E18201C8166470009A053 /* PBXTargetDependency */,
			);
			name = CwlUtils_macOSTests;
			productName = CwlUtilsTests;
			productReference = C93E181D1C8166470009A053 /* CwlUtils_macOSTests.xctest */;
			productType = "com.apple.product-type.bundle.unit-test";
		};
		C93E18311C81674F0009A053 /* CwlUtils_iOS */ = {
			isa = PBXNativeTarget;
			buildConfigurationList = C93E18431C81674F0009A053 /* Build configuration list for PBXNativeTarget "CwlUtils_iOS" */;
			buildPhases = (
				C93E182D1C81674F0009A053 /* Sources */,
				C93E182E1C81674F0009A053 /* Frameworks */,
				C93E182F1C81674F0009A053 /* Headers */,
				C93E18301C81674F0009A053 /* Resources */,
			);
			buildRules = (
			);
			dependencies = (
			);
			name = CwlUtils_iOS;
			productName = CwlUtils_iOS;
			productReference = C93E18321C81674F0009A053 /* CwlUtils.framework */;
			productType = "com.apple.product-type.framework";
		};
		C93E183A1C81674F0009A053 /* CwlUtils_iOSTests */ = {
			isa = PBXNativeTarget;
			buildConfigurationList = C93E18461C81674F0009A053 /* Build configuration list for PBXNativeTarget "CwlUtils_iOSTests" */;
			buildPhases = (
				C93E18371C81674F0009A053 /* Sources */,
				C93E18381C81674F0009A053 /* Frameworks */,
				C93E18391C81674F0009A053 /* Resources */,
				C99AD6731DCEB43F00B9E235 /* CopyFiles */,
			);
			buildRules = (
			);
			dependencies = (
				C93E183E1C81674F0009A053 /* PBXTargetDependency */,
			);
			name = CwlUtils_iOSTests;
			productName = CwlUtils_iOSTests;
			productReference = C93E183B1C81674F0009A053 /* CwlUtils_iOSTests.xctest */;
			productType = "com.apple.product-type.bundle.unit-test";
		};
		C9E6C6081CBF6D03007B3F24 /* CwlUtils_macOSHarness */ = {
			isa = PBXNativeTarget;
			buildConfigurationList = C9E6C61E1CBF6D03007B3F24 /* Build configuration list for PBXNativeTarget "CwlUtils_macOSHarness" */;
			buildPhases = (
				C9E6C6051CBF6D03007B3F24 /* Sources */,
				C9E6C6061CBF6D03007B3F24 /* Frameworks */,
				C9E6C6071CBF6D03007B3F24 /* Resources */,
				C9F1BACD1CC5097100A255E9 /* CopyFiles */,
			);
			buildRules = (
			);
			dependencies = (
			);
			name = CwlUtils_macOSHarness;
			productName = CwlUtils_macOSHarness;
			productReference = C9E6C6091CBF6D03007B3F24 /* CwlUtils_macOSHarness.app */;
			productType = "com.apple.product-type.application";
		};
		C9E6C6161CBF6D03007B3F24 /* CwlUtils_macOSHarnessUITests */ = {
			isa = PBXNativeTarget;
			buildConfigurationList = C9E6C6211CBF6D03007B3F24 /* Build configuration list for PBXNativeTarget "CwlUtils_macOSHarnessUITests" */;
			buildPhases = (
				C9E6C6131CBF6D03007B3F24 /* Sources */,
				C9E6C6141CBF6D03007B3F24 /* Frameworks */,
				C9E6C6151CBF6D03007B3F24 /* Resources */,
			);
			buildRules = (
			);
			dependencies = (
				C9E6C6191CBF6D03007B3F24 /* PBXTargetDependency */,
			);
			name = CwlUtils_macOSHarnessUITests;
			productName = CwlUtils_macOSHarnessUITests;
			productReference = C9E6C6171CBF6D03007B3F24 /* CwlUtils_macOSHarnessUITests.xctest */;
			productType = "com.apple.product-type.bundle.ui-testing";
		};
		C9F1BAA41CC5024300A255E9 /* CwlUtils_iOSHarness */ = {
			isa = PBXNativeTarget;
			buildConfigurationList = C9F1BAC31CC5024300A255E9 /* Build configuration list for PBXNativeTarget "CwlUtils_iOSHarness" */;
			buildPhases = (
				C9F1BAA11CC5024300A255E9 /* Sources */,
				C9F1BAA21CC5024300A255E9 /* Frameworks */,
				C9F1BAA31CC5024300A255E9 /* Resources */,
				C9F1BACB1CC5094D00A255E9 /* CopyFiles */,
			);
			buildRules = (
			);
			dependencies = (
			);
			name = CwlUtils_iOSHarness;
			productName = CwlUtils_iOSHarness;
			productReference = C9F1BAA51CC5024300A255E9 /* CwlUtils_iOSHarness.app */;
			productType = "com.apple.product-type.application";
		};
		C9F1BAB71CC5024300A255E9 /* CwlUtils_iOSHarnessUITests */ = {
			isa = PBXNativeTarget;
			buildConfigurationList = C9F1BAC41CC5024300A255E9 /* Build configuration list for PBXNativeTarget "CwlUtils_iOSHarnessUITests" */;
			buildPhases = (
				C9F1BAB41CC5024300A255E9 /* Sources */,
				C9F1BAB51CC5024300A255E9 /* Frameworks */,
				C9F1BAB61CC5024300A255E9 /* Resources */,
			);
			buildRules = (
			);
			dependencies = (
				C9F1BABA1CC5024300A255E9 /* PBXTargetDependency */,
			);
			name = CwlUtils_iOSHarnessUITests;
			productName = CwlUtils_iOSHarnessUITests;
			productReference = C9F1BAB81CC5024300A255E9 /* CwlUtils_iOSHarnessUITests.xctest */;
			productType = "com.apple.product-type.bundle.ui-testing";
		};
/* End PBXNativeTarget section */

/* Begin PBXProject section */
		C93E180A1C8166470009A053 /* Project object */ = {
			isa = PBXProject;
			attributes = {
				LastSwiftUpdateCheck = 0730;
				LastUpgradeCheck = 0810;
				ORGANIZATIONNAME = "Matt Gallagher ( http://cocoawithlove.com )";
				TargetAttributes = {
					C93E18121C8166470009A053 = {
						CreatedOnToolsVersion = 7.2.1;
					};
					C93E181C1C8166470009A053 = {
						CreatedOnToolsVersion = 7.2.1;
					};
					C93E18311C81674F0009A053 = {
						CreatedOnToolsVersion = 7.2.1;
					};
					C93E183A1C81674F0009A053 = {
						CreatedOnToolsVersion = 7.2.1;
					};
					C9E6C6081CBF6D03007B3F24 = {
						CreatedOnToolsVersion = 7.3;
					};
					C9E6C6161CBF6D03007B3F24 = {
						CreatedOnToolsVersion = 7.3;
						TestTargetID = C9E6C6081CBF6D03007B3F24;
					};
					C9F1BAA41CC5024300A255E9 = {
						CreatedOnToolsVersion = 7.3;
					};
					C9F1BAB71CC5024300A255E9 = {
						CreatedOnToolsVersion = 7.3;
						TestTargetID = C9F1BAA41CC5024300A255E9;
					};
				};
			};
			buildConfigurationList = C93E180D1C8166470009A053 /* Build configuration list for PBXProject "CwlUtils" */;
			compatibilityVersion = "Xcode 6.3";
			developmentRegion = English;
			hasScannedForEncodings = 0;
			knownRegions = (
				en,
				Base,
			);
			mainGroup = C93E18091C8166470009A053;
			productRefGroup = C93E18141C8166470009A053 /* Products */;
			projectDirPath = "";
			projectReferences = (
				{
					ProductGroup = C99AD6551DCEB07600B9E235 /* Products */;
					ProjectRef = C99AD6541DCEB07600B9E235 /* CwlPreconditionTesting.xcodeproj */;
				},
			);
			projectRoot = "";
			targets = (
				C93E18121C8166470009A053 /* CwlUtils_macOS */,
				C93E181C1C8166470009A053 /* CwlUtils_macOSTests */,
				C93E18311C81674F0009A053 /* CwlUtils_iOS */,
				C93E183A1C81674F0009A053 /* CwlUtils_iOSTests */,
				C9E6C6081CBF6D03007B3F24 /* CwlUtils_macOSHarness */,
				C9E6C6161CBF6D03007B3F24 /* CwlUtils_macOSHarnessUITests */,
				C9F1BAA41CC5024300A255E9 /* CwlUtils_iOSHarness */,
				C9F1BAB71CC5024300A255E9 /* CwlUtils_iOSHarnessUITests */,
			);
		};
/* End PBXProject section */

/* Begin PBXReferenceProxy section */
		C99AD6601DCEB07600B9E235 /* CwlPreconditionTesting.framework */ = {
			isa = PBXReferenceProxy;
			fileType = wrapper.framework;
			path = CwlPreconditionTesting.framework;
			remoteRef = C99AD65F1DCEB07600B9E235 /* PBXContainerItemProxy */;
			sourceTree = BUILT_PRODUCTS_DIR;
		};
		C99AD6621DCEB07600B9E235 /* CwlPreconditionTesting_macOSTests.xctest */ = {
			isa = PBXReferenceProxy;
			fileType = wrapper.cfbundle;
			path = CwlPreconditionTesting_macOSTests.xctest;
			remoteRef = C99AD6611DCEB07600B9E235 /* PBXContainerItemProxy */;
			sourceTree = BUILT_PRODUCTS_DIR;
		};
		C99AD6641DCEB07600B9E235 /* CwlPreconditionTesting.framework */ = {
			isa = PBXReferenceProxy;
			fileType = wrapper.framework;
			path = CwlPreconditionTesting.framework;
			remoteRef = C99AD6631DCEB07600B9E235 /* PBXContainerItemProxy */;
			sourceTree = BUILT_PRODUCTS_DIR;
		};
		C99AD6661DCEB07600B9E235 /* CwlPreconditionTesting_iOSTests.xctest */ = {
			isa = PBXReferenceProxy;
			fileType = wrapper.cfbundle;
			path = CwlPreconditionTesting_iOSTests.xctest;
			remoteRef = C99AD6651DCEB07600B9E235 /* PBXContainerItemProxy */;
			sourceTree = BUILT_PRODUCTS_DIR;
		};
		C99AD6681DCEB07600B9E235 /* CwlPreconditionTesting.framework */ = {
			isa = PBXReferenceProxy;
			fileType = wrapper.framework;
			path = CwlPreconditionTesting.framework;
			remoteRef = C99AD6671DCEB07600B9E235 /* PBXContainerItemProxy */;
			sourceTree = BUILT_PRODUCTS_DIR;
		};
		C99AD66A1DCEB07600B9E235 /* CwlPreconditionTesting_POSIXTests.xctest */ = {
			isa = PBXReferenceProxy;
			fileType = wrapper.cfbundle;
			path = CwlPreconditionTesting_POSIXTests.xctest;
			remoteRef = C99AD6691DCEB07600B9E235 /* PBXContainerItemProxy */;
			sourceTree = BUILT_PRODUCTS_DIR;
		};
		C99AD66C1DCEB07600B9E235 /* CwlPreconditionTesting.framework */ = {
			isa = PBXReferenceProxy;
			fileType = wrapper.framework;
			path = CwlPreconditionTesting.framework;
			remoteRef = C99AD66B1DCEB07600B9E235 /* PBXContainerItemProxy */;
			sourceTree = BUILT_PRODUCTS_DIR;
		};
		C99AD66E1DCEB07600B9E235 /* CwlPreconditionTesting_tvOSTests.xctest */ = {
			isa = PBXReferenceProxy;
			fileType = wrapper.cfbundle;
			path = CwlPreconditionTesting_tvOSTests.xctest;
			remoteRef = C99AD66D1DCEB07600B9E235 /* PBXContainerItemProxy */;
			sourceTree = BUILT_PRODUCTS_DIR;
		};
/* End PBXReferenceProxy section */

/* Begin PBXResourcesBuildPhase section */
		C93E18111C8166470009A053 /* Resources */ = {
			isa = PBXResourcesBuildPhase;
			buildActionMask = 2147483647;
			files = (
			);
			runOnlyForDeploymentPostprocessing = 0;
		};
		C93E181B1C8166470009A053 /* Resources */ = {
			isa = PBXResourcesBuildPhase;
			buildActionMask = 2147483647;
			files = (
			);
			runOnlyForDeploymentPostprocessing = 0;
		};
		C93E18301C81674F0009A053 /* Resources */ = {
			isa = PBXResourcesBuildPhase;
			buildActionMask = 2147483647;
			files = (
			);
			runOnlyForDeploymentPostprocessing = 0;
		};
		C93E18391C81674F0009A053 /* Resources */ = {
			isa = PBXResourcesBuildPhase;
			buildActionMask = 2147483647;
			files = (
			);
			runOnlyForDeploymentPostprocessing = 0;
		};
		C9E6C6071CBF6D03007B3F24 /* Resources */ = {
			isa = PBXResourcesBuildPhase;
			buildActionMask = 2147483647;
			files = (
				C9E6C60E1CBF6D03007B3F24 /* Assets.xcassets in Resources */,
				C9E6C6111CBF6D03007B3F24 /* MainMenu.xib in Resources */,
			);
			runOnlyForDeploymentPostprocessing = 0;
		};
		C9E6C6151CBF6D03007B3F24 /* Resources */ = {
			isa = PBXResourcesBuildPhase;
			buildActionMask = 2147483647;
			files = (
			);
			runOnlyForDeploymentPostprocessing = 0;
		};
		C9F1BAA31CC5024300A255E9 /* Resources */ = {
			isa = PBXResourcesBuildPhase;
			buildActionMask = 2147483647;
			files = (
				C9F1BAB21CC5024300A255E9 /* LaunchScreen.storyboard in Resources */,
				C9F1BAAF1CC5024300A255E9 /* Assets.xcassets in Resources */,
				C9F1BAAD1CC5024300A255E9 /* Main.storyboard in Resources */,
			);
			runOnlyForDeploymentPostprocessing = 0;
		};
		C9F1BAB61CC5024300A255E9 /* Resources */ = {
			isa = PBXResourcesBuildPhase;
			buildActionMask = 2147483647;
			files = (
			);
			runOnlyForDeploymentPostprocessing = 0;
		};
/* End PBXResourcesBuildPhase section */

/* Begin PBXSourcesBuildPhase section */
		C93E180E1C8166470009A053 /* Sources */ = {
			isa = PBXSourcesBuildPhase;
			buildActionMask = 2147483647;
			files = (
				C9E055451CD8B42D001658AB /* CwlScalarScanner.swift in Sources */,
				C9B7C4D11DB852A20093C97A /* CwlDebugContext.swift in Sources */,
				C93CFB471DB08216008858ED /* CwlExec.swift in Sources */,
				C9F3E3371CAA254A006728F7 /* CwlOnDelete.swift in Sources */,
				C95416BB1D4B76AC00C30D49 /* CwlDispatch.swift in Sources */,
				C9D2EAAD1D8AFF7300D25919 /* CwlRandom.swift in Sources */,
				C93E18651C81EFD40009A053 /* CwlAddressInfo.swift in Sources */,
				C9C9AAEF1C8E7FB60019A126 /* CwlSysctl.swift in Sources */,
				C91A74281D9685620031DB57 /* CwlDeque.swift in Sources */,
				C99AD6801DCEC20F00B9E235 /* CwlKeyValueObserver.swift in Sources */,
				C99AD64A1DCEA1EC00B9E235 /* CwlDeferredWork.swift in Sources */,
				C99AD64F1DCEA32800B9E235 /* CwlWrappers.swift in Sources */,
				C93E18601C81BE120009A053 /* CwlFrameAddress.c in Sources */,
				C926A17D1DBB1C5300E4D6D0 /* CwlCollection.swift in Sources */,
				C93E18501C81794B0009A053 /* CwlStackFrame.swift in Sources */,
				C93AF16F1DED38BE00C10CD4 /* CwlUnanticipatedError.swift in Sources */,
				C9F193CD1D02970200EAC5BE /* CwlMutex.swift in Sources */,
				C9B3EF9A1D6F14B80058AE5E /* CwlResult.swift in Sources */,
			);
			runOnlyForDeploymentPostprocessing = 0;
		};
		C93E18191C8166470009A053 /* Sources */ = {
			isa = PBXSourcesBuildPhase;
			buildActionMask = 2147483647;
			files = (
				C93E185B1C8179B80009A053 /* CwlStackFrameTests.swift in Sources */,
				C9F3E3401CAA269C006728F7 /* CwlOnDeleteTests.swift in Sources */,
				C93E18681C82B6480009A053 /* CwlAddressInfoTests.swift in Sources */,
				C9E7F02A1D93F4C10039680B /* CwlDequeTests.swift in Sources */,
				C9F193C71D0296E400EAC5BE /* CwlMutexTests.swift in Sources */,
				C93CFB4B1DB08EB6008858ED /* CwlExecTests.swift in Sources */,
				C93B5BB51CED95A5002D91D1 /* mt19937-64.c in Sources */,
				C9B3EF9D1D6F14F40058AE5E /* CwlResultTests.swift in Sources */,
				C9E055481CD8B44C001658AB /* CwlScalarScannerTests.swift in Sources */,
				C9B7C4D41DB852C10093C97A /* CwlDebugContextTests.swift in Sources */,
				C99AD68B1DCEC21C00B9E235 /* CwlKeyValueObserverTests.swift in Sources */,
				C99AD6521DCEAF6000B9E235 /* CwlWrapperTests.swift in Sources */,
				C977AA5D1CEC0D0900FC748D /* CwlRandomTests.swift in Sources */,
				C9C9AAF21C8E7FD00019A126 /* CwlSysctlTests.swift in Sources */,
				C9FD68981CF022530087ACC6 /* xoroshiro128plus.c in Sources */,
				C99AD6761DCEB4A100B9E235 /* CwlDeferredWorkTests.swift in Sources */,
				C9716DEC1D4CDF9E00E90C18 /* CwlDispatchTests.swift in Sources */,
				C9E6C5931CBE0467007B3F24 /* CwlUnanticipatedErrorTests.swift in Sources */,
				C926A1801DBB1CB500E4D6D0 /* CwlCollectionTests.swift in Sources */,
			);
			runOnlyForDeploymentPostprocessing = 0;
		};
		C93E182D1C81674F0009A053 /* Sources */ = {
			isa = PBXSourcesBuildPhase;
			buildActionMask = 2147483647;
			files = (
				C9E055461CD8B42D001658AB /* CwlScalarScanner.swift in Sources */,
				C9B7C4D21DB852A20093C97A /* CwlDebugContext.swift in Sources */,
				C93CFB481DB08216008858ED /* CwlExec.swift in Sources */,
				C9FB03061CF4289C00AD7E79 /* CwlRandom.swift in Sources */,
				C9F3E3381CAA254A006728F7 /* CwlOnDelete.swift in Sources */,
				C95416BC1D4B76AC00C30D49 /* CwlDispatch.swift in Sources */,
				C93E18661C81EFD40009A053 /* CwlAddressInfo.swift in Sources */,
				C9C9AAF01C8E7FB60019A126 /* CwlSysctl.swift in Sources */,
				C9E7F0281D93F49E0039680B /* CwlDeque.swift in Sources */,
				C99AD6811DCEC20F00B9E235 /* CwlKeyValueObserver.swift in Sources */,
				C99AD64B1DCEA1EC00B9E235 /* CwlDeferredWork.swift in Sources */,
				C99AD6501DCEA32800B9E235 /* CwlWrappers.swift in Sources */,
				C93E18511C8179530009A053 /* CwlStackFrame.swift in Sources */,
				C926A17E1DBB1C5300E4D6D0 /* CwlCollection.swift in Sources */,
				C93E18611C81BE120009A053 /* CwlFrameAddress.c in Sources */,
				C93AF1661DED38BD00C10CD4 /* CwlUnanticipatedError.swift in Sources */,
				C9F193CE1D02970200EAC5BE /* CwlMutex.swift in Sources */,
				C9B3EF9B1D6F14B80058AE5E /* CwlResult.swift in Sources */,
			);
			runOnlyForDeploymentPostprocessing = 0;
		};
		C93E18371C81674F0009A053 /* Sources */ = {
			isa = PBXSourcesBuildPhase;
			buildActionMask = 2147483647;
			files = (
				C93E185C1C8179B90009A053 /* CwlStackFrameTests.swift in Sources */,
				C9F3E3411CAA269C006728F7 /* CwlOnDeleteTests.swift in Sources */,
				C93E18691C82B6480009A053 /* CwlAddressInfoTests.swift in Sources */,
				C9E7F02B1D93F4C10039680B /* CwlDequeTests.swift in Sources */,
				C9B3EF9E1D6F14F40058AE5E /* CwlResultTests.swift in Sources */,
				C93CFB4C1DB08EB6008858ED /* CwlExecTests.swift in Sources */,
				C9716DED1D4CDF9E00E90C18 /* CwlDispatchTests.swift in Sources */,
				C9F193C81D0296E400EAC5BE /* CwlMutexTests.swift in Sources */,
				C93B5BB61CED95A5002D91D1 /* mt19937-64.c in Sources */,
				C9B7C4D51DB852C10093C97A /* CwlDebugContextTests.swift in Sources */,
				C99AD68C1DCEC21C00B9E235 /* CwlKeyValueObserverTests.swift in Sources */,
				C99AD6531DCEAF6000B9E235 /* CwlWrapperTests.swift in Sources */,
				C9E055491CD8B44C001658AB /* CwlScalarScannerTests.swift in Sources */,
				C977AA5E1CEC0D0900FC748D /* CwlRandomTests.swift in Sources */,
				C9C9AAF31C8E7FD00019A126 /* CwlSysctlTests.swift in Sources */,
				C99AD6771DCEB4A100B9E235 /* CwlDeferredWorkTests.swift in Sources */,
				C9FD68991CF022530087ACC6 /* xoroshiro128plus.c in Sources */,
				C9E6C5941CBE0468007B3F24 /* CwlUnanticipatedErrorTests.swift in Sources */,
				C926A1811DBB1CB500E4D6D0 /* CwlCollectionTests.swift in Sources */,
			);
			runOnlyForDeploymentPostprocessing = 0;
		};
		C9E6C6051CBF6D03007B3F24 /* Sources */ = {
			isa = PBXSourcesBuildPhase;
			buildActionMask = 2147483647;
			files = (
				C9E6C60C1CBF6D03007B3F24 /* AppDelegate.swift in Sources */,
			);
			runOnlyForDeploymentPostprocessing = 0;
		};
		C9E6C6131CBF6D03007B3F24 /* Sources */ = {
			isa = PBXSourcesBuildPhase;
			buildActionMask = 2147483647;
			files = (
				C9E6C61C1CBF6D03007B3F24 /* CwlUtils_macOSHarnessUITests.swift in Sources */,
			);
			runOnlyForDeploymentPostprocessing = 0;
		};
		C9F1BAA11CC5024300A255E9 /* Sources */ = {
			isa = PBXSourcesBuildPhase;
			buildActionMask = 2147483647;
			files = (
				C9F1BAAA1CC5024300A255E9 /* ViewController.swift in Sources */,
				C9F1BAA81CC5024300A255E9 /* AppDelegate.swift in Sources */,
			);
			runOnlyForDeploymentPostprocessing = 0;
		};
		C9F1BAB41CC5024300A255E9 /* Sources */ = {
			isa = PBXSourcesBuildPhase;
			buildActionMask = 2147483647;
			files = (
				C9F1BABD1CC5024300A255E9 /* CwlUtils_iOSHarnessUITests.swift in Sources */,
			);
			runOnlyForDeploymentPostprocessing = 0;
		};
/* End PBXSourcesBuildPhase section */

/* Begin PBXTargetDependency section */
		C93E18201C8166470009A053 /* PBXTargetDependency */ = {
			isa = PBXTargetDependency;
			target = C93E18121C8166470009A053 /* CwlUtils_macOS */;
			targetProxy = C93E181F1C8166470009A053 /* PBXContainerItemProxy */;
		};
		C93E183E1C81674F0009A053 /* PBXTargetDependency */ = {
			isa = PBXTargetDependency;
			target = C93E18311C81674F0009A053 /* CwlUtils_iOS */;
			targetProxy = C93E183D1C81674F0009A053 /* PBXContainerItemProxy */;
		};
		C9E6C6191CBF6D03007B3F24 /* PBXTargetDependency */ = {
			isa = PBXTargetDependency;
			target = C9E6C6081CBF6D03007B3F24 /* CwlUtils_macOSHarness */;
			targetProxy = C9E6C6181CBF6D03007B3F24 /* PBXContainerItemProxy */;
		};
		C9F1BABA1CC5024300A255E9 /* PBXTargetDependency */ = {
			isa = PBXTargetDependency;
			target = C9F1BAA41CC5024300A255E9 /* CwlUtils_iOSHarness */;
			targetProxy = C9F1BAB91CC5024300A255E9 /* PBXContainerItemProxy */;
		};
/* End PBXTargetDependency section */

/* Begin PBXVariantGroup section */
		C9E6C60F1CBF6D03007B3F24 /* MainMenu.xib */ = {
			isa = PBXVariantGroup;
			children = (
				C9E6C6101CBF6D03007B3F24 /* Base */,
			);
			name = MainMenu.xib;
			sourceTree = "<group>";
		};
		C9F1BAAB1CC5024300A255E9 /* Main.storyboard */ = {
			isa = PBXVariantGroup;
			children = (
				C9F1BAAC1CC5024300A255E9 /* Base */,
			);
			name = Main.storyboard;
			sourceTree = "<group>";
		};
		C9F1BAB01CC5024300A255E9 /* LaunchScreen.storyboard */ = {
			isa = PBXVariantGroup;
			children = (
				C9F1BAB11CC5024300A255E9 /* Base */,
			);
			name = LaunchScreen.storyboard;
			sourceTree = "<group>";
		};
/* End PBXVariantGroup section */

/* Begin XCBuildConfiguration section */
		C93E18251C8166470009A053 /* Debug */ = {
			isa = XCBuildConfiguration;
			buildSettings = {
				ALWAYS_SEARCH_USER_PATHS = NO;
				CLANG_CXX_LANGUAGE_STANDARD = "gnu++0x";
				CLANG_CXX_LIBRARY = "libc++";
				CLANG_ENABLE_MODULES = YES;
				CLANG_ENABLE_OBJC_ARC = YES;
				CLANG_WARN_BOOL_CONVERSION = YES;
				CLANG_WARN_CONSTANT_CONVERSION = YES;
				CLANG_WARN_DIRECT_OBJC_ISA_USAGE = YES_ERROR;
				CLANG_WARN_EMPTY_BODY = YES;
				CLANG_WARN_ENUM_CONVERSION = YES;
				CLANG_WARN_INFINITE_RECURSION = YES;
				CLANG_WARN_INT_CONVERSION = YES;
				CLANG_WARN_OBJC_ROOT_CLASS = YES_ERROR;
				CLANG_WARN_SUSPICIOUS_MOVE = YES;
				CLANG_WARN_UNREACHABLE_CODE = YES;
				CLANG_WARN__DUPLICATE_METHOD_MATCH = YES;
				COPY_PHASE_STRIP = NO;
				CURRENT_PROJECT_VERSION = 1;
				DEBUG_INFORMATION_FORMAT = dwarf;
				ENABLE_STRICT_OBJC_MSGSEND = YES;
				ENABLE_TESTABILITY = YES;
				GCC_C_LANGUAGE_STANDARD = gnu99;
				GCC_DYNAMIC_NO_PIC = NO;
				GCC_NO_COMMON_BLOCKS = YES;
				GCC_OPTIMIZATION_LEVEL = 0;
				GCC_PREPROCESSOR_DEFINITIONS = (
					"DEBUG=1",
					"$(inherited)",
				);
				GCC_WARN_64_TO_32_BIT_CONVERSION = YES;
				GCC_WARN_ABOUT_RETURN_TYPE = YES_ERROR;
				GCC_WARN_UNDECLARED_SELECTOR = YES;
				GCC_WARN_UNINITIALIZED_AUTOS = YES_AGGRESSIVE;
				GCC_WARN_UNUSED_FUNCTION = YES;
				GCC_WARN_UNUSED_VARIABLE = YES;
				MACOSX_DEPLOYMENT_TARGET = 10.11;
				MTL_ENABLE_DEBUG_INFO = YES;
				ONLY_ACTIVE_ARCH = YES;
				OTHER_SWIFT_FLAGS = "-DDEBUG";
				SDKROOT = macosx;
				SWIFT_OPTIMIZATION_LEVEL = "-Onone";
				SWIFT_VERSION = 3.0;
				VERSIONING_SYSTEM = "apple-generic";
				VERSION_INFO_PREFIX = "";
			};
			name = Debug;
		};
		C93E18261C8166470009A053 /* Release */ = {
			isa = XCBuildConfiguration;
			buildSettings = {
				ALWAYS_SEARCH_USER_PATHS = NO;
				CLANG_CXX_LANGUAGE_STANDARD = "gnu++0x";
				CLANG_CXX_LIBRARY = "libc++";
				CLANG_ENABLE_MODULES = YES;
				CLANG_ENABLE_OBJC_ARC = YES;
				CLANG_WARN_BOOL_CONVERSION = YES;
				CLANG_WARN_CONSTANT_CONVERSION = YES;
				CLANG_WARN_DIRECT_OBJC_ISA_USAGE = YES_ERROR;
				CLANG_WARN_EMPTY_BODY = YES;
				CLANG_WARN_ENUM_CONVERSION = YES;
				CLANG_WARN_INFINITE_RECURSION = YES;
				CLANG_WARN_INT_CONVERSION = YES;
				CLANG_WARN_OBJC_ROOT_CLASS = YES_ERROR;
				CLANG_WARN_SUSPICIOUS_MOVE = YES;
				CLANG_WARN_UNREACHABLE_CODE = YES;
				CLANG_WARN__DUPLICATE_METHOD_MATCH = YES;
				COPY_PHASE_STRIP = NO;
				CURRENT_PROJECT_VERSION = 1;
				DEBUG_INFORMATION_FORMAT = "dwarf-with-dsym";
				ENABLE_NS_ASSERTIONS = NO;
				ENABLE_STRICT_OBJC_MSGSEND = YES;
				GCC_C_LANGUAGE_STANDARD = gnu99;
				GCC_NO_COMMON_BLOCKS = YES;
				GCC_OPTIMIZATION_LEVEL = 3;
				GCC_WARN_64_TO_32_BIT_CONVERSION = YES;
				GCC_WARN_ABOUT_RETURN_TYPE = YES_ERROR;
				GCC_WARN_UNDECLARED_SELECTOR = YES;
				GCC_WARN_UNINITIALIZED_AUTOS = YES_AGGRESSIVE;
				GCC_WARN_UNUSED_FUNCTION = YES;
				GCC_WARN_UNUSED_VARIABLE = YES;
				MACOSX_DEPLOYMENT_TARGET = 10.11;
				MTL_ENABLE_DEBUG_INFO = NO;
				SDKROOT = macosx;
				SWIFT_OPTIMIZATION_LEVEL = "-Owholemodule";
				SWIFT_VERSION = 3.0;
				VERSIONING_SYSTEM = "apple-generic";
				VERSION_INFO_PREFIX = "";
			};
			name = Release;
		};
		C93E18281C8166470009A053 /* Debug */ = {
			isa = XCBuildConfiguration;
			buildSettings = {
				CLANG_ENABLE_MODULES = YES;
				COMBINE_HIDPI_IMAGES = YES;
				DEFINES_MODULE = YES;
				DYLIB_COMPATIBILITY_VERSION = 1;
				DYLIB_CURRENT_VERSION = 1;
				DYLIB_INSTALL_NAME_BASE = "@rpath";
				FRAMEWORK_VERSION = A;
				INFOPLIST_FILE = CwlUtils/Info.plist;
				INSTALL_PATH = "$(LOCAL_LIBRARY_DIR)/Frameworks";
				LD_RUNPATH_SEARCH_PATHS = "$(inherited) @executable_path/../Frameworks @loader_path/Frameworks";
				PRODUCT_BUNDLE_IDENTIFIER = com.cocoawithlove.CwlUtils;
				PRODUCT_NAME = CwlUtils;
				SKIP_INSTALL = YES;
			};
			name = Debug;
		};
		C93E18291C8166470009A053 /* Release */ = {
			isa = XCBuildConfiguration;
			buildSettings = {
				CLANG_ENABLE_MODULES = YES;
				COMBINE_HIDPI_IMAGES = YES;
				DEFINES_MODULE = YES;
				DYLIB_COMPATIBILITY_VERSION = 1;
				DYLIB_CURRENT_VERSION = 1;
				DYLIB_INSTALL_NAME_BASE = "@rpath";
				FRAMEWORK_VERSION = A;
				INFOPLIST_FILE = CwlUtils/Info.plist;
				INSTALL_PATH = "$(LOCAL_LIBRARY_DIR)/Frameworks";
				LD_RUNPATH_SEARCH_PATHS = "$(inherited) @executable_path/../Frameworks @loader_path/Frameworks";
				PRODUCT_BUNDLE_IDENTIFIER = com.cocoawithlove.CwlUtils;
				PRODUCT_NAME = CwlUtils;
				SKIP_INSTALL = YES;
			};
			name = Release;
		};
		C93E182B1C8166470009A053 /* Debug */ = {
			isa = XCBuildConfiguration;
			buildSettings = {
				CLANG_ENABLE_MODULES = YES;
				COMBINE_HIDPI_IMAGES = YES;
				INFOPLIST_FILE = CwlUtilsTests/Info.plist;
				LD_RUNPATH_SEARCH_PATHS = "$(inherited) @executable_path/../Frameworks @loader_path/../Frameworks";
				PRODUCT_BUNDLE_IDENTIFIER = com.cocoawithlove.CwlUtilsTests;
				PRODUCT_NAME = "$(TARGET_NAME)";
				SWIFT_OBJC_BRIDGING_HEADER = "CwlUtilsTests/CwlUtilsTests-BridgingHeader.h";
			};
			name = Debug;
		};
		C93E182C1C8166470009A053 /* Release */ = {
			isa = XCBuildConfiguration;
			buildSettings = {
				CLANG_ENABLE_MODULES = YES;
				COMBINE_HIDPI_IMAGES = YES;
				INFOPLIST_FILE = CwlUtilsTests/Info.plist;
				LD_RUNPATH_SEARCH_PATHS = "$(inherited) @executable_path/../Frameworks @loader_path/../Frameworks";
				PRODUCT_BUNDLE_IDENTIFIER = com.cocoawithlove.CwlUtilsTests;
				PRODUCT_NAME = "$(TARGET_NAME)";
				SWIFT_OBJC_BRIDGING_HEADER = "CwlUtilsTests/CwlUtilsTests-BridgingHeader.h";
			};
			name = Release;
		};
		C93E18441C81674F0009A053 /* Debug */ = {
			isa = XCBuildConfiguration;
			buildSettings = {
				CODE_SIGN_IDENTITY = "iPhone Developer";
				"CODE_SIGN_IDENTITY[sdk=iphoneos*]" = "";
				DEFINES_MODULE = YES;
				DYLIB_COMPATIBILITY_VERSION = 1;
				DYLIB_CURRENT_VERSION = 1;
				DYLIB_INSTALL_NAME_BASE = "@rpath";
				INFOPLIST_FILE = CwlUtils/Info.plist;
				INSTALL_PATH = "$(LOCAL_LIBRARY_DIR)/Frameworks";
				IPHONEOS_DEPLOYMENT_TARGET = 9.2;
				LD_RUNPATH_SEARCH_PATHS = "$(inherited) @executable_path/Frameworks @loader_path/Frameworks";
				PRODUCT_BUNDLE_IDENTIFIER = "com.cocoawithlove.CwlUtils-iOS";
				PRODUCT_NAME = CwlUtils;
				SDKROOT = iphoneos;
				SKIP_INSTALL = YES;
				TARGETED_DEVICE_FAMILY = "1,2";
			};
			name = Debug;
		};
		C93E18451C81674F0009A053 /* Release */ = {
			isa = XCBuildConfiguration;
			buildSettings = {
				CODE_SIGN_IDENTITY = "iPhone Developer";
				"CODE_SIGN_IDENTITY[sdk=iphoneos*]" = "";
				DEFINES_MODULE = YES;
				DYLIB_COMPATIBILITY_VERSION = 1;
				DYLIB_CURRENT_VERSION = 1;
				DYLIB_INSTALL_NAME_BASE = "@rpath";
				INFOPLIST_FILE = CwlUtils/Info.plist;
				INSTALL_PATH = "$(LOCAL_LIBRARY_DIR)/Frameworks";
				IPHONEOS_DEPLOYMENT_TARGET = 9.2;
				LD_RUNPATH_SEARCH_PATHS = "$(inherited) @executable_path/Frameworks @loader_path/Frameworks";
				PRODUCT_BUNDLE_IDENTIFIER = "com.cocoawithlove.CwlUtils-iOS";
				PRODUCT_NAME = CwlUtils;
				SDKROOT = iphoneos;
				SKIP_INSTALL = YES;
				TARGETED_DEVICE_FAMILY = "1,2";
				VALIDATE_PRODUCT = YES;
			};
			name = Release;
		};
		C93E18471C81674F0009A053 /* Debug */ = {
			isa = XCBuildConfiguration;
			buildSettings = {
				CLANG_ENABLE_MODULES = YES;
				"CODE_SIGN_IDENTITY[sdk=iphoneos*]" = "iPhone Developer";
				INFOPLIST_FILE = CwlUtilsTests/Info.plist;
				IPHONEOS_DEPLOYMENT_TARGET = 9.2;
				LD_RUNPATH_SEARCH_PATHS = "$(inherited) @executable_path/Frameworks @loader_path/Frameworks";
				PRODUCT_BUNDLE_IDENTIFIER = "com.cocoawithlove.CwlUtils-iOSTests";
				PRODUCT_NAME = "$(TARGET_NAME)";
				SDKROOT = iphoneos;
				SWIFT_OBJC_BRIDGING_HEADER = "CwlUtilsTests/CwlUtilsTests-BridgingHeader.h";
			};
			name = Debug;
		};
		C93E18481C81674F0009A053 /* Release */ = {
			isa = XCBuildConfiguration;
			buildSettings = {
				CLANG_ENABLE_MODULES = YES;
				"CODE_SIGN_IDENTITY[sdk=iphoneos*]" = "iPhone Developer";
				INFOPLIST_FILE = CwlUtilsTests/Info.plist;
				IPHONEOS_DEPLOYMENT_TARGET = 9.2;
				LD_RUNPATH_SEARCH_PATHS = "$(inherited) @executable_path/Frameworks @loader_path/Frameworks";
				PRODUCT_BUNDLE_IDENTIFIER = "com.cocoawithlove.CwlUtils-iOSTests";
				PRODUCT_NAME = "$(TARGET_NAME)";
				SDKROOT = iphoneos;
				SWIFT_OBJC_BRIDGING_HEADER = "CwlUtilsTests/CwlUtilsTests-BridgingHeader.h";
				SWIFT_OPTIMIZATION_LEVEL = "-Owholemodule";
				VALIDATE_PRODUCT = YES;
			};
			name = Release;
		};
		C9E6C61F1CBF6D03007B3F24 /* Debug */ = {
			isa = XCBuildConfiguration;
			buildSettings = {
				ASSETCATALOG_COMPILER_APPICON_NAME = AppIcon;
				CLANG_ANALYZER_NONNULL = YES;
				CODE_SIGN_IDENTITY = "-";
				COMBINE_HIDPI_IMAGES = YES;
				INFOPLIST_FILE = CwlUtils_macOSHarness/Info.plist;
				LD_RUNPATH_SEARCH_PATHS = "$(inherited) @executable_path/../Frameworks";
				PRODUCT_BUNDLE_IDENTIFIER = "com.cocoawithlove.CwlUtils-macOSHarness";
				PRODUCT_NAME = "$(TARGET_NAME)";
			};
			name = Debug;
		};
		C9E6C6201CBF6D03007B3F24 /* Release */ = {
			isa = XCBuildConfiguration;
			buildSettings = {
				ASSETCATALOG_COMPILER_APPICON_NAME = AppIcon;
				CLANG_ANALYZER_NONNULL = YES;
				CODE_SIGN_IDENTITY = "-";
				COMBINE_HIDPI_IMAGES = YES;
				INFOPLIST_FILE = CwlUtils_macOSHarness/Info.plist;
				LD_RUNPATH_SEARCH_PATHS = "$(inherited) @executable_path/../Frameworks";
				PRODUCT_BUNDLE_IDENTIFIER = "com.cocoawithlove.CwlUtils-macOSHarness";
				PRODUCT_NAME = "$(TARGET_NAME)";
			};
			name = Release;
		};
		C9E6C6221CBF6D03007B3F24 /* Debug */ = {
			isa = XCBuildConfiguration;
			buildSettings = {
				CLANG_ANALYZER_NONNULL = YES;
				CODE_SIGN_IDENTITY = "-";
				COMBINE_HIDPI_IMAGES = YES;
				INFOPLIST_FILE = CwlUtils_macOSHarnessUITests/Info.plist;
				LD_RUNPATH_SEARCH_PATHS = "$(inherited) @executable_path/../Frameworks @loader_path/../Frameworks";
				PRODUCT_BUNDLE_IDENTIFIER = "com.cocoawithlove.CwlUtils-macOSHarnessUITests";
				PRODUCT_NAME = "$(TARGET_NAME)";
				TEST_TARGET_NAME = CwlUtils_macOSHarness;
			};
			name = Debug;
		};
		C9E6C6231CBF6D03007B3F24 /* Release */ = {
			isa = XCBuildConfiguration;
			buildSettings = {
				CLANG_ANALYZER_NONNULL = YES;
				CODE_SIGN_IDENTITY = "-";
				COMBINE_HIDPI_IMAGES = YES;
				INFOPLIST_FILE = CwlUtils_macOSHarnessUITests/Info.plist;
				LD_RUNPATH_SEARCH_PATHS = "$(inherited) @executable_path/../Frameworks @loader_path/../Frameworks";
				PRODUCT_BUNDLE_IDENTIFIER = "com.cocoawithlove.CwlUtils-macOSHarnessUITests";
				PRODUCT_NAME = "$(TARGET_NAME)";
				TEST_TARGET_NAME = CwlUtils_macOSHarness;
			};
			name = Release;
		};
		C9F1BABF1CC5024300A255E9 /* Debug */ = {
			isa = XCBuildConfiguration;
			buildSettings = {
				ASSETCATALOG_COMPILER_APPICON_NAME = AppIcon;
				CLANG_ANALYZER_NONNULL = YES;
				"CODE_SIGN_IDENTITY[sdk=iphoneos*]" = "iPhone Developer";
				INFOPLIST_FILE = CwlUtils_iOSHarness/Info.plist;
				IPHONEOS_DEPLOYMENT_TARGET = 9.3;
				LD_RUNPATH_SEARCH_PATHS = "$(inherited) @executable_path/Frameworks";
				PRODUCT_BUNDLE_IDENTIFIER = "com.cocoawithlove.CwlUtils-iOSHarness";
				PRODUCT_NAME = "$(TARGET_NAME)";
				SDKROOT = iphoneos;
				TARGETED_DEVICE_FAMILY = "1,2";
			};
			name = Debug;
		};
		C9F1BAC01CC5024300A255E9 /* Release */ = {
			isa = XCBuildConfiguration;
			buildSettings = {
				ASSETCATALOG_COMPILER_APPICON_NAME = AppIcon;
				CLANG_ANALYZER_NONNULL = YES;
				"CODE_SIGN_IDENTITY[sdk=iphoneos*]" = "iPhone Developer";
				INFOPLIST_FILE = CwlUtils_iOSHarness/Info.plist;
				IPHONEOS_DEPLOYMENT_TARGET = 9.3;
				LD_RUNPATH_SEARCH_PATHS = "$(inherited) @executable_path/Frameworks";
				PRODUCT_BUNDLE_IDENTIFIER = "com.cocoawithlove.CwlUtils-iOSHarness";
				PRODUCT_NAME = "$(TARGET_NAME)";
				SDKROOT = iphoneos;
				TARGETED_DEVICE_FAMILY = "1,2";
				VALIDATE_PRODUCT = YES;
			};
			name = Release;
		};
		C9F1BAC11CC5024300A255E9 /* Debug */ = {
			isa = XCBuildConfiguration;
			buildSettings = {
				CLANG_ANALYZER_NONNULL = YES;
				"CODE_SIGN_IDENTITY[sdk=iphoneos*]" = "iPhone Developer";
				INFOPLIST_FILE = CwlUtils_iOSHarnessUITests/Info.plist;
				IPHONEOS_DEPLOYMENT_TARGET = 9.3;
				LD_RUNPATH_SEARCH_PATHS = "$(inherited) @executable_path/Frameworks @loader_path/Frameworks";
				PRODUCT_BUNDLE_IDENTIFIER = "com.cocoawithlove.CwlUtils-iOSHarnessUITests";
				PRODUCT_NAME = "$(TARGET_NAME)";
				SDKROOT = iphoneos;
				TEST_TARGET_NAME = CwlUtils_iOSHarness;
			};
			name = Debug;
		};
		C9F1BAC21CC5024300A255E9 /* Release */ = {
			isa = XCBuildConfiguration;
			buildSettings = {
				CLANG_ANALYZER_NONNULL = YES;
				"CODE_SIGN_IDENTITY[sdk=iphoneos*]" = "iPhone Developer";
				INFOPLIST_FILE = CwlUtils_iOSHarnessUITests/Info.plist;
				IPHONEOS_DEPLOYMENT_TARGET = 9.3;
				LD_RUNPATH_SEARCH_PATHS = "$(inherited) @executable_path/Frameworks @loader_path/Frameworks";
				PRODUCT_BUNDLE_IDENTIFIER = "com.cocoawithlove.CwlUtils-iOSHarnessUITests";
				PRODUCT_NAME = "$(TARGET_NAME)";
				SDKROOT = iphoneos;
				TEST_TARGET_NAME = CwlUtils_iOSHarness;
				VALIDATE_PRODUCT = YES;
			};
			name = Release;
		};
/* End XCBuildConfiguration section */

/* Begin XCConfigurationList section */
		C93E180D1C8166470009A053 /* Build configuration list for PBXProject "CwlUtils" */ = {
			isa = XCConfigurationList;
			buildConfigurations = (
				C93E18251C8166470009A053 /* Debug */,
				C93E18261C8166470009A053 /* Release */,
			);
			defaultConfigurationIsVisible = 0;
			defaultConfigurationName = Release;
		};
		C93E18271C8166470009A053 /* Build configuration list for PBXNativeTarget "CwlUtils_macOS" */ = {
			isa = XCConfigurationList;
			buildConfigurations = (
				C93E18281C8166470009A053 /* Debug */,
				C93E18291C8166470009A053 /* Release */,
			);
			defaultConfigurationIsVisible = 0;
			defaultConfigurationName = Release;
		};
		C93E182A1C8166470009A053 /* Build configuration list for PBXNativeTarget "CwlUtils_macOSTests" */ = {
			isa = XCConfigurationList;
			buildConfigurations = (
				C93E182B1C8166470009A053 /* Debug */,
				C93E182C1C8166470009A053 /* Release */,
			);
			defaultConfigurationIsVisible = 0;
			defaultConfigurationName = Release;
		};
		C93E18431C81674F0009A053 /* Build configuration list for PBXNativeTarget "CwlUtils_iOS" */ = {
			isa = XCConfigurationList;
			buildConfigurations = (
				C93E18441C81674F0009A053 /* Debug */,
				C93E18451C81674F0009A053 /* Release */,
			);
			defaultConfigurationIsVisible = 0;
			defaultConfigurationName = Release;
		};
		C93E18461C81674F0009A053 /* Build configuration list for PBXNativeTarget "CwlUtils_iOSTests" */ = {
			isa = XCConfigurationList;
			buildConfigurations = (
				C93E18471C81674F0009A053 /* Debug */,
				C93E18481C81674F0009A053 /* Release */,
			);
			defaultConfigurationIsVisible = 0;
			defaultConfigurationName = Release;
		};
		C9E6C61E1CBF6D03007B3F24 /* Build configuration list for PBXNativeTarget "CwlUtils_macOSHarness" */ = {
			isa = XCConfigurationList;
			buildConfigurations = (
				C9E6C61F1CBF6D03007B3F24 /* Debug */,
				C9E6C6201CBF6D03007B3F24 /* Release */,
			);
			defaultConfigurationIsVisible = 0;
			defaultConfigurationName = Release;
		};
		C9E6C6211CBF6D03007B3F24 /* Build configuration list for PBXNativeTarget "CwlUtils_macOSHarnessUITests" */ = {
			isa = XCConfigurationList;
			buildConfigurations = (
				C9E6C6221CBF6D03007B3F24 /* Debug */,
				C9E6C6231CBF6D03007B3F24 /* Release */,
			);
			defaultConfigurationIsVisible = 0;
			defaultConfigurationName = Release;
		};
		C9F1BAC31CC5024300A255E9 /* Build configuration list for PBXNativeTarget "CwlUtils_iOSHarness" */ = {
			isa = XCConfigurationList;
			buildConfigurations = (
				C9F1BABF1CC5024300A255E9 /* Debug */,
				C9F1BAC01CC5024300A255E9 /* Release */,
			);
			defaultConfigurationIsVisible = 0;
			defaultConfigurationName = Release;
		};
		C9F1BAC41CC5024300A255E9 /* Build configuration list for PBXNativeTarget "CwlUtils_iOSHarnessUITests" */ = {
			isa = XCConfigurationList;
			buildConfigurations = (
				C9F1BAC11CC5024300A255E9 /* Debug */,
				C9F1BAC21CC5024300A255E9 /* Release */,
			);
			defaultConfigurationIsVisible = 0;
			defaultConfigurationName = Release;
		};
/* End XCConfigurationList section */
	};
	rootObject = C93E180A1C8166470009A053 /* Project object */;
}
