// !$*UTF8*$!
{
	archiveVersion = 1;
	classes = {
	};
	objectVersion = 46;
	objects = {

/* Begin PBXAggregateTarget section */
		C9DE4E1521325B1800CE7DAF /* CwlUtilsConcat */ = {
			isa = PBXAggregateTarget;
			buildConfigurationList = C9DE4E1621325B1800CE7DAF /* Build configuration list for PBXAggregateTarget "CwlUtilsConcat" */;
			buildPhases = (
				C9DE4E1921325B2700CE7DAF /* Run CwlConcat/main.swift to concatenate CwlUtils */,
			);
			dependencies = (
			);
			name = CwlUtilsConcat;
			productName = CwlUtilsConcat;
		};
/* End PBXAggregateTarget section */

/* Begin PBXBuildFile section */
		C9075587219128D100C34A11 /* CwlUtils.framework in Frameworks */ = {isa = PBXBuildFile; fileRef = C95BDEB61E41688B00AAA64B /* CwlUtils.framework */; };
		C9075588219128DA00C34A11 /* CwlPreconditionTesting.framework in Frameworks */ = {isa = PBXBuildFile; fileRef = C98C44BF2160EE670028B2AC /* CwlPreconditionTesting.framework */; };
		C9075589219128EF00C34A11 /* CwlUtils.framework in Resources */ = {isa = PBXBuildFile; fileRef = C95BDEB61E41688B00AAA64B /* CwlUtils.framework */; };
		C907558A219128FC00C34A11 /* CwlUtils.framework in Resources */ = {isa = PBXBuildFile; fileRef = C95BDEB61E41688B00AAA64B /* CwlUtils.framework */; };
		C910EFEB21F29DB30013639B /* CwlExecutionContext.swift in Sources */ = {isa = PBXBuildFile; fileRef = C910EFEA21F29DB30013639B /* CwlExecutionContext.swift */; };
		C910EFF121F29E540013639B /* CwlSerializingContext.swift in Sources */ = {isa = PBXBuildFile; fileRef = C910EFF021F29E540013639B /* CwlSerializingContext.swift */; };
		C94D2B7F21919BEA00B6D53B /* CwlAddressInfoTests.swift in Sources */ = {isa = PBXBuildFile; fileRef = OBJ_40 /* CwlAddressInfoTests.swift */; };
		C94D2B8021919BEA00B6D53B /* CwlCollectionTests.swift in Sources */ = {isa = PBXBuildFile; fileRef = OBJ_41 /* CwlCollectionTests.swift */; };
		C94D2B8121919BEA00B6D53B /* CwlDebugContextTests.swift in Sources */ = {isa = PBXBuildFile; fileRef = OBJ_42 /* CwlDebugContextTests.swift */; };
		C94D2B8221919BEA00B6D53B /* CwlDeferredWorkTests.swift in Sources */ = {isa = PBXBuildFile; fileRef = OBJ_43 /* CwlDeferredWorkTests.swift */; };
		C94D2B8321919BEA00B6D53B /* CwlDequeTests.swift in Sources */ = {isa = PBXBuildFile; fileRef = OBJ_44 /* CwlDequeTests.swift */; };
		C94D2B8421919BEA00B6D53B /* CwlDispatchTests.swift in Sources */ = {isa = PBXBuildFile; fileRef = OBJ_45 /* CwlDispatchTests.swift */; };
		C94D2B8521919BEA00B6D53B /* CwlExecTests.swift in Sources */ = {isa = PBXBuildFile; fileRef = OBJ_46 /* CwlExecTests.swift */; };
		C94D2B8621919BEA00B6D53B /* CwlKeyValueObserverTests.swift in Sources */ = {isa = PBXBuildFile; fileRef = OBJ_47 /* CwlKeyValueObserverTests.swift */; };
		C94D2B8721919BEA00B6D53B /* CwlMutexTests.swift in Sources */ = {isa = PBXBuildFile; fileRef = OBJ_48 /* CwlMutexTests.swift */; };
		C94D2B8821919BEA00B6D53B /* CwlOnDeleteTests.swift in Sources */ = {isa = PBXBuildFile; fileRef = OBJ_49 /* CwlOnDeleteTests.swift */; };
		C94D2B8921919BEA00B6D53B /* CwlRandomTests.swift in Sources */ = {isa = PBXBuildFile; fileRef = OBJ_50 /* CwlRandomTests.swift */; };
		C94D2B8A21919BEA00B6D53B /* mt19937-64.c in Sources */ = {isa = PBXBuildFile; fileRef = C9EE87C61E4171FD00A7408F /* mt19937-64.c */; };
		C94D2B8B21919BEA00B6D53B /* CwlResultTests.swift in Sources */ = {isa = PBXBuildFile; fileRef = OBJ_51 /* CwlResultTests.swift */; };
		C94D2B8C21919BEA00B6D53B /* xoshiro256starstar.c in Sources */ = {isa = PBXBuildFile; fileRef = C9EE87C71E4171FD00A7408F /* xoshiro256starstar.c */; };
		C94D2B8D21919BEA00B6D53B /* CwlScalarScannerTests.swift in Sources */ = {isa = PBXBuildFile; fileRef = OBJ_52 /* CwlScalarScannerTests.swift */; };
		C94D2B8E21919BEA00B6D53B /* CwlStackFrameTests.swift in Sources */ = {isa = PBXBuildFile; fileRef = OBJ_53 /* CwlStackFrameTests.swift */; };
		C94D2B8F21919BEA00B6D53B /* CwlSysctlTests.swift in Sources */ = {isa = PBXBuildFile; fileRef = OBJ_54 /* CwlSysctlTests.swift */; };
		C94D2B9021919BEA00B6D53B /* CwlUnanticipatedErrorTests.swift in Sources */ = {isa = PBXBuildFile; fileRef = OBJ_55 /* CwlUnanticipatedErrorTests.swift */; };
		C94D2B9121919BEA00B6D53B /* CwlWrapperTests.swift in Sources */ = {isa = PBXBuildFile; fileRef = OBJ_56 /* CwlWrapperTests.swift */; };
		C94D2B9321919BEA00B6D53B /* CwlPreconditionTesting.framework in Frameworks */ = {isa = PBXBuildFile; fileRef = C98C44BF2160EE670028B2AC /* CwlPreconditionTesting.framework */; };
		C94D2B9421919BEA00B6D53B /* CwlUtils.framework in Frameworks */ = {isa = PBXBuildFile; fileRef = C95BDEB61E41688B00AAA64B /* CwlUtils.framework */; };
		C94D2B9521919BEA00B6D53B /* CwlCatchException.framework in Frameworks */ = {isa = PBXBuildFile; fileRef = C98AE773216243CC004259B6 /* CwlCatchException.framework */; };
		C95A622C1EA5D90C0059D152 /* CwlLifetime.swift in Sources */ = {isa = PBXBuildFile; fileRef = C95A622A1EA5D90C0059D152 /* CwlLifetime.swift */; };
		C95A772A1E4187E600659DBD /* AppDelegate.swift in Sources */ = {isa = PBXBuildFile; fileRef = C95A77291E4187E600659DBD /* AppDelegate.swift */; };
		C95A772C1E4187E600659DBD /* ViewController.swift in Sources */ = {isa = PBXBuildFile; fileRef = C95A772B1E4187E600659DBD /* ViewController.swift */; };
		C95A772E1E4187E600659DBD /* Assets.xcassets in Resources */ = {isa = PBXBuildFile; fileRef = C95A772D1E4187E600659DBD /* Assets.xcassets */; };
		C95A77311E4187E600659DBD /* Main.storyboard in Resources */ = {isa = PBXBuildFile; fileRef = C95A772F1E4187E600659DBD /* Main.storyboard */; };
		C95A773C1E4187E700659DBD /* CwlUtils_macOSTestAppUITests.swift in Sources */ = {isa = PBXBuildFile; fileRef = C95A773B1E4187E700659DBD /* CwlUtils_macOSTestAppUITests.swift */; };
		C95A774B1E4187FB00659DBD /* AppDelegate.swift in Sources */ = {isa = PBXBuildFile; fileRef = C95A774A1E4187FB00659DBD /* AppDelegate.swift */; };
		C95A774D1E4187FB00659DBD /* ViewController.swift in Sources */ = {isa = PBXBuildFile; fileRef = C95A774C1E4187FB00659DBD /* ViewController.swift */; };
		C95A77501E4187FB00659DBD /* Main.storyboard in Resources */ = {isa = PBXBuildFile; fileRef = C95A774E1E4187FB00659DBD /* Main.storyboard */; };
		C95A77521E4187FB00659DBD /* Assets.xcassets in Resources */ = {isa = PBXBuildFile; fileRef = C95A77511E4187FB00659DBD /* Assets.xcassets */; };
		C95A77551E4187FB00659DBD /* LaunchScreen.storyboard in Resources */ = {isa = PBXBuildFile; fileRef = C95A77531E4187FB00659DBD /* LaunchScreen.storyboard */; };
		C95A77601E4187FB00659DBD /* CwlUtils_iOSTestAppUITests.swift in Sources */ = {isa = PBXBuildFile; fileRef = C95A775F1E4187FB00659DBD /* CwlUtils_iOSTestAppUITests.swift */; };
		C95A77721E418F4C00659DBD /* CwlUtils.framework in Copy CwlUtils to the test app Frameworks folder */ = {isa = PBXBuildFile; fileRef = C95BDEB61E41688B00AAA64B /* CwlUtils.framework */; settings = {ATTRIBUTES = (CodeSignOnCopy, RemoveHeadersOnCopy, ); }; };
		C95ADE862144CF3900EA820D /* CwlTransformations.swift in Sources */ = {isa = PBXBuildFile; fileRef = C95ADE852144CF3900EA820D /* CwlTransformations.swift */; };
		C95BDE9D1E41688B00AAA64B /* CwlAddressInfo.swift in Sources */ = {isa = PBXBuildFile; fileRef = OBJ_16 /* CwlAddressInfo.swift */; };
		C95BDE9E1E41688B00AAA64B /* CwlCollection.swift in Sources */ = {isa = PBXBuildFile; fileRef = OBJ_17 /* CwlCollection.swift */; };
		C95BDE9F1E41688B00AAA64B /* CwlDebugContext.swift in Sources */ = {isa = PBXBuildFile; fileRef = OBJ_18 /* CwlDebugContext.swift */; };
		C95BDEA01E41688B00AAA64B /* CwlDeferredWork.swift in Sources */ = {isa = PBXBuildFile; fileRef = OBJ_19 /* CwlDeferredWork.swift */; };
		C95BDEA21E41688B00AAA64B /* CwlDispatch.swift in Sources */ = {isa = PBXBuildFile; fileRef = OBJ_21 /* CwlDispatch.swift */; };
		C95BDEA31E41688B00AAA64B /* CwlExec.swift in Sources */ = {isa = PBXBuildFile; fileRef = OBJ_22 /* CwlExec.swift */; };
		C95BDEA41E41688B00AAA64B /* CwlKeyValueObserver.swift in Sources */ = {isa = PBXBuildFile; fileRef = OBJ_23 /* CwlKeyValueObserver.swift */; };
		C95BDEA51E41688B00AAA64B /* CwlMutex.swift in Sources */ = {isa = PBXBuildFile; fileRef = OBJ_24 /* CwlMutex.swift */; };
		C95BDEA61E41688B00AAA64B /* CwlOnDelete.swift in Sources */ = {isa = PBXBuildFile; fileRef = OBJ_25 /* CwlOnDelete.swift */; };
		C95BDEA71E41688B00AAA64B /* CwlRandom.swift in Sources */ = {isa = PBXBuildFile; fileRef = OBJ_26 /* CwlRandom.swift */; };
		C95BDEA81E41688B00AAA64B /* CwlResult.swift in Sources */ = {isa = PBXBuildFile; fileRef = OBJ_27 /* CwlResult.swift */; };
		C95BDEA91E41688B00AAA64B /* CwlScalarScanner.swift in Sources */ = {isa = PBXBuildFile; fileRef = OBJ_28 /* CwlScalarScanner.swift */; };
		C95BDEAA1E41688B00AAA64B /* CwlStackFrame.swift in Sources */ = {isa = PBXBuildFile; fileRef = OBJ_29 /* CwlStackFrame.swift */; };
		C95BDEAB1E41688B00AAA64B /* CwlSysctl.swift in Sources */ = {isa = PBXBuildFile; fileRef = OBJ_30 /* CwlSysctl.swift */; };
		C95BDEAC1E41688B00AAA64B /* CwlUnanticipatedError.swift in Sources */ = {isa = PBXBuildFile; fileRef = OBJ_31 /* CwlUnanticipatedError.swift */; };
		C95BDEAD1E41688B00AAA64B /* CwlWrappers.swift in Sources */ = {isa = PBXBuildFile; fileRef = OBJ_32 /* CwlWrappers.swift */; };
		C95BDEAE1E41688B00AAA64B /* CwlFrameAddress.c in Sources */ = {isa = PBXBuildFile; fileRef = OBJ_34 /* CwlFrameAddress.c */; };
		C95BDEB11E41688B00AAA64B /* CwlFrameAddress.h in Headers */ = {isa = PBXBuildFile; fileRef = OBJ_36 /* CwlFrameAddress.h */; settings = {ATTRIBUTES = (Public, ); }; };
		C95BDEB21E41688B00AAA64B /* CwlUtils.h in Headers */ = {isa = PBXBuildFile; fileRef = C95BDE821E40B64700AAA64B /* CwlUtils.h */; settings = {ATTRIBUTES = (Public, ); }; };
		C95BDEBC1E4168B800AAA64B /* CwlAddressInfoTests.swift in Sources */ = {isa = PBXBuildFile; fileRef = OBJ_40 /* CwlAddressInfoTests.swift */; };
		C95BDEBD1E4168B800AAA64B /* CwlCollectionTests.swift in Sources */ = {isa = PBXBuildFile; fileRef = OBJ_41 /* CwlCollectionTests.swift */; };
		C95BDEBF1E4168B800AAA64B /* CwlDebugContextTests.swift in Sources */ = {isa = PBXBuildFile; fileRef = OBJ_42 /* CwlDebugContextTests.swift */; };
		C95BDEC01E4168B800AAA64B /* CwlDeferredWorkTests.swift in Sources */ = {isa = PBXBuildFile; fileRef = OBJ_43 /* CwlDeferredWorkTests.swift */; };
		C95BDEC11E4168B800AAA64B /* CwlDequeTests.swift in Sources */ = {isa = PBXBuildFile; fileRef = OBJ_44 /* CwlDequeTests.swift */; };
		C95BDEC21E4168B800AAA64B /* CwlDispatchTests.swift in Sources */ = {isa = PBXBuildFile; fileRef = OBJ_45 /* CwlDispatchTests.swift */; };
		C95BDEC31E4168B800AAA64B /* CwlExecTests.swift in Sources */ = {isa = PBXBuildFile; fileRef = OBJ_46 /* CwlExecTests.swift */; };
		C95BDEC71E4168B800AAA64B /* CwlKeyValueObserverTests.swift in Sources */ = {isa = PBXBuildFile; fileRef = OBJ_47 /* CwlKeyValueObserverTests.swift */; };
		C95BDEC81E4168B800AAA64B /* CwlMutexTests.swift in Sources */ = {isa = PBXBuildFile; fileRef = OBJ_48 /* CwlMutexTests.swift */; };
		C95BDECA1E4168B800AAA64B /* CwlOnDeleteTests.swift in Sources */ = {isa = PBXBuildFile; fileRef = OBJ_49 /* CwlOnDeleteTests.swift */; };
		C95BDECB1E4168B800AAA64B /* CwlRandomTests.swift in Sources */ = {isa = PBXBuildFile; fileRef = OBJ_50 /* CwlRandomTests.swift */; };
		C95BDECC1E4168B800AAA64B /* CwlResultTests.swift in Sources */ = {isa = PBXBuildFile; fileRef = OBJ_51 /* CwlResultTests.swift */; };
		C95BDECE1E4168B800AAA64B /* CwlScalarScannerTests.swift in Sources */ = {isa = PBXBuildFile; fileRef = OBJ_52 /* CwlScalarScannerTests.swift */; };
		C95BDECF1E4168B800AAA64B /* CwlStackFrameTests.swift in Sources */ = {isa = PBXBuildFile; fileRef = OBJ_53 /* CwlStackFrameTests.swift */; };
		C95BDED11E4168B800AAA64B /* CwlSysctlTests.swift in Sources */ = {isa = PBXBuildFile; fileRef = OBJ_54 /* CwlSysctlTests.swift */; };
		C95BDED41E4168B800AAA64B /* CwlUnanticipatedErrorTests.swift in Sources */ = {isa = PBXBuildFile; fileRef = OBJ_55 /* CwlUnanticipatedErrorTests.swift */; };
		C95BDED51E4168B800AAA64B /* CwlWrapperTests.swift in Sources */ = {isa = PBXBuildFile; fileRef = OBJ_56 /* CwlWrapperTests.swift */; };
		C973087F217C9840001EF603 /* mt19937-64.c in Sources */ = {isa = PBXBuildFile; fileRef = C9EE87C61E4171FD00A7408F /* mt19937-64.c */; };
		C9730880217C9841001EF603 /* mt19937-64.c in Sources */ = {isa = PBXBuildFile; fileRef = C9EE87C61E4171FD00A7408F /* mt19937-64.c */; };
		C98AE774216243CC004259B6 /* CwlCatchException.framework in Frameworks */ = {isa = PBXBuildFile; fileRef = C98AE773216243CC004259B6 /* CwlCatchException.framework */; };
		C98AE77E21624464004259B6 /* CwlCatchException.framework in Frameworks */ = {isa = PBXBuildFile; fileRef = C98AE773216243CC004259B6 /* CwlCatchException.framework */; };
		C98C44CC2160EEBA0028B2AC /* CwlPreconditionTesting.framework in Frameworks */ = {isa = PBXBuildFile; fileRef = C98C44BF2160EE670028B2AC /* CwlPreconditionTesting.framework */; };
		C9DD3DA91E41E26600E23B15 /* CwlUtils.framework in Frameworks */ = {isa = PBXBuildFile; fileRef = C95BDEB61E41688B00AAA64B /* CwlUtils.framework */; };
		C9E6BD58217C177A006DF3C6 /* CwlDeque.swift in Sources */ = {isa = PBXBuildFile; fileRef = OBJ_20 /* CwlDeque.swift */; };
		C9EE87CA1E4171FD00A7408F /* xoshiro256starstar.c in Sources */ = {isa = PBXBuildFile; fileRef = C9EE87C71E4171FD00A7408F /* xoshiro256starstar.c */; };
		C9EE87CB1E4171FD00A7408F /* xoshiro256starstar.c in Sources */ = {isa = PBXBuildFile; fileRef = C9EE87C71E4171FD00A7408F /* xoshiro256starstar.c */; };
		OBJ_203 /* CwlAddressInfoTests.swift in Sources */ = {isa = PBXBuildFile; fileRef = OBJ_40 /* CwlAddressInfoTests.swift */; };
		OBJ_204 /* CwlCollectionTests.swift in Sources */ = {isa = PBXBuildFile; fileRef = OBJ_41 /* CwlCollectionTests.swift */; };
		OBJ_205 /* CwlDebugContextTests.swift in Sources */ = {isa = PBXBuildFile; fileRef = OBJ_42 /* CwlDebugContextTests.swift */; };
		OBJ_206 /* CwlDeferredWorkTests.swift in Sources */ = {isa = PBXBuildFile; fileRef = OBJ_43 /* CwlDeferredWorkTests.swift */; };
		OBJ_207 /* CwlDequeTests.swift in Sources */ = {isa = PBXBuildFile; fileRef = OBJ_44 /* CwlDequeTests.swift */; };
		OBJ_208 /* CwlDispatchTests.swift in Sources */ = {isa = PBXBuildFile; fileRef = OBJ_45 /* CwlDispatchTests.swift */; };
		OBJ_209 /* CwlExecTests.swift in Sources */ = {isa = PBXBuildFile; fileRef = OBJ_46 /* CwlExecTests.swift */; };
		OBJ_210 /* CwlKeyValueObserverTests.swift in Sources */ = {isa = PBXBuildFile; fileRef = OBJ_47 /* CwlKeyValueObserverTests.swift */; };
		OBJ_211 /* CwlMutexTests.swift in Sources */ = {isa = PBXBuildFile; fileRef = OBJ_48 /* CwlMutexTests.swift */; };
		OBJ_212 /* CwlOnDeleteTests.swift in Sources */ = {isa = PBXBuildFile; fileRef = OBJ_49 /* CwlOnDeleteTests.swift */; };
		OBJ_213 /* CwlRandomTests.swift in Sources */ = {isa = PBXBuildFile; fileRef = OBJ_50 /* CwlRandomTests.swift */; };
		OBJ_214 /* CwlResultTests.swift in Sources */ = {isa = PBXBuildFile; fileRef = OBJ_51 /* CwlResultTests.swift */; };
		OBJ_215 /* CwlScalarScannerTests.swift in Sources */ = {isa = PBXBuildFile; fileRef = OBJ_52 /* CwlScalarScannerTests.swift */; };
		OBJ_216 /* CwlStackFrameTests.swift in Sources */ = {isa = PBXBuildFile; fileRef = OBJ_53 /* CwlStackFrameTests.swift */; };
		OBJ_217 /* CwlSysctlTests.swift in Sources */ = {isa = PBXBuildFile; fileRef = OBJ_54 /* CwlSysctlTests.swift */; };
		OBJ_218 /* CwlUnanticipatedErrorTests.swift in Sources */ = {isa = PBXBuildFile; fileRef = OBJ_55 /* CwlUnanticipatedErrorTests.swift */; };
		OBJ_219 /* CwlWrapperTests.swift in Sources */ = {isa = PBXBuildFile; fileRef = OBJ_56 /* CwlWrapperTests.swift */; };
/* End PBXBuildFile section */

/* Begin PBXContainerItemProxy section */
		C94D2B7D21919BEA00B6D53B /* PBXContainerItemProxy */ = {
			isa = PBXContainerItemProxy;
			containerPortal = OBJ_1 /* Project object */;
			proxyType = 1;
			remoteGlobalIDString = C95BDE9A1E41688B00AAA64B;
			remoteInfo = CwlUtils_iOS;
		};
		C95A77381E4187E700659DBD /* PBXContainerItemProxy */ = {
			isa = PBXContainerItemProxy;
			containerPortal = OBJ_1 /* Project object */;
			proxyType = 1;
			remoteGlobalIDString = C95A77261E4187E600659DBD;
			remoteInfo = CwlUtils_macOSTestApp;
		};
		C95A775C1E4187FB00659DBD /* PBXContainerItemProxy */ = {
			isa = PBXContainerItemProxy;
			containerPortal = OBJ_1 /* Project object */;
			proxyType = 1;
			remoteGlobalIDString = C95A77471E4187FB00659DBD;
			remoteInfo = CwlUtils_iOSTestApp;
		};
		C98C44BC2160EE670028B2AC /* PBXContainerItemProxy */ = {
			isa = PBXContainerItemProxy;
			containerPortal = C98C44AE2160EE670028B2AC /* CwlPreconditionTesting.xcodeproj */;
			proxyType = 2;
			remoteGlobalIDString = C9A8AF7F20E87A910068E99B;
			remoteInfo = CwlPreconditionTesting_iOSTests;
		};
		C98C44BE2160EE670028B2AC /* PBXContainerItemProxy */ = {
			isa = PBXContainerItemProxy;
			containerPortal = C98C44AE2160EE670028B2AC /* CwlPreconditionTesting.xcodeproj */;
			proxyType = 2;
			remoteGlobalIDString = C98707761C3F886F009B413A;
			remoteInfo = CwlPreconditionTesting_macOS;
		};
		C98C44C02160EE670028B2AC /* PBXContainerItemProxy */ = {
			isa = PBXContainerItemProxy;
			containerPortal = C98C44AE2160EE670028B2AC /* CwlPreconditionTesting.xcodeproj */;
			proxyType = 2;
			remoteGlobalIDString = C98707801C3F886F009B413A;
			remoteInfo = CwlPreconditionTesting_macOSTests;
		};
		C98C44C82160EE670028B2AC /* PBXContainerItemProxy */ = {
			isa = PBXContainerItemProxy;
			containerPortal = C98C44AE2160EE670028B2AC /* CwlPreconditionTesting.xcodeproj */;
			proxyType = 2;
			remoteGlobalIDString = 96ACCC481C6E8A7C00FE0B1B;
			remoteInfo = CwlPreconditionTesting_tvOSTests;
		};
		C9EE87C11E4171D400A7408F /* PBXContainerItemProxy */ = {
			isa = PBXContainerItemProxy;
			containerPortal = OBJ_1 /* Project object */;
			proxyType = 1;
			remoteGlobalIDString = C95BDE9A1E41688B00AAA64B;
			remoteInfo = CwlUtils_iOS;
		};
/* End PBXContainerItemProxy section */

/* Begin PBXCopyFilesBuildPhase section */
		C95A776E1E418EB600659DBD /* Copy CwlUtils to the test app Frameworks folder */ = {
			isa = PBXCopyFilesBuildPhase;
			buildActionMask = 2147483647;
			dstPath = "";
			dstSubfolderSpec = 10;
			files = (
			);
			name = "Copy CwlUtils to the test app Frameworks folder";
			runOnlyForDeploymentPostprocessing = 0;
		};
		C95A77711E418F4300659DBD /* Copy CwlUtils to the test app Frameworks folder */ = {
			isa = PBXCopyFilesBuildPhase;
			buildActionMask = 2147483647;
			dstPath = "";
			dstSubfolderSpec = 10;
			files = (
				C95A77721E418F4C00659DBD /* CwlUtils.framework in Copy CwlUtils to the test app Frameworks folder */,
			);
			name = "Copy CwlUtils to the test app Frameworks folder";
			runOnlyForDeploymentPostprocessing = 0;
		};
/* End PBXCopyFilesBuildPhase section */

/* Begin PBXFileReference section */
		C910EFEA21F29DB30013639B /* CwlExecutionContext.swift */ = {isa = PBXFileReference; lastKnownFileType = sourcecode.swift; path = CwlExecutionContext.swift; sourceTree = "<group>"; };
		C910EFF021F29E540013639B /* CwlSerializingContext.swift */ = {isa = PBXFileReference; lastKnownFileType = sourcecode.swift; path = CwlSerializingContext.swift; sourceTree = "<group>"; };
		C94D2B9921919BEA00B6D53B /* CwlUtils_tvOSTests.xctest */ = {isa = PBXFileReference; explicitFileType = wrapper.cfbundle; includeInIndex = 0; path = CwlUtils_tvOSTests.xctest; sourceTree = BUILT_PRODUCTS_DIR; };
		C95A622A1EA5D90C0059D152 /* CwlLifetime.swift */ = {isa = PBXFileReference; fileEncoding = 4; lastKnownFileType = sourcecode.swift; path = CwlLifetime.swift; sourceTree = "<group>"; };
		C95A77271E4187E600659DBD /* CwlUtils_macOSTestApp.app */ = {isa = PBXFileReference; explicitFileType = wrapper.application; includeInIndex = 0; path = CwlUtils_macOSTestApp.app; sourceTree = BUILT_PRODUCTS_DIR; };
		C95A77291E4187E600659DBD /* AppDelegate.swift */ = {isa = PBXFileReference; lastKnownFileType = sourcecode.swift; path = AppDelegate.swift; sourceTree = "<group>"; };
		C95A772B1E4187E600659DBD /* ViewController.swift */ = {isa = PBXFileReference; lastKnownFileType = sourcecode.swift; path = ViewController.swift; sourceTree = "<group>"; };
		C95A772D1E4187E600659DBD /* Assets.xcassets */ = {isa = PBXFileReference; lastKnownFileType = folder.assetcatalog; path = Assets.xcassets; sourceTree = "<group>"; };
		C95A77301E4187E600659DBD /* Base */ = {isa = PBXFileReference; lastKnownFileType = file.storyboard; name = Base; path = Base.lproj/Main.storyboard; sourceTree = "<group>"; };
		C95A77321E4187E600659DBD /* Info.plist */ = {isa = PBXFileReference; lastKnownFileType = text.plist.xml; path = Info.plist; sourceTree = "<group>"; };
		C95A77371E4187E700659DBD /* CwlUtils_macOSTestAppUITests.xctest */ = {isa = PBXFileReference; explicitFileType = wrapper.cfbundle; includeInIndex = 0; path = CwlUtils_macOSTestAppUITests.xctest; sourceTree = BUILT_PRODUCTS_DIR; };
		C95A773B1E4187E700659DBD /* CwlUtils_macOSTestAppUITests.swift */ = {isa = PBXFileReference; lastKnownFileType = sourcecode.swift; path = CwlUtils_macOSTestAppUITests.swift; sourceTree = "<group>"; };
		C95A77481E4187FB00659DBD /* CwlUtils_iOSTestApp.app */ = {isa = PBXFileReference; explicitFileType = wrapper.application; includeInIndex = 0; path = CwlUtils_iOSTestApp.app; sourceTree = BUILT_PRODUCTS_DIR; };
		C95A774A1E4187FB00659DBD /* AppDelegate.swift */ = {isa = PBXFileReference; lastKnownFileType = sourcecode.swift; path = AppDelegate.swift; sourceTree = "<group>"; };
		C95A774C1E4187FB00659DBD /* ViewController.swift */ = {isa = PBXFileReference; lastKnownFileType = sourcecode.swift; path = ViewController.swift; sourceTree = "<group>"; };
		C95A774F1E4187FB00659DBD /* Base */ = {isa = PBXFileReference; lastKnownFileType = file.storyboard; name = Base; path = Base.lproj/Main.storyboard; sourceTree = "<group>"; };
		C95A77511E4187FB00659DBD /* Assets.xcassets */ = {isa = PBXFileReference; lastKnownFileType = folder.assetcatalog; path = Assets.xcassets; sourceTree = "<group>"; };
		C95A77541E4187FB00659DBD /* Base */ = {isa = PBXFileReference; lastKnownFileType = file.storyboard; name = Base; path = Base.lproj/LaunchScreen.storyboard; sourceTree = "<group>"; };
		C95A77561E4187FB00659DBD /* Info.plist */ = {isa = PBXFileReference; lastKnownFileType = text.plist.xml; path = Info.plist; sourceTree = "<group>"; };
		C95A775B1E4187FB00659DBD /* CwlUtils_iOSTestAppUITests.xctest */ = {isa = PBXFileReference; explicitFileType = wrapper.cfbundle; includeInIndex = 0; path = CwlUtils_iOSTestAppUITests.xctest; sourceTree = BUILT_PRODUCTS_DIR; };
		C95A775F1E4187FB00659DBD /* CwlUtils_iOSTestAppUITests.swift */ = {isa = PBXFileReference; lastKnownFileType = sourcecode.swift; path = CwlUtils_iOSTestAppUITests.swift; sourceTree = "<group>"; };
		C95ADE852144CF3900EA820D /* CwlTransformations.swift */ = {isa = PBXFileReference; lastKnownFileType = sourcecode.swift; path = CwlTransformations.swift; sourceTree = "<group>"; };
		C95BDE821E40B64700AAA64B /* CwlUtils.h */ = {isa = PBXFileReference; fileEncoding = 4; lastKnownFileType = sourcecode.c.h; path = CwlUtils.h; sourceTree = "<group>"; };
		C95BDE921E40B7D800AAA64B /* CwlDequePerformanceTests.swift */ = {isa = PBXFileReference; lastKnownFileType = sourcecode.swift; path = CwlDequePerformanceTests.swift; sourceTree = "<group>"; };
		C95BDE931E40B7D800AAA64B /* CwlMutexPerformanceTests.swift */ = {isa = PBXFileReference; lastKnownFileType = sourcecode.swift; path = CwlMutexPerformanceTests.swift; sourceTree = "<group>"; };
		C95BDE941E40B7D800AAA64B /* CwlRandomPerformanceTests.swift */ = {isa = PBXFileReference; lastKnownFileType = sourcecode.swift; path = CwlRandomPerformanceTests.swift; sourceTree = "<group>"; };
		C95BDEB61E41688B00AAA64B /* CwlUtils.framework */ = {isa = PBXFileReference; explicitFileType = wrapper.framework; includeInIndex = 0; path = CwlUtils.framework; sourceTree = BUILT_PRODUCTS_DIR; };
		C95BDEDB1E4168B800AAA64B /* CwlUtils_iOSTests.xctest */ = {isa = PBXFileReference; explicitFileType = wrapper.cfbundle; includeInIndex = 0; path = CwlUtils_iOSTests.xctest; sourceTree = BUILT_PRODUCTS_DIR; };
		C98AE773216243CC004259B6 /* CwlCatchException.framework */ = {isa = PBXFileReference; explicitFileType = wrapper.framework; path = CwlCatchException.framework; sourceTree = BUILT_PRODUCTS_DIR; };
		C98C44AE2160EE670028B2AC /* CwlPreconditionTesting.xcodeproj */ = {isa = PBXFileReference; lastKnownFileType = "wrapper.pb-project"; name = CwlPreconditionTesting.xcodeproj; path = CwlPreconditionTesting/CwlPreconditionTesting.xcodeproj; sourceTree = "<group>"; };
		C9D734B8211EB3C300804C4E /* main.swift */ = {isa = PBXFileReference; lastKnownFileType = sourcecode.swift; path = main.swift; sourceTree = "<group>"; };
		C9DD3D3B1E41A7D400E23B15 /* Info.plist */ = {isa = PBXFileReference; lastKnownFileType = text.plist.xml; path = Info.plist; sourceTree = "<group>"; };
		C9DD3D3D1E41A94100E23B15 /* CwlUtilsTests-BridgingHeader.h */ = {isa = PBXFileReference; lastKnownFileType = sourcecode.c.h; path = "CwlUtilsTests-BridgingHeader.h"; sourceTree = "<group>"; };
		C9DD3D3E1E41A94100E23B15 /* Info.plist */ = {isa = PBXFileReference; lastKnownFileType = text.plist.xml; path = Info.plist; sourceTree = "<group>"; };
		C9EE87C51E4171FD00A7408F /* ReferenceRandomGenerators.h */ = {isa = PBXFileReference; fileEncoding = 4; lastKnownFileType = sourcecode.c.h; path = ReferenceRandomGenerators.h; sourceTree = "<group>"; };
		C9EE87C61E4171FD00A7408F /* mt19937-64.c */ = {isa = PBXFileReference; fileEncoding = 4; lastKnownFileType = sourcecode.c.c; path = "mt19937-64.c"; sourceTree = "<group>"; };
		C9EE87C71E4171FD00A7408F /* xoshiro256starstar.c */ = {isa = PBXFileReference; fileEncoding = 4; lastKnownFileType = sourcecode.c.c; path = xoshiro256starstar.c; sourceTree = "<group>"; };
		OBJ_16 /* CwlAddressInfo.swift */ = {isa = PBXFileReference; lastKnownFileType = sourcecode.swift; path = CwlAddressInfo.swift; sourceTree = "<group>"; };
		OBJ_17 /* CwlCollection.swift */ = {isa = PBXFileReference; lastKnownFileType = sourcecode.swift; path = CwlCollection.swift; sourceTree = "<group>"; };
		OBJ_18 /* CwlDebugContext.swift */ = {isa = PBXFileReference; lastKnownFileType = sourcecode.swift; path = CwlDebugContext.swift; sourceTree = "<group>"; };
		OBJ_19 /* CwlDeferredWork.swift */ = {isa = PBXFileReference; lastKnownFileType = sourcecode.swift; path = CwlDeferredWork.swift; sourceTree = "<group>"; };
		OBJ_20 /* CwlDeque.swift */ = {isa = PBXFileReference; lastKnownFileType = sourcecode.swift; path = CwlDeque.swift; sourceTree = "<group>"; };
		OBJ_21 /* CwlDispatch.swift */ = {isa = PBXFileReference; lastKnownFileType = sourcecode.swift; path = CwlDispatch.swift; sourceTree = "<group>"; };
		OBJ_22 /* CwlExec.swift */ = {isa = PBXFileReference; lastKnownFileType = sourcecode.swift; path = CwlExec.swift; sourceTree = "<group>"; };
		OBJ_23 /* CwlKeyValueObserver.swift */ = {isa = PBXFileReference; lastKnownFileType = sourcecode.swift; path = CwlKeyValueObserver.swift; sourceTree = "<group>"; };
		OBJ_24 /* CwlMutex.swift */ = {isa = PBXFileReference; lastKnownFileType = sourcecode.swift; path = CwlMutex.swift; sourceTree = "<group>"; };
		OBJ_25 /* CwlOnDelete.swift */ = {isa = PBXFileReference; lastKnownFileType = sourcecode.swift; path = CwlOnDelete.swift; sourceTree = "<group>"; };
		OBJ_26 /* CwlRandom.swift */ = {isa = PBXFileReference; lastKnownFileType = sourcecode.swift; path = CwlRandom.swift; sourceTree = "<group>"; };
		OBJ_27 /* CwlResult.swift */ = {isa = PBXFileReference; lastKnownFileType = sourcecode.swift; path = CwlResult.swift; sourceTree = "<group>"; };
		OBJ_28 /* CwlScalarScanner.swift */ = {isa = PBXFileReference; lastKnownFileType = sourcecode.swift; path = CwlScalarScanner.swift; sourceTree = "<group>"; };
		OBJ_29 /* CwlStackFrame.swift */ = {isa = PBXFileReference; lastKnownFileType = sourcecode.swift; path = CwlStackFrame.swift; sourceTree = "<group>"; };
		OBJ_30 /* CwlSysctl.swift */ = {isa = PBXFileReference; lastKnownFileType = sourcecode.swift; path = CwlSysctl.swift; sourceTree = "<group>"; };
		OBJ_31 /* CwlUnanticipatedError.swift */ = {isa = PBXFileReference; lastKnownFileType = sourcecode.swift; path = CwlUnanticipatedError.swift; sourceTree = "<group>"; };
		OBJ_32 /* CwlWrappers.swift */ = {isa = PBXFileReference; lastKnownFileType = sourcecode.swift; path = CwlWrappers.swift; sourceTree = "<group>"; };
		OBJ_34 /* CwlFrameAddress.c */ = {isa = PBXFileReference; lastKnownFileType = sourcecode.c.c; path = CwlFrameAddress.c; sourceTree = "<group>"; };
		OBJ_36 /* CwlFrameAddress.h */ = {isa = PBXFileReference; lastKnownFileType = sourcecode.c.h; path = CwlFrameAddress.h; sourceTree = "<group>"; };
		OBJ_40 /* CwlAddressInfoTests.swift */ = {isa = PBXFileReference; lastKnownFileType = sourcecode.swift; path = CwlAddressInfoTests.swift; sourceTree = "<group>"; };
		OBJ_41 /* CwlCollectionTests.swift */ = {isa = PBXFileReference; lastKnownFileType = sourcecode.swift; path = CwlCollectionTests.swift; sourceTree = "<group>"; };
		OBJ_42 /* CwlDebugContextTests.swift */ = {isa = PBXFileReference; lastKnownFileType = sourcecode.swift; path = CwlDebugContextTests.swift; sourceTree = "<group>"; };
		OBJ_43 /* CwlDeferredWorkTests.swift */ = {isa = PBXFileReference; lastKnownFileType = sourcecode.swift; path = CwlDeferredWorkTests.swift; sourceTree = "<group>"; };
		OBJ_44 /* CwlDequeTests.swift */ = {isa = PBXFileReference; lastKnownFileType = sourcecode.swift; path = CwlDequeTests.swift; sourceTree = "<group>"; };
		OBJ_45 /* CwlDispatchTests.swift */ = {isa = PBXFileReference; lastKnownFileType = sourcecode.swift; path = CwlDispatchTests.swift; sourceTree = "<group>"; };
		OBJ_46 /* CwlExecTests.swift */ = {isa = PBXFileReference; lastKnownFileType = sourcecode.swift; path = CwlExecTests.swift; sourceTree = "<group>"; };
		OBJ_47 /* CwlKeyValueObserverTests.swift */ = {isa = PBXFileReference; lastKnownFileType = sourcecode.swift; path = CwlKeyValueObserverTests.swift; sourceTree = "<group>"; };
		OBJ_48 /* CwlMutexTests.swift */ = {isa = PBXFileReference; lastKnownFileType = sourcecode.swift; path = CwlMutexTests.swift; sourceTree = "<group>"; };
		OBJ_49 /* CwlOnDeleteTests.swift */ = {isa = PBXFileReference; lastKnownFileType = sourcecode.swift; path = CwlOnDeleteTests.swift; sourceTree = "<group>"; };
		OBJ_50 /* CwlRandomTests.swift */ = {isa = PBXFileReference; lastKnownFileType = sourcecode.swift; path = CwlRandomTests.swift; sourceTree = "<group>"; };
		OBJ_51 /* CwlResultTests.swift */ = {isa = PBXFileReference; lastKnownFileType = sourcecode.swift; path = CwlResultTests.swift; sourceTree = "<group>"; };
		OBJ_52 /* CwlScalarScannerTests.swift */ = {isa = PBXFileReference; lastKnownFileType = sourcecode.swift; path = CwlScalarScannerTests.swift; sourceTree = "<group>"; };
		OBJ_53 /* CwlStackFrameTests.swift */ = {isa = PBXFileReference; lastKnownFileType = sourcecode.swift; path = CwlStackFrameTests.swift; sourceTree = "<group>"; };
		OBJ_54 /* CwlSysctlTests.swift */ = {isa = PBXFileReference; lastKnownFileType = sourcecode.swift; path = CwlSysctlTests.swift; sourceTree = "<group>"; };
		OBJ_55 /* CwlUnanticipatedErrorTests.swift */ = {isa = PBXFileReference; lastKnownFileType = sourcecode.swift; path = CwlUnanticipatedErrorTests.swift; sourceTree = "<group>"; };
		OBJ_56 /* CwlWrapperTests.swift */ = {isa = PBXFileReference; lastKnownFileType = sourcecode.swift; path = CwlWrapperTests.swift; sourceTree = "<group>"; };
		OBJ_86 /* CwlUtils_macOSTests.xctest */ = {isa = PBXFileReference; explicitFileType = wrapper.cfbundle; path = CwlUtils_macOSTests.xctest; sourceTree = BUILT_PRODUCTS_DIR; };
/* End PBXFileReference section */

/* Begin PBXFrameworksBuildPhase section */
		C94D2B9221919BEA00B6D53B /* Frameworks */ = {
			isa = PBXFrameworksBuildPhase;
			buildActionMask = 0;
			files = (
				C94D2B9321919BEA00B6D53B /* CwlPreconditionTesting.framework in Frameworks */,
				C94D2B9421919BEA00B6D53B /* CwlUtils.framework in Frameworks */,
				C94D2B9521919BEA00B6D53B /* CwlCatchException.framework in Frameworks */,
			);
			runOnlyForDeploymentPostprocessing = 0;
		};
		C95A77241E4187E600659DBD /* Frameworks */ = {
			isa = PBXFrameworksBuildPhase;
			buildActionMask = 2147483647;
			files = (
			);
			runOnlyForDeploymentPostprocessing = 0;
		};
		C95A77341E4187E700659DBD /* Frameworks */ = {
			isa = PBXFrameworksBuildPhase;
			buildActionMask = 2147483647;
			files = (
			);
			runOnlyForDeploymentPostprocessing = 0;
		};
		C95A77451E4187FB00659DBD /* Frameworks */ = {
			isa = PBXFrameworksBuildPhase;
			buildActionMask = 2147483647;
			files = (
			);
			runOnlyForDeploymentPostprocessing = 0;
		};
		C95A77581E4187FB00659DBD /* Frameworks */ = {
			isa = PBXFrameworksBuildPhase;
			buildActionMask = 2147483647;
			files = (
			);
			runOnlyForDeploymentPostprocessing = 0;
		};
		C95BDEAF1E41688B00AAA64B /* Frameworks */ = {
			isa = PBXFrameworksBuildPhase;
			buildActionMask = 0;
			files = (
			);
			runOnlyForDeploymentPostprocessing = 0;
		};
		C95BDED61E4168B800AAA64B /* Frameworks */ = {
			isa = PBXFrameworksBuildPhase;
			buildActionMask = 0;
			files = (
				C9075588219128DA00C34A11 /* CwlPreconditionTesting.framework in Frameworks */,
				C9DD3DA91E41E26600E23B15 /* CwlUtils.framework in Frameworks */,
				C98AE77E21624464004259B6 /* CwlCatchException.framework in Frameworks */,
			);
			runOnlyForDeploymentPostprocessing = 0;
		};
		OBJ_220 /* Frameworks */ = {
			isa = PBXFrameworksBuildPhase;
			buildActionMask = 0;
			files = (
				C9075587219128D100C34A11 /* CwlUtils.framework in Frameworks */,
				C98AE774216243CC004259B6 /* CwlCatchException.framework in Frameworks */,
				C98C44CC2160EEBA0028B2AC /* CwlPreconditionTesting.framework in Frameworks */,
			);
			runOnlyForDeploymentPostprocessing = 0;
		};
/* End PBXFrameworksBuildPhase section */

/* Begin PBXGroup section */
		C95A77281E4187E600659DBD /* CwlUtils_macOSTestApp */ = {
			isa = PBXGroup;
			children = (
				C95A77291E4187E600659DBD /* AppDelegate.swift */,
				C95A772B1E4187E600659DBD /* ViewController.swift */,
				C95A772D1E4187E600659DBD /* Assets.xcassets */,
				C95A772F1E4187E600659DBD /* Main.storyboard */,
				C95A77321E4187E600659DBD /* Info.plist */,
			);
			name = CwlUtils_macOSTestApp;
			path = Tests/CwlUtils_macOSTestApp;
			sourceTree = "<group>";
		};
		C95A773A1E4187E700659DBD /* CwlUtils_macOSTestAppUITests */ = {
			isa = PBXGroup;
			children = (
				C95A773B1E4187E700659DBD /* CwlUtils_macOSTestAppUITests.swift */,
			);
			name = CwlUtils_macOSTestAppUITests;
			path = Tests/CwlUtils_macOSTestAppUITests;
			sourceTree = "<group>";
		};
		C95A77491E4187FB00659DBD /* CwlUtils_iOSTestApp */ = {
			isa = PBXGroup;
			children = (
				C95A774A1E4187FB00659DBD /* AppDelegate.swift */,
				C95A774C1E4187FB00659DBD /* ViewController.swift */,
				C95A774E1E4187FB00659DBD /* Main.storyboard */,
				C95A77511E4187FB00659DBD /* Assets.xcassets */,
				C95A77531E4187FB00659DBD /* LaunchScreen.storyboard */,
				C95A77561E4187FB00659DBD /* Info.plist */,
			);
			name = CwlUtils_iOSTestApp;
			path = Tests/CwlUtils_iOSTestApp;
			sourceTree = "<group>";
		};
		C95A775E1E4187FB00659DBD /* CwlUtils_iOSTestAppUITests */ = {
			isa = PBXGroup;
			children = (
				C95A775F1E4187FB00659DBD /* CwlUtils_iOSTestAppUITests.swift */,
			);
			name = CwlUtils_iOSTestAppUITests;
			path = Tests/CwlUtils_iOSTestAppUITests;
			sourceTree = "<group>";
		};
		C95BDE911E40B7D800AAA64B /* CwlUtilsPerformanceTests */ = {
			isa = PBXGroup;
			children = (
				C95BDE921E40B7D800AAA64B /* CwlDequePerformanceTests.swift */,
				C95BDE931E40B7D800AAA64B /* CwlMutexPerformanceTests.swift */,
				C95BDE941E40B7D800AAA64B /* CwlRandomPerformanceTests.swift */,
			);
			name = CwlUtilsPerformanceTests;
			path = Tests/CwlUtilsPerformanceTests;
			sourceTree = "<group>";
		};
		C98AE75B21623D17004259B6 /* Frameworks */ = {
			isa = PBXGroup;
			children = (
				C98AE773216243CC004259B6 /* CwlCatchException.framework */,
			);
			name = Frameworks;
			path = ../../../../../../../../Projects/CwlUtils/Dependencies;
			sourceTree = BUILT_PRODUCTS_DIR;
		};
		C98C44AD2160ED800028B2AC /* Dependencies */ = {
			isa = PBXGroup;
			children = (
				C98C44AE2160EE670028B2AC /* CwlPreconditionTesting.xcodeproj */,
				C98AE75B21623D17004259B6 /* Frameworks */,
			);
			path = Dependencies;
			sourceTree = "<group>";
		};
		C98C44AF2160EE670028B2AC /* Products */ = {
			isa = PBXGroup;
			children = (
				C98C44BF2160EE670028B2AC /* CwlPreconditionTesting.framework */,
				C98C44BD2160EE670028B2AC /* CwlPreconditionTesting_iOSTests.xctest */,
				C98C44C12160EE670028B2AC /* CwlPreconditionTesting_macOSTests.xctest */,
				C98C44C92160EE670028B2AC /* CwlPreconditionTesting_tvOSTests.xctest */,
			);
			name = Products;
			sourceTree = "<group>";
		};
		C9D734B6211EB3C300804C4E /* Scripts */ = {
			isa = PBXGroup;
			children = (
				C9D734B7211EB3C300804C4E /* CwlConcat */,
			);
			path = Scripts;
			sourceTree = "<group>";
		};
		C9D734B7211EB3C300804C4E /* CwlConcat */ = {
			isa = PBXGroup;
			children = (
				C9D734B8211EB3C300804C4E /* main.swift */,
			);
			path = CwlConcat;
			sourceTree = "<group>";
		};
		C9EE87C31E4171FD00A7408F /* ReferenceRandomGenerators */ = {
			isa = PBXGroup;
			children = (
				C9EE87C41E4171FD00A7408F /* include */,
				C9EE87C61E4171FD00A7408F /* mt19937-64.c */,
				C9EE87C71E4171FD00A7408F /* xoshiro256starstar.c */,
			);
			name = ReferenceRandomGenerators;
			path = Sources/ReferenceRandomGenerators;
			sourceTree = "<group>";
		};
		C9EE87C41E4171FD00A7408F /* include */ = {
			isa = PBXGroup;
			children = (
				C9EE87C51E4171FD00A7408F /* ReferenceRandomGenerators.h */,
			);
			path = include;
			sourceTree = "<group>";
		};
		OBJ_15 /* CwlUtils */ = {
			isa = PBXGroup;
			children = (
				OBJ_16 /* CwlAddressInfo.swift */,
				OBJ_17 /* CwlCollection.swift */,
				OBJ_18 /* CwlDebugContext.swift */,
				OBJ_19 /* CwlDeferredWork.swift */,
				OBJ_20 /* CwlDeque.swift */,
				OBJ_21 /* CwlDispatch.swift */,
				OBJ_22 /* CwlExec.swift */,
				C910EFEA21F29DB30013639B /* CwlExecutionContext.swift */,
				OBJ_23 /* CwlKeyValueObserver.swift */,
				C95A622A1EA5D90C0059D152 /* CwlLifetime.swift */,
				OBJ_24 /* CwlMutex.swift */,
				OBJ_25 /* CwlOnDelete.swift */,
				OBJ_26 /* CwlRandom.swift */,
				OBJ_27 /* CwlResult.swift */,
				OBJ_28 /* CwlScalarScanner.swift */,
				C910EFF021F29E540013639B /* CwlSerializingContext.swift */,
				OBJ_29 /* CwlStackFrame.swift */,
				OBJ_30 /* CwlSysctl.swift */,
				C95ADE852144CF3900EA820D /* CwlTransformations.swift */,
				OBJ_31 /* CwlUnanticipatedError.swift */,
				C95BDE821E40B64700AAA64B /* CwlUtils.h */,
				OBJ_32 /* CwlWrappers.swift */,
				C9DD3D3B1E41A7D400E23B15 /* Info.plist */,
			);
			name = CwlUtils;
			path = Sources/CwlUtils;
			sourceTree = SOURCE_ROOT;
		};
		OBJ_33 /* CwlFrameAddress */ = {
			isa = PBXGroup;
			children = (
				OBJ_34 /* CwlFrameAddress.c */,
				OBJ_35 /* include */,
			);
			name = CwlFrameAddress;
			path = Sources/CwlFrameAddress;
			sourceTree = SOURCE_ROOT;
		};
		OBJ_35 /* include */ = {
			isa = PBXGroup;
			children = (
				OBJ_36 /* CwlFrameAddress.h */,
			);
			path = include;
			sourceTree = "<group>";
		};
		OBJ_38 /* Tests */ = {
			isa = PBXGroup;
			children = (
				OBJ_39 /* CwlUtilsTests */,
				C95BDE911E40B7D800AAA64B /* CwlUtilsPerformanceTests */,
				C95A77281E4187E600659DBD /* CwlUtils_macOSTestApp */,
				C95A773A1E4187E700659DBD /* CwlUtils_macOSTestAppUITests */,
				C95A77491E4187FB00659DBD /* CwlUtils_iOSTestApp */,
				C95A775E1E4187FB00659DBD /* CwlUtils_iOSTestAppUITests */,
			);
			name = Tests;
			sourceTree = SOURCE_ROOT;
		};
		OBJ_39 /* CwlUtilsTests */ = {
			isa = PBXGroup;
			children = (
				OBJ_40 /* CwlAddressInfoTests.swift */,
				OBJ_41 /* CwlCollectionTests.swift */,
				OBJ_42 /* CwlDebugContextTests.swift */,
				OBJ_43 /* CwlDeferredWorkTests.swift */,
				OBJ_44 /* CwlDequeTests.swift */,
				OBJ_45 /* CwlDispatchTests.swift */,
				OBJ_46 /* CwlExecTests.swift */,
				OBJ_47 /* CwlKeyValueObserverTests.swift */,
				OBJ_48 /* CwlMutexTests.swift */,
				OBJ_49 /* CwlOnDeleteTests.swift */,
				OBJ_50 /* CwlRandomTests.swift */,
				OBJ_51 /* CwlResultTests.swift */,
				OBJ_52 /* CwlScalarScannerTests.swift */,
				OBJ_53 /* CwlStackFrameTests.swift */,
				OBJ_54 /* CwlSysctlTests.swift */,
				OBJ_55 /* CwlUnanticipatedErrorTests.swift */,
				OBJ_56 /* CwlWrapperTests.swift */,
				C9DD3D3D1E41A94100E23B15 /* CwlUtilsTests-BridgingHeader.h */,
				C9DD3D3E1E41A94100E23B15 /* Info.plist */,
			);
			name = CwlUtilsTests;
			path = Tests/CwlUtilsTests;
			sourceTree = SOURCE_ROOT;
		};
		OBJ_5 = {
			isa = PBXGroup;
			children = (
				C98C44AD2160ED800028B2AC /* Dependencies */,
				OBJ_78 /* Products */,
				C9D734B6211EB3C300804C4E /* Scripts */,
				OBJ_7 /* Sources */,
				OBJ_38 /* Tests */,
			);
			sourceTree = "<group>";
		};
		OBJ_7 /* Sources */ = {
			isa = PBXGroup;
			children = (
				OBJ_15 /* CwlUtils */,
				OBJ_33 /* CwlFrameAddress */,
				C9EE87C31E4171FD00A7408F /* ReferenceRandomGenerators */,
			);
			name = Sources;
			sourceTree = SOURCE_ROOT;
		};
		OBJ_78 /* Products */ = {
			isa = PBXGroup;
			children = (
				OBJ_86 /* CwlUtils_macOSTests.xctest */,
				C95A77271E4187E600659DBD /* CwlUtils_macOSTestApp.app */,
				C95A77371E4187E700659DBD /* CwlUtils_macOSTestAppUITests.xctest */,
				C95BDEB61E41688B00AAA64B /* CwlUtils.framework */,
				C95BDEDB1E4168B800AAA64B /* CwlUtils_iOSTests.xctest */,
				C95A77481E4187FB00659DBD /* CwlUtils_iOSTestApp.app */,
				C95A775B1E4187FB00659DBD /* CwlUtils_iOSTestAppUITests.xctest */,
				C94D2B9921919BEA00B6D53B /* CwlUtils_tvOSTests.xctest */,
			);
			name = Products;
			sourceTree = BUILT_PRODUCTS_DIR;
		};
/* End PBXGroup section */

/* Begin PBXHeadersBuildPhase section */
		C95BDEB01E41688B00AAA64B /* Headers */ = {
			isa = PBXHeadersBuildPhase;
			buildActionMask = 2147483647;
			files = (
				C95BDEB11E41688B00AAA64B /* CwlFrameAddress.h in Headers */,
				C95BDEB21E41688B00AAA64B /* CwlUtils.h in Headers */,
			);
			runOnlyForDeploymentPostprocessing = 0;
		};
/* End PBXHeadersBuildPhase section */

/* Begin PBXNativeTarget section */
		C94D2B7B21919BEA00B6D53B /* CwlUtils_tvOSTests */ = {
			isa = PBXNativeTarget;
			buildConfigurationList = C94D2B9621919BEA00B6D53B /* Build configuration list for PBXNativeTarget "CwlUtils_tvOSTests" */;
			buildPhases = (
				C94D2B7E21919BEA00B6D53B /* Sources */,
				C94D2B9221919BEA00B6D53B /* Frameworks */,
			);
			buildRules = (
			);
			dependencies = (
				C94D2B7C21919BEA00B6D53B /* PBXTargetDependency */,
			);
			name = CwlUtils_tvOSTests;
			productName = CwlUtilsTests;
			productReference = C94D2B9921919BEA00B6D53B /* CwlUtils_tvOSTests.xctest */;
			productType = "com.apple.product-type.bundle.unit-test";
		};
		C95A77261E4187E600659DBD /* CwlUtils_macOSTestApp */ = {
			isa = PBXNativeTarget;
			buildConfigurationList = C95A773E1E4187E700659DBD /* Build configuration list for PBXNativeTarget "CwlUtils_macOSTestApp" */;
			buildPhases = (
				C95A77231E4187E600659DBD /* Sources */,
				C95A77241E4187E600659DBD /* Frameworks */,
				C95A77251E4187E600659DBD /* Resources */,
				C95A776E1E418EB600659DBD /* Copy CwlUtils to the test app Frameworks folder */,
			);
			buildRules = (
			);
			dependencies = (
			);
			name = CwlUtils_macOSTestApp;
			productName = CwlUtils_macOSTestApp;
			productReference = C95A77271E4187E600659DBD /* CwlUtils_macOSTestApp.app */;
			productType = "com.apple.product-type.application";
		};
		C95A77361E4187E700659DBD /* CwlUtils_macOSTestAppUITests */ = {
			isa = PBXNativeTarget;
			buildConfigurationList = C95A77411E4187E700659DBD /* Build configuration list for PBXNativeTarget "CwlUtils_macOSTestAppUITests" */;
			buildPhases = (
				C95A77331E4187E700659DBD /* Sources */,
				C95A77341E4187E700659DBD /* Frameworks */,
				C95A77351E4187E700659DBD /* Resources */,
			);
			buildRules = (
			);
			dependencies = (
				C95A77391E4187E700659DBD /* PBXTargetDependency */,
			);
			name = CwlUtils_macOSTestAppUITests;
			productName = CwlUtils_macOSTestAppUITests;
			productReference = C95A77371E4187E700659DBD /* CwlUtils_macOSTestAppUITests.xctest */;
			productType = "com.apple.product-type.bundle.ui-testing";
		};
		C95A77471E4187FB00659DBD /* CwlUtils_iOSTestApp */ = {
			isa = PBXNativeTarget;
			buildConfigurationList = C95A77621E4187FB00659DBD /* Build configuration list for PBXNativeTarget "CwlUtils_iOSTestApp" */;
			buildPhases = (
				C95A77441E4187FB00659DBD /* Sources */,
				C95A77451E4187FB00659DBD /* Frameworks */,
				C95A77461E4187FB00659DBD /* Resources */,
				C95A77711E418F4300659DBD /* Copy CwlUtils to the test app Frameworks folder */,
			);
			buildRules = (
			);
			dependencies = (
			);
			name = CwlUtils_iOSTestApp;
			productName = CwlUtils_iOSTestApp;
			productReference = C95A77481E4187FB00659DBD /* CwlUtils_iOSTestApp.app */;
			productType = "com.apple.product-type.application";
		};
		C95A775A1E4187FB00659DBD /* CwlUtils_iOSTestAppUITests */ = {
			isa = PBXNativeTarget;
			buildConfigurationList = C95A77651E4187FB00659DBD /* Build configuration list for PBXNativeTarget "CwlUtils_iOSTestAppUITests" */;
			buildPhases = (
				C95A77571E4187FB00659DBD /* Sources */,
				C95A77581E4187FB00659DBD /* Frameworks */,
				C95A77591E4187FB00659DBD /* Resources */,
			);
			buildRules = (
			);
			dependencies = (
				C95A775D1E4187FB00659DBD /* PBXTargetDependency */,
			);
			name = CwlUtils_iOSTestAppUITests;
			productName = CwlUtils_iOSTestAppUITests;
			productReference = C95A775B1E4187FB00659DBD /* CwlUtils_iOSTestAppUITests.xctest */;
			productType = "com.apple.product-type.bundle.ui-testing";
		};
		C95BDE9A1E41688B00AAA64B /* CwlUtils */ = {
			isa = PBXNativeTarget;
			buildConfigurationList = C95BDEB31E41688B00AAA64B /* Build configuration list for PBXNativeTarget "CwlUtils" */;
			buildPhases = (
				C95BDE9C1E41688B00AAA64B /* Sources */,
				C95BDEAF1E41688B00AAA64B /* Frameworks */,
				C95BDEB01E41688B00AAA64B /* Headers */,
			);
			buildRules = (
			);
			dependencies = (
			);
			name = CwlUtils;
			productName = CwlUtils;
			productReference = C95BDEB61E41688B00AAA64B /* CwlUtils.framework */;
			productType = "com.apple.product-type.framework";
		};
		C95BDEB81E4168B800AAA64B /* CwlUtils_iOSTests */ = {
			isa = PBXNativeTarget;
			buildConfigurationList = C95BDED81E4168B800AAA64B /* Build configuration list for PBXNativeTarget "CwlUtils_iOSTests" */;
			buildPhases = (
				C95BDEBB1E4168B800AAA64B /* Sources */,
				C95BDED61E4168B800AAA64B /* Frameworks */,
			);
			buildRules = (
			);
			dependencies = (
				C9EE87C21E4171D400A7408F /* PBXTargetDependency */,
			);
			name = CwlUtils_iOSTests;
			productName = CwlUtilsTests;
			productReference = C95BDEDB1E4168B800AAA64B /* CwlUtils_iOSTests.xctest */;
			productType = "com.apple.product-type.bundle.unit-test";
		};
		OBJ_198 /* CwlUtils_macOSTests */ = {
			isa = PBXNativeTarget;
			buildConfigurationList = OBJ_199 /* Build configuration list for PBXNativeTarget "CwlUtils_macOSTests" */;
			buildPhases = (
				OBJ_202 /* Sources */,
				OBJ_220 /* Frameworks */,
			);
			buildRules = (
			);
			dependencies = (
			);
			name = CwlUtils_macOSTests;
			productName = CwlUtilsTests;
			productReference = OBJ_86 /* CwlUtils_macOSTests.xctest */;
			productType = "com.apple.product-type.bundle.unit-test";
		};
/* End PBXNativeTarget section */

/* Begin PBXProject section */
		OBJ_1 /* Project object */ = {
			isa = PBXProject;
			attributes = {
				LastSwiftUpdateCheck = 0900;
				LastUpgradeCheck = 1010;
				ORGANIZATIONNAME = "Matt Gallagher ( https://www.cocoawithlove.com )";
				TargetAttributes = {
					C95A77261E4187E600659DBD = {
						CreatedOnToolsVersion = 8.3;
					};
					C95A77361E4187E700659DBD = {
						CreatedOnToolsVersion = 8.3;
						ProvisioningStyle = Automatic;
						TestTargetID = C95A77261E4187E600659DBD;
					};
					C95A77471E4187FB00659DBD = {
						CreatedOnToolsVersion = 8.3;
					};
					C95A775A1E4187FB00659DBD = {
						CreatedOnToolsVersion = 8.3;
						TestTargetID = C95A77471E4187FB00659DBD;
					};
					C9DE4E1521325B1800CE7DAF = {
						CreatedOnToolsVersion = 10.0;
						ProvisioningStyle = Automatic;
					};
					OBJ_198 = {
						LastSwiftMigration = 0900;
					};
				};
			};
			buildConfigurationList = OBJ_2 /* Build configuration list for PBXProject "CwlUtils" */;
			compatibilityVersion = "Xcode 3.2";
			developmentRegion = English;
			hasScannedForEncodings = 0;
			knownRegions = (
				en,
				Base,
			);
			mainGroup = OBJ_5;
			productRefGroup = OBJ_78 /* Products */;
			projectDirPath = "";
			projectReferences = (
				{
					ProductGroup = C98C44AF2160EE670028B2AC /* Products */;
					ProjectRef = C98C44AE2160EE670028B2AC /* CwlPreconditionTesting.xcodeproj */;
				},
			);
			projectRoot = "";
			targets = (
				C95BDE9A1E41688B00AAA64B /* CwlUtils */,
				C95BDEB81E4168B800AAA64B /* CwlUtils_iOSTests */,
				C95A77471E4187FB00659DBD /* CwlUtils_iOSTestApp */,
				C95A775A1E4187FB00659DBD /* CwlUtils_iOSTestAppUITests */,
				OBJ_198 /* CwlUtils_macOSTests */,
				C95A77261E4187E600659DBD /* CwlUtils_macOSTestApp */,
				C95A77361E4187E700659DBD /* CwlUtils_macOSTestAppUITests */,
				C94D2B7B21919BEA00B6D53B /* CwlUtils_tvOSTests */,
				C9DE4E1521325B1800CE7DAF /* CwlUtilsConcat */,
			);
		};
/* End PBXProject section */

/* Begin PBXReferenceProxy section */
		C98C44BD2160EE670028B2AC /* CwlPreconditionTesting_iOSTests.xctest */ = {
			isa = PBXReferenceProxy;
			fileType = wrapper.cfbundle;
			path = CwlPreconditionTesting_iOSTests.xctest;
			remoteRef = C98C44BC2160EE670028B2AC /* PBXContainerItemProxy */;
			sourceTree = BUILT_PRODUCTS_DIR;
		};
		C98C44BF2160EE670028B2AC /* CwlPreconditionTesting.framework */ = {
			isa = PBXReferenceProxy;
			fileType = wrapper.framework;
			path = CwlPreconditionTesting.framework;
			remoteRef = C98C44BE2160EE670028B2AC /* PBXContainerItemProxy */;
			sourceTree = BUILT_PRODUCTS_DIR;
		};
		C98C44C12160EE670028B2AC /* CwlPreconditionTesting_macOSTests.xctest */ = {
			isa = PBXReferenceProxy;
			fileType = wrapper.cfbundle;
			path = CwlPreconditionTesting_macOSTests.xctest;
			remoteRef = C98C44C02160EE670028B2AC /* PBXContainerItemProxy */;
			sourceTree = BUILT_PRODUCTS_DIR;
		};
		C98C44C92160EE670028B2AC /* CwlPreconditionTesting_tvOSTests.xctest */ = {
			isa = PBXReferenceProxy;
			fileType = wrapper.cfbundle;
			path = CwlPreconditionTesting_tvOSTests.xctest;
			remoteRef = C98C44C82160EE670028B2AC /* PBXContainerItemProxy */;
			sourceTree = BUILT_PRODUCTS_DIR;
		};
/* End PBXReferenceProxy section */

/* Begin PBXResourcesBuildPhase section */
		C95A77251E4187E600659DBD /* Resources */ = {
			isa = PBXResourcesBuildPhase;
			buildActionMask = 2147483647;
			files = (
				C907558A219128FC00C34A11 /* CwlUtils.framework in Resources */,
				C95A772E1E4187E600659DBD /* Assets.xcassets in Resources */,
				C95A77311E4187E600659DBD /* Main.storyboard in Resources */,
			);
			runOnlyForDeploymentPostprocessing = 0;
		};
		C95A77351E4187E700659DBD /* Resources */ = {
			isa = PBXResourcesBuildPhase;
			buildActionMask = 2147483647;
			files = (
			);
			runOnlyForDeploymentPostprocessing = 0;
		};
		C95A77461E4187FB00659DBD /* Resources */ = {
			isa = PBXResourcesBuildPhase;
			buildActionMask = 2147483647;
			files = (
				C9075589219128EF00C34A11 /* CwlUtils.framework in Resources */,
				C95A77551E4187FB00659DBD /* LaunchScreen.storyboard in Resources */,
				C95A77521E4187FB00659DBD /* Assets.xcassets in Resources */,
				C95A77501E4187FB00659DBD /* Main.storyboard in Resources */,
			);
			runOnlyForDeploymentPostprocessing = 0;
		};
		C95A77591E4187FB00659DBD /* Resources */ = {
			isa = PBXResourcesBuildPhase;
			buildActionMask = 2147483647;
			files = (
			);
			runOnlyForDeploymentPostprocessing = 0;
		};
/* End PBXResourcesBuildPhase section */

/* Begin PBXShellScriptBuildPhase section */
		C9DE4E1921325B2700CE7DAF /* Run CwlConcat/main.swift to concatenate CwlUtils */ = {
			isa = PBXShellScriptBuildPhase;
			buildActionMask = 2147483647;
			files = (
			);
			inputPaths = (
			);
			name = "Run CwlConcat/main.swift to concatenate CwlUtils";
			outputPaths = (
			);
			runOnlyForDeploymentPostprocessing = 0;
			shellPath = /bin/sh;
			shellScript = "/usr/bin/xcrun --sdk macosx swift \"$SRCROOT/Scripts/CwlConcat/main.swift\" -f CwlUtils -n CwlUtils.swift -x \"$SRCROOT/Sources/CwlUtils/CwlStackFrame.swift\" -x \"$SRCROOT/Sources/CwlUtils/CwlUnanticipatedError.swift\" -i \"$SRCROOT/Sources/CwlUtils\"\n";
		};
/* End PBXShellScriptBuildPhase section */

/* Begin PBXSourcesBuildPhase section */
		C94D2B7E21919BEA00B6D53B /* Sources */ = {
			isa = PBXSourcesBuildPhase;
			buildActionMask = 0;
			files = (
				C94D2B7F21919BEA00B6D53B /* CwlAddressInfoTests.swift in Sources */,
				C94D2B8021919BEA00B6D53B /* CwlCollectionTests.swift in Sources */,
				C94D2B8121919BEA00B6D53B /* CwlDebugContextTests.swift in Sources */,
				C94D2B8221919BEA00B6D53B /* CwlDeferredWorkTests.swift in Sources */,
				C94D2B8321919BEA00B6D53B /* CwlDequeTests.swift in Sources */,
				C94D2B8421919BEA00B6D53B /* CwlDispatchTests.swift in Sources */,
				C94D2B8521919BEA00B6D53B /* CwlExecTests.swift in Sources */,
				C94D2B8621919BEA00B6D53B /* CwlKeyValueObserverTests.swift in Sources */,
				C94D2B8721919BEA00B6D53B /* CwlMutexTests.swift in Sources */,
				C94D2B8821919BEA00B6D53B /* CwlOnDeleteTests.swift in Sources */,
				C94D2B8921919BEA00B6D53B /* CwlRandomTests.swift in Sources */,
				C94D2B8A21919BEA00B6D53B /* mt19937-64.c in Sources */,
				C94D2B8B21919BEA00B6D53B /* CwlResultTests.swift in Sources */,
				C94D2B8C21919BEA00B6D53B /* xoshiro256starstar.c in Sources */,
				C94D2B8D21919BEA00B6D53B /* CwlScalarScannerTests.swift in Sources */,
				C94D2B8E21919BEA00B6D53B /* CwlStackFrameTests.swift in Sources */,
				C94D2B8F21919BEA00B6D53B /* CwlSysctlTests.swift in Sources */,
				C94D2B9021919BEA00B6D53B /* CwlUnanticipatedErrorTests.swift in Sources */,
				C94D2B9121919BEA00B6D53B /* CwlWrapperTests.swift in Sources */,
			);
			runOnlyForDeploymentPostprocessing = 0;
		};
		C95A77231E4187E600659DBD /* Sources */ = {
			isa = PBXSourcesBuildPhase;
			buildActionMask = 2147483647;
			files = (
				C95A772C1E4187E600659DBD /* ViewController.swift in Sources */,
				C95A772A1E4187E600659DBD /* AppDelegate.swift in Sources */,
			);
			runOnlyForDeploymentPostprocessing = 0;
		};
		C95A77331E4187E700659DBD /* Sources */ = {
			isa = PBXSourcesBuildPhase;
			buildActionMask = 2147483647;
			files = (
				C95A773C1E4187E700659DBD /* CwlUtils_macOSTestAppUITests.swift in Sources */,
			);
			runOnlyForDeploymentPostprocessing = 0;
		};
		C95A77441E4187FB00659DBD /* Sources */ = {
			isa = PBXSourcesBuildPhase;
			buildActionMask = 2147483647;
			files = (
				C95A774D1E4187FB00659DBD /* ViewController.swift in Sources */,
				C95A774B1E4187FB00659DBD /* AppDelegate.swift in Sources */,
			);
			runOnlyForDeploymentPostprocessing = 0;
		};
		C95A77571E4187FB00659DBD /* Sources */ = {
			isa = PBXSourcesBuildPhase;
			buildActionMask = 2147483647;
			files = (
				C95A77601E4187FB00659DBD /* CwlUtils_iOSTestAppUITests.swift in Sources */,
			);
			runOnlyForDeploymentPostprocessing = 0;
		};
		C95BDE9C1E41688B00AAA64B /* Sources */ = {
			isa = PBXSourcesBuildPhase;
			buildActionMask = 0;
			files = (
				C910EFF121F29E540013639B /* CwlSerializingContext.swift in Sources */,
				C95BDE9D1E41688B00AAA64B /* CwlAddressInfo.swift in Sources */,
				C95BDE9E1E41688B00AAA64B /* CwlCollection.swift in Sources */,
				C95BDE9F1E41688B00AAA64B /* CwlDebugContext.swift in Sources */,
				C95BDEA01E41688B00AAA64B /* CwlDeferredWork.swift in Sources */,
				C910EFEB21F29DB30013639B /* CwlExecutionContext.swift in Sources */,
				C95BDEA21E41688B00AAA64B /* CwlDispatch.swift in Sources */,
				C95BDEA31E41688B00AAA64B /* CwlExec.swift in Sources */,
				C95BDEA41E41688B00AAA64B /* CwlKeyValueObserver.swift in Sources */,
				C95BDEA51E41688B00AAA64B /* CwlMutex.swift in Sources */,
				C95BDEA61E41688B00AAA64B /* CwlOnDelete.swift in Sources */,
				C95BDEA71E41688B00AAA64B /* CwlRandom.swift in Sources */,
				C95BDEA81E41688B00AAA64B /* CwlResult.swift in Sources */,
				C9E6BD58217C177A006DF3C6 /* CwlDeque.swift in Sources */,
				C95BDEA91E41688B00AAA64B /* CwlScalarScanner.swift in Sources */,
				C95BDEAA1E41688B00AAA64B /* CwlStackFrame.swift in Sources */,
				C95A622C1EA5D90C0059D152 /* CwlLifetime.swift in Sources */,
				C95ADE862144CF3900EA820D /* CwlTransformations.swift in Sources */,
				C95BDEAB1E41688B00AAA64B /* CwlSysctl.swift in Sources */,
				C95BDEAC1E41688B00AAA64B /* CwlUnanticipatedError.swift in Sources */,
				C95BDEAD1E41688B00AAA64B /* CwlWrappers.swift in Sources */,
				C95BDEAE1E41688B00AAA64B /* CwlFrameAddress.c in Sources */,
			);
			runOnlyForDeploymentPostprocessing = 0;
		};
		C95BDEBB1E4168B800AAA64B /* Sources */ = {
			isa = PBXSourcesBuildPhase;
			buildActionMask = 0;
			files = (
				C95BDEBC1E4168B800AAA64B /* CwlAddressInfoTests.swift in Sources */,
				C95BDEBD1E4168B800AAA64B /* CwlCollectionTests.swift in Sources */,
				C95BDEBF1E4168B800AAA64B /* CwlDebugContextTests.swift in Sources */,
				C95BDEC01E4168B800AAA64B /* CwlDeferredWorkTests.swift in Sources */,
				C95BDEC11E4168B800AAA64B /* CwlDequeTests.swift in Sources */,
				C95BDEC21E4168B800AAA64B /* CwlDispatchTests.swift in Sources */,
				C95BDEC31E4168B800AAA64B /* CwlExecTests.swift in Sources */,
				C95BDEC71E4168B800AAA64B /* CwlKeyValueObserverTests.swift in Sources */,
				C95BDEC81E4168B800AAA64B /* CwlMutexTests.swift in Sources */,
				C95BDECA1E4168B800AAA64B /* CwlOnDeleteTests.swift in Sources */,
				C95BDECB1E4168B800AAA64B /* CwlRandomTests.swift in Sources */,
				C973087F217C9840001EF603 /* mt19937-64.c in Sources */,
				C95BDECC1E4168B800AAA64B /* CwlResultTests.swift in Sources */,
				C9EE87CB1E4171FD00A7408F /* xoshiro256starstar.c in Sources */,
				C95BDECE1E4168B800AAA64B /* CwlScalarScannerTests.swift in Sources */,
				C95BDECF1E4168B800AAA64B /* CwlStackFrameTests.swift in Sources */,
				C95BDED11E4168B800AAA64B /* CwlSysctlTests.swift in Sources */,
				C95BDED41E4168B800AAA64B /* CwlUnanticipatedErrorTests.swift in Sources */,
				C95BDED51E4168B800AAA64B /* CwlWrapperTests.swift in Sources */,
			);
			runOnlyForDeploymentPostprocessing = 0;
		};
		OBJ_202 /* Sources */ = {
			isa = PBXSourcesBuildPhase;
			buildActionMask = 0;
			files = (
				OBJ_203 /* CwlAddressInfoTests.swift in Sources */,
				OBJ_204 /* CwlCollectionTests.swift in Sources */,
				OBJ_205 /* CwlDebugContextTests.swift in Sources */,
				OBJ_206 /* CwlDeferredWorkTests.swift in Sources */,
				OBJ_207 /* CwlDequeTests.swift in Sources */,
				OBJ_208 /* CwlDispatchTests.swift in Sources */,
				OBJ_209 /* CwlExecTests.swift in Sources */,
				OBJ_210 /* CwlKeyValueObserverTests.swift in Sources */,
				OBJ_211 /* CwlMutexTests.swift in Sources */,
				OBJ_212 /* CwlOnDeleteTests.swift in Sources */,
				OBJ_213 /* CwlRandomTests.swift in Sources */,
				OBJ_214 /* CwlResultTests.swift in Sources */,
				C9EE87CA1E4171FD00A7408F /* xoshiro256starstar.c in Sources */,
				OBJ_215 /* CwlScalarScannerTests.swift in Sources */,
				OBJ_216 /* CwlStackFrameTests.swift in Sources */,
				OBJ_217 /* CwlSysctlTests.swift in Sources */,
				C9730880217C9841001EF603 /* mt19937-64.c in Sources */,
				OBJ_218 /* CwlUnanticipatedErrorTests.swift in Sources */,
				OBJ_219 /* CwlWrapperTests.swift in Sources */,
			);
			runOnlyForDeploymentPostprocessing = 0;
		};
/* End PBXSourcesBuildPhase section */

/* Begin PBXTargetDependency section */
		C94D2B7C21919BEA00B6D53B /* PBXTargetDependency */ = {
			isa = PBXTargetDependency;
			target = C95BDE9A1E41688B00AAA64B /* CwlUtils */;
			targetProxy = C94D2B7D21919BEA00B6D53B /* PBXContainerItemProxy */;
		};
		C95A77391E4187E700659DBD /* PBXTargetDependency */ = {
			isa = PBXTargetDependency;
			target = C95A77261E4187E600659DBD /* CwlUtils_macOSTestApp */;
			targetProxy = C95A77381E4187E700659DBD /* PBXContainerItemProxy */;
		};
		C95A775D1E4187FB00659DBD /* PBXTargetDependency */ = {
			isa = PBXTargetDependency;
			target = C95A77471E4187FB00659DBD /* CwlUtils_iOSTestApp */;
			targetProxy = C95A775C1E4187FB00659DBD /* PBXContainerItemProxy */;
		};
		C9EE87C21E4171D400A7408F /* PBXTargetDependency */ = {
			isa = PBXTargetDependency;
			target = C95BDE9A1E41688B00AAA64B /* CwlUtils */;
			targetProxy = C9EE87C11E4171D400A7408F /* PBXContainerItemProxy */;
		};
/* End PBXTargetDependency section */

/* Begin PBXVariantGroup section */
		C95A772F1E4187E600659DBD /* Main.storyboard */ = {
			isa = PBXVariantGroup;
			children = (
				C95A77301E4187E600659DBD /* Base */,
			);
			name = Main.storyboard;
			sourceTree = "<group>";
		};
		C95A774E1E4187FB00659DBD /* Main.storyboard */ = {
			isa = PBXVariantGroup;
			children = (
				C95A774F1E4187FB00659DBD /* Base */,
			);
			name = Main.storyboard;
			sourceTree = "<group>";
		};
		C95A77531E4187FB00659DBD /* LaunchScreen.storyboard */ = {
			isa = PBXVariantGroup;
			children = (
				C95A77541E4187FB00659DBD /* Base */,
			);
			name = LaunchScreen.storyboard;
			sourceTree = "<group>";
		};
/* End PBXVariantGroup section */

/* Begin XCBuildConfiguration section */
		C94D2B9721919BEA00B6D53B /* Debug */ = {
			isa = XCBuildConfiguration;
			buildSettings = {
				ALWAYS_EMBED_SWIFT_STANDARD_LIBRARIES = YES;
				INFOPLIST_FILE = "$(SRCROOT)/Tests/CwlUtilsTests/Info.plist";
				IPHONEOS_DEPLOYMENT_TARGET = 9.0;
				LD_RUNPATH_SEARCH_PATHS = "$(inherited) @executable_path/Frameworks @loader_path/Frameworks";
				PRODUCT_BUNDLE_IDENTIFIER = "com.cocoawithlove.CwlUtils-iOSTests";
				PRODUCT_NAME = "$(TARGET_NAME)";
				SDKROOT = appletvos;
				SWIFT_OBJC_BRIDGING_HEADER = "Tests/CwlUtilsTests/CwlUtilsTests-BridgingHeader.h";
			};
			name = Debug;
		};
		C94D2B9821919BEA00B6D53B /* Release */ = {
			isa = XCBuildConfiguration;
			buildSettings = {
				ALWAYS_EMBED_SWIFT_STANDARD_LIBRARIES = YES;
				INFOPLIST_FILE = "$(SRCROOT)/Tests/CwlUtilsTests/Info.plist";
				IPHONEOS_DEPLOYMENT_TARGET = 9.0;
				LD_RUNPATH_SEARCH_PATHS = "$(inherited) @executable_path/Frameworks @loader_path/Frameworks";
				PRODUCT_BUNDLE_IDENTIFIER = "com.cocoawithlove.CwlUtils-iOSTests";
				PRODUCT_NAME = "$(TARGET_NAME)";
				SDKROOT = appletvos;
				SWIFT_OBJC_BRIDGING_HEADER = "Tests/CwlUtilsTests/CwlUtilsTests-BridgingHeader.h";
			};
			name = Release;
		};
		C95A773F1E4187E700659DBD /* Debug */ = {
			isa = XCBuildConfiguration;
			buildSettings = {
				ASSETCATALOG_COMPILER_APPICON_NAME = AppIcon;
				CLANG_ENABLE_MODULES = YES;
				INFOPLIST_FILE = Tests/CwlUtils_macOSTestApp/Info.plist;
				LD_RUNPATH_SEARCH_PATHS = "$(inherited) @executable_path/../Frameworks";
				PRODUCT_BUNDLE_IDENTIFIER = "com.cocoawithlove.CwlUtils-macOSTestApp";
				PRODUCT_NAME = "$(TARGET_NAME)";
				SDKROOT = macosx;
			};
			name = Debug;
		};
		C95A77401E4187E700659DBD /* Release */ = {
			isa = XCBuildConfiguration;
			buildSettings = {
				ASSETCATALOG_COMPILER_APPICON_NAME = AppIcon;
				CLANG_ENABLE_MODULES = YES;
				INFOPLIST_FILE = Tests/CwlUtils_macOSTestApp/Info.plist;
				LD_RUNPATH_SEARCH_PATHS = "$(inherited) @executable_path/../Frameworks";
				PRODUCT_BUNDLE_IDENTIFIER = "com.cocoawithlove.CwlUtils-macOSTestApp";
				PRODUCT_NAME = "$(TARGET_NAME)";
				SDKROOT = macosx;
			};
			name = Release;
		};
		C95A77421E4187E700659DBD /* Debug */ = {
			isa = XCBuildConfiguration;
			buildSettings = {
				CODE_SIGN_IDENTITY = "-";
				CODE_SIGN_STYLE = Automatic;
				INFOPLIST_FILE = Tests/CwlUtilsTests/Info.plist;
				LD_RUNPATH_SEARCH_PATHS = "$(inherited) @executable_path/../Frameworks @loader_path/../Frameworks";
				MACOSX_DEPLOYMENT_TARGET = 10.11;
				PRODUCT_BUNDLE_IDENTIFIER = "com.cocoawithlove.CwlUtils-macOSTestAppUITests";
				PRODUCT_NAME = "$(TARGET_NAME)";
				SDKROOT = macosx;
				TEST_TARGET_NAME = CwlUtils_macOSTestApp;
			};
			name = Debug;
		};
		C95A77431E4187E700659DBD /* Release */ = {
			isa = XCBuildConfiguration;
			buildSettings = {
				CODE_SIGN_IDENTITY = "-";
				CODE_SIGN_STYLE = Automatic;
				INFOPLIST_FILE = Tests/CwlUtilsTests/Info.plist;
				LD_RUNPATH_SEARCH_PATHS = "$(inherited) @executable_path/../Frameworks @loader_path/../Frameworks";
				MACOSX_DEPLOYMENT_TARGET = 10.11;
				PRODUCT_BUNDLE_IDENTIFIER = "com.cocoawithlove.CwlUtils-macOSTestAppUITests";
				PRODUCT_NAME = "$(TARGET_NAME)";
				SDKROOT = macosx;
				TEST_TARGET_NAME = CwlUtils_macOSTestApp;
			};
			name = Release;
		};
		C95A77631E4187FB00659DBD /* Debug */ = {
			isa = XCBuildConfiguration;
			buildSettings = {
				ASSETCATALOG_COMPILER_APPICON_NAME = AppIcon;
				INFOPLIST_FILE = Tests/CwlUtils_iOSTestApp/Info.plist;
				IPHONEOS_DEPLOYMENT_TARGET = 9.0;
				LD_RUNPATH_SEARCH_PATHS = "$(inherited) @executable_path/Frameworks";
				PRODUCT_BUNDLE_IDENTIFIER = "com.cocoawithlove.CwlUtils-iOSTestApp";
				PRODUCT_NAME = "$(TARGET_NAME)";
				SDKROOT = iphoneos;
			};
			name = Debug;
		};
		C95A77641E4187FB00659DBD /* Release */ = {
			isa = XCBuildConfiguration;
			buildSettings = {
				ASSETCATALOG_COMPILER_APPICON_NAME = AppIcon;
				INFOPLIST_FILE = Tests/CwlUtils_iOSTestApp/Info.plist;
				IPHONEOS_DEPLOYMENT_TARGET = 9.0;
				LD_RUNPATH_SEARCH_PATHS = "$(inherited) @executable_path/Frameworks";
				PRODUCT_BUNDLE_IDENTIFIER = "com.cocoawithlove.CwlUtils-iOSTestApp";
				PRODUCT_NAME = "$(TARGET_NAME)";
				SDKROOT = iphoneos;
			};
			name = Release;
		};
		C95A77661E4187FB00659DBD /* Debug */ = {
			isa = XCBuildConfiguration;
			buildSettings = {
				INFOPLIST_FILE = Tests/CwlUtilsTests/Info.plist;
				IPHONEOS_DEPLOYMENT_TARGET = 9.0;
				LD_RUNPATH_SEARCH_PATHS = "$(inherited) @executable_path/Frameworks @loader_path/Frameworks";
				PRODUCT_BUNDLE_IDENTIFIER = "com.cocoawithlove.CwlUtils-iOSTestAppUITests";
				PRODUCT_NAME = "$(TARGET_NAME)";
				SDKROOT = iphoneos;
				TEST_TARGET_NAME = CwlUtils_iOSTestApp;
			};
			name = Debug;
		};
		C95A77671E4187FB00659DBD /* Release */ = {
			isa = XCBuildConfiguration;
			buildSettings = {
				INFOPLIST_FILE = Tests/CwlUtilsTests/Info.plist;
				IPHONEOS_DEPLOYMENT_TARGET = 9.0;
				LD_RUNPATH_SEARCH_PATHS = "$(inherited) @executable_path/Frameworks @loader_path/Frameworks";
				PRODUCT_BUNDLE_IDENTIFIER = "com.cocoawithlove.CwlUtils-iOSTestAppUITests";
				PRODUCT_NAME = "$(TARGET_NAME)";
				SDKROOT = iphoneos;
				TEST_TARGET_NAME = CwlUtils_iOSTestApp;
			};
			name = Release;
		};
		C95BDEB41E41688B00AAA64B /* Debug */ = {
			isa = XCBuildConfiguration;
			buildSettings = {
				APPLICATION_EXTENSION_API_ONLY = YES;
				DEFINES_MODULE = YES;
				DYLIB_INSTALL_NAME_BASE = "@rpath";
				INFOPLIST_FILE = "$(SRCROOT)/Sources/CwlUtils/Info.plist";
				LD_RUNPATH_SEARCH_PATHS = "@executable_path/Frameworks @loader_path/Frameworks";
				PRODUCT_BUNDLE_IDENTIFIER = com.cocoawithlove.CwlUtils;
				PRODUCT_NAME = "$(TARGET_NAME)";
				SKIP_INSTALL = YES;
			};
			name = Debug;
		};
		C95BDEB51E41688B00AAA64B /* Release */ = {
			isa = XCBuildConfiguration;
			buildSettings = {
				APPLICATION_EXTENSION_API_ONLY = YES;
				DEFINES_MODULE = YES;
				DYLIB_INSTALL_NAME_BASE = "@rpath";
				INFOPLIST_FILE = "$(SRCROOT)/Sources/CwlUtils/Info.plist";
				LD_RUNPATH_SEARCH_PATHS = "@executable_path/Frameworks @loader_path/Frameworks";
				PRODUCT_BUNDLE_IDENTIFIER = com.cocoawithlove.CwlUtils;
				PRODUCT_NAME = "$(TARGET_NAME)";
				SKIP_INSTALL = YES;
				VALIDATE_PRODUCT = YES;
			};
			name = Release;
		};
		C95BDED91E4168B800AAA64B /* Debug */ = {
			isa = XCBuildConfiguration;
			buildSettings = {
				ALWAYS_EMBED_SWIFT_STANDARD_LIBRARIES = YES;
				INFOPLIST_FILE = Tests/CwlUtilsTests/Info.plist;
				IPHONEOS_DEPLOYMENT_TARGET = 9.0;
				LD_RUNPATH_SEARCH_PATHS = "$(inherited) @executable_path/Frameworks @loader_path/Frameworks";
				PRODUCT_BUNDLE_IDENTIFIER = "com.cocoawithlove.CwlUtils-iOSTests";
				PRODUCT_NAME = "$(TARGET_NAME)";
				SDKROOT = iphoneos;
				SUPPORTED_PLATFORMS = "iphonesimulator iphoneos";
				SWIFT_OBJC_BRIDGING_HEADER = "Tests/CwlUtilsTests/CwlUtilsTests-BridgingHeader.h";
			};
			name = Debug;
		};
		C95BDEDA1E4168B800AAA64B /* Release */ = {
			isa = XCBuildConfiguration;
			buildSettings = {
				ALWAYS_EMBED_SWIFT_STANDARD_LIBRARIES = YES;
				INFOPLIST_FILE = Tests/CwlUtilsTests/Info.plist;
				IPHONEOS_DEPLOYMENT_TARGET = 9.0;
				LD_RUNPATH_SEARCH_PATHS = "$(inherited) @executable_path/Frameworks @loader_path/Frameworks";
				PRODUCT_BUNDLE_IDENTIFIER = "com.cocoawithlove.CwlUtils-iOSTests";
				PRODUCT_NAME = "$(TARGET_NAME)";
				SDKROOT = iphoneos;
				SUPPORTED_PLATFORMS = "iphonesimulator iphoneos";
				SWIFT_OBJC_BRIDGING_HEADER = "Tests/CwlUtilsTests/CwlUtilsTests-BridgingHeader.h";
			};
			name = Release;
		};
		C9DE4E1721325B1800CE7DAF /* Debug */ = {
			isa = XCBuildConfiguration;
			buildSettings = {
				CODE_SIGN_STYLE = Automatic;
				PRODUCT_NAME = "$(TARGET_NAME)";
			};
			name = Debug;
		};
		C9DE4E1821325B1800CE7DAF /* Release */ = {
			isa = XCBuildConfiguration;
			buildSettings = {
				CODE_SIGN_STYLE = Automatic;
				PRODUCT_NAME = "$(TARGET_NAME)";
			};
			name = Release;
		};
		OBJ_200 /* Debug */ = {
			isa = XCBuildConfiguration;
			buildSettings = {
				INFOPLIST_FILE = Tests/CwlUtilsTests/Info.plist;
				LD_RUNPATH_SEARCH_PATHS = "@loader_path/../Frameworks";
				PRODUCT_BUNDLE_IDENTIFIER = "com.cocoawithlove.CwlUtils-macOSTests";
				PRODUCT_NAME = "$(TARGET_NAME)";
				SDKROOT = macosx;
				SWIFT_OBJC_BRIDGING_HEADER = "Tests/CwlUtilsTests/CwlUtilsTests-BridgingHeader.h";
			};
			name = Debug;
		};
		OBJ_201 /* Release */ = {
			isa = XCBuildConfiguration;
			buildSettings = {
				INFOPLIST_FILE = Tests/CwlUtilsTests/Info.plist;
				LD_RUNPATH_SEARCH_PATHS = "@loader_path/../Frameworks";
				PRODUCT_BUNDLE_IDENTIFIER = "com.cocoawithlove.CwlUtils-macOSTests";
				PRODUCT_NAME = "$(TARGET_NAME)";
				SDKROOT = macosx;
				SWIFT_OBJC_BRIDGING_HEADER = "Tests/CwlUtilsTests/CwlUtilsTests-BridgingHeader.h";
			};
			name = Release;
		};
		OBJ_3 /* Debug */ = {
			isa = XCBuildConfiguration;
			buildSettings = {
				ALWAYS_SEARCH_USER_PATHS = NO;
				CLANG_ENABLE_MODULES = YES;
				CLANG_ENABLE_OBJC_ARC = YES;
				COMBINE_HIDPI_IMAGES = YES;
				COPY_PHASE_STRIP = NO;
				DEBUG_INFORMATION_FORMAT = dwarf;
				ENABLE_TESTABILITY = YES;
				GCC_OPTIMIZATION_LEVEL = 0;
				GCC_PREPROCESSOR_DEFINITIONS = "DEBUG=1";
				IPHONEOS_DEPLOYMENT_TARGET = 8.0;
				MACOSX_DEPLOYMENT_TARGET = 10.10;
				ONLY_ACTIVE_ARCH = YES;
				SUPPORTED_PLATFORMS = "macosx watchsimulator watchos appletvsimulator appletvos iphonesimulator iphoneos";
				SWIFT_ACTIVE_COMPILATION_CONDITIONS = DEBUG;
				SWIFT_INSTALL_OBJC_HEADER = NO;
				SWIFT_OPTIMIZATION_LEVEL = "-Onone";
				SWIFT_VERSION = 4.2;
				TARGETED_DEVICE_FAMILY = "1,2,3,4";
				TVOS_DEPLOYMENT_TARGET = 9.0;
				WATCHOS_DEPLOYMENT_TARGET = 2.0;
			};
			name = Debug;
		};
		OBJ_4 /* Release */ = {
			isa = XCBuildConfiguration;
			buildSettings = {
				ALWAYS_SEARCH_USER_PATHS = NO;
				CLANG_ENABLE_MODULES = YES;
				CLANG_ENABLE_OBJC_ARC = YES;
				COMBINE_HIDPI_IMAGES = YES;
				DEBUG_INFORMATION_FORMAT = "dwarf-with-dsym";
				ENABLE_NS_ASSERTIONS = NO;
				IPHONEOS_DEPLOYMENT_TARGET = 8.0;
				MACOSX_DEPLOYMENT_TARGET = 10.10;
				SUPPORTED_PLATFORMS = "macosx watchsimulator watchos appletvsimulator appletvos iphonesimulator iphoneos";
				SWIFT_COMPILATION_MODE = wholemodule;
				SWIFT_INSTALL_OBJC_HEADER = NO;
				SWIFT_VERSION = 4.2;
				TARGETED_DEVICE_FAMILY = "1,2,3,4";
				TVOS_DEPLOYMENT_TARGET = 9.0;
				VALIDATE_PRODUCT = YES;
				WATCHOS_DEPLOYMENT_TARGET = 2.0;
			};
			name = Release;
		};
/* End XCBuildConfiguration section */

/* Begin XCConfigurationList section */
		C94D2B9621919BEA00B6D53B /* Build configuration list for PBXNativeTarget "CwlUtils_tvOSTests" */ = {
			isa = XCConfigurationList;
			buildConfigurations = (
				C94D2B9721919BEA00B6D53B /* Debug */,
				C94D2B9821919BEA00B6D53B /* Release */,
			);
			defaultConfigurationIsVisible = 0;
			defaultConfigurationName = Debug;
		};
		C95A773E1E4187E700659DBD /* Build configuration list for PBXNativeTarget "CwlUtils_macOSTestApp" */ = {
			isa = XCConfigurationList;
			buildConfigurations = (
				C95A773F1E4187E700659DBD /* Debug */,
				C95A77401E4187E700659DBD /* Release */,
			);
			defaultConfigurationIsVisible = 0;
			defaultConfigurationName = Debug;
		};
		C95A77411E4187E700659DBD /* Build configuration list for PBXNativeTarget "CwlUtils_macOSTestAppUITests" */ = {
			isa = XCConfigurationList;
			buildConfigurations = (
				C95A77421E4187E700659DBD /* Debug */,
				C95A77431E4187E700659DBD /* Release */,
			);
			defaultConfigurationIsVisible = 0;
			defaultConfigurationName = Debug;
		};
		C95A77621E4187FB00659DBD /* Build configuration list for PBXNativeTarget "CwlUtils_iOSTestApp" */ = {
			isa = XCConfigurationList;
			buildConfigurations = (
				C95A77631E4187FB00659DBD /* Debug */,
				C95A77641E4187FB00659DBD /* Release */,
			);
			defaultConfigurationIsVisible = 0;
			defaultConfigurationName = Debug;
		};
		C95A77651E4187FB00659DBD /* Build configuration list for PBXNativeTarget "CwlUtils_iOSTestAppUITests" */ = {
			isa = XCConfigurationList;
			buildConfigurations = (
				C95A77661E4187FB00659DBD /* Debug */,
				C95A77671E4187FB00659DBD /* Release */,
			);
			defaultConfigurationIsVisible = 0;
			defaultConfigurationName = Debug;
		};
		C95BDEB31E41688B00AAA64B /* Build configuration list for PBXNativeTarget "CwlUtils" */ = {
			isa = XCConfigurationList;
			buildConfigurations = (
				C95BDEB41E41688B00AAA64B /* Debug */,
				C95BDEB51E41688B00AAA64B /* Release */,
			);
			defaultConfigurationIsVisible = 0;
			defaultConfigurationName = Debug;
		};
		C95BDED81E4168B800AAA64B /* Build configuration list for PBXNativeTarget "CwlUtils_iOSTests" */ = {
			isa = XCConfigurationList;
			buildConfigurations = (
				C95BDED91E4168B800AAA64B /* Debug */,
				C95BDEDA1E4168B800AAA64B /* Release */,
			);
			defaultConfigurationIsVisible = 0;
			defaultConfigurationName = Debug;
		};
		C9DE4E1621325B1800CE7DAF /* Build configuration list for PBXAggregateTarget "CwlUtilsConcat" */ = {
			isa = XCConfigurationList;
			buildConfigurations = (
				C9DE4E1721325B1800CE7DAF /* Debug */,
				C9DE4E1821325B1800CE7DAF /* Release */,
			);
			defaultConfigurationIsVisible = 0;
			defaultConfigurationName = Debug;
		};
		OBJ_199 /* Build configuration list for PBXNativeTarget "CwlUtils_macOSTests" */ = {
			isa = XCConfigurationList;
			buildConfigurations = (
				OBJ_200 /* Debug */,
				OBJ_201 /* Release */,
			);
			defaultConfigurationIsVisible = 0;
			defaultConfigurationName = Debug;
		};
		OBJ_2 /* Build configuration list for PBXProject "CwlUtils" */ = {
			isa = XCConfigurationList;
			buildConfigurations = (
				OBJ_3 /* Debug */,
				OBJ_4 /* Release */,
			);
			defaultConfigurationIsVisible = 0;
			defaultConfigurationName = Debug;
		};
/* End XCConfigurationList section */
	};
	rootObject = OBJ_1 /* Project object */;
}
