// !$*UTF8*$!
{
	archiveVersion = 1;
	classes = {
	};
	objectVersion = 46;
	objects = {

/* Begin PBXBuildFile section */
		96ACCC611C6E8BFD00FE0B1B /* CwlPreconditionTesting.framework in Frameworks */ = {isa = PBXBuildFile; fileRef = 96ACCC591C6E8BBE00FE0B1B /* CwlPreconditionTesting.framework */; };
		C90F356A1C66296900F2FAF9 /* mach_exc.defs in Sources */ = {isa = PBXBuildFile; fileRef = C98707901C3F8952009B413A /* mach_exc.defs */; settings = {ATTRIBUTES = (Server, ); }; };
		C92A97EB1C68A5B5008905C2 /* CwlPreconditionTesting_POSIX.framework in Frameworks */ = {isa = PBXBuildFile; fileRef = C92A97D91C68A4F3008905C2 /* CwlPreconditionTesting_POSIX.framework */; };
		C958F0F21E3F6977008BE8E0 /* CwlCatchBadInstructionTests.swift in Sources */ = {isa = PBXBuildFile; fileRef = C958F0F11E3F6977008BE8E0 /* CwlCatchBadInstructionTests.swift */; };
		C958F0F41E3F6977008BE8E0 /* CwlCatchBadInstructionTests.swift in Sources */ = {isa = PBXBuildFile; fileRef = C958F0F11E3F6977008BE8E0 /* CwlCatchBadInstructionTests.swift */; };
		C958F0F51E3F6977008BE8E0 /* CwlCatchBadInstructionTests.swift in Sources */ = {isa = PBXBuildFile; fileRef = C958F0F11E3F6977008BE8E0 /* CwlCatchBadInstructionTests.swift */; };
		C958F1061E3F698C008BE8E0 /* CwlMachBadInstructionHandler.m in Sources */ = {isa = PBXBuildFile; fileRef = C958F0F91E3F698C008BE8E0 /* CwlMachBadInstructionHandler.m */; };
		C958F1081E3F698C008BE8E0 /* CwlMachBadInstructionHandler.m in Sources */ = {isa = PBXBuildFile; fileRef = C958F0F91E3F698C008BE8E0 /* CwlMachBadInstructionHandler.m */; };
		C958F1091E3F698C008BE8E0 /* CwlMachBadInstructionHandler.m in Sources */ = {isa = PBXBuildFile; fileRef = C958F0F91E3F698C008BE8E0 /* CwlMachBadInstructionHandler.m */; };
		C958F1161E3F698C008BE8E0 /* CwlBadInstructionException.swift in Sources */ = {isa = PBXBuildFile; fileRef = C958F0FF1E3F698C008BE8E0 /* CwlBadInstructionException.swift */; };
		C958F11A1E3F698C008BE8E0 /* CwlCatchBadInstruction.swift in Sources */ = {isa = PBXBuildFile; fileRef = C958F1001E3F698C008BE8E0 /* CwlCatchBadInstruction.swift */; };
		C958F11E1E3F698C008BE8E0 /* CwlDarwinDefinitions.swift in Sources */ = {isa = PBXBuildFile; fileRef = C958F1011E3F698C008BE8E0 /* CwlDarwinDefinitions.swift */; };
		C958F1421E3F6D91008BE8E0 /* CwlMachBadInstructionHandler.h in Headers */ = {isa = PBXBuildFile; fileRef = C958F0FB1E3F698C008BE8E0 /* CwlMachBadInstructionHandler.h */; settings = {ATTRIBUTES = (Public, ); }; };
		C978CA2F211EEB64005F8866 /* CwlPreconditionTesting.framework in Frameworks */ = {isa = PBXBuildFile; fileRef = C98707761C3F886F009B413A /* CwlPreconditionTesting.framework */; };
		C986B0961E724AF70032C9FA /* CwlPreconditionTesting_POSIX.h in Headers */ = {isa = PBXBuildFile; fileRef = C986B0931E724AE90032C9FA /* CwlPreconditionTesting_POSIX.h */; settings = {ATTRIBUTES = (Public, ); }; };
		C986B0971E724AF80032C9FA /* CwlPreconditionTesting_POSIX.h in Headers */ = {isa = PBXBuildFile; fileRef = C986B0931E724AE90032C9FA /* CwlPreconditionTesting_POSIX.h */; settings = {ATTRIBUTES = (Public, ); }; };
		C986B09E1E724C250032C9FA /* CwlPreconditionTesting.h in Headers */ = {isa = PBXBuildFile; fileRef = C986B09B1E724C250032C9FA /* CwlPreconditionTesting.h */; settings = {ATTRIBUTES = (Public, ); }; };
		C9A8AF8020E87A910068E99B /* CwlPreconditionTesting.framework in Frameworks */ = {isa = PBXBuildFile; fileRef = C9A8AF7720E87A900068E99B /* CwlPreconditionTesting.framework */; };
		C9A8AF9020E87AE10068E99B /* CwlMachBadInstructionHandler.m in Sources */ = {isa = PBXBuildFile; fileRef = C958F0F91E3F698C008BE8E0 /* CwlMachBadInstructionHandler.m */; };
		C9A8AF9120E87AE10068E99B /* mach_excServer.c in Sources */ = {isa = PBXBuildFile; fileRef = C958F0FD1E3F698C008BE8E0 /* mach_excServer.c */; };
		C9A8AF9220E87AE10068E99B /* CwlBadInstructionException.swift in Sources */ = {isa = PBXBuildFile; fileRef = C958F0FF1E3F698C008BE8E0 /* CwlBadInstructionException.swift */; };
		C9A8AF9320E87AE10068E99B /* CwlCatchBadInstruction.swift in Sources */ = {isa = PBXBuildFile; fileRef = C958F1001E3F698C008BE8E0 /* CwlCatchBadInstruction.swift */; };
		C9A8AF9420E87AE10068E99B /* CwlDarwinDefinitions.swift in Sources */ = {isa = PBXBuildFile; fileRef = C958F1011E3F698C008BE8E0 /* CwlDarwinDefinitions.swift */; };
		C9A8AF9720E87B480068E99B /* CwlCatchBadInstructionTests.swift in Sources */ = {isa = PBXBuildFile; fileRef = C958F0F11E3F6977008BE8E0 /* CwlCatchBadInstructionTests.swift */; };
		C9A8AF9920E87F5B0068E99B /* CwlPreconditionTesting.h in Headers */ = {isa = PBXBuildFile; fileRef = C986B09B1E724C250032C9FA /* CwlPreconditionTesting.h */; settings = {ATTRIBUTES = (Public, ); }; };
		C9A8AF9A20E880080068E99B /* CwlMachBadInstructionHandler.h in Headers */ = {isa = PBXBuildFile; fileRef = C958F0FB1E3F698C008BE8E0 /* CwlMachBadInstructionHandler.h */; settings = {ATTRIBUTES = (Public, ); }; };
		C9BF467D1E4576090040A183 /* CwlCatchBadInstructionPosix.swift in Sources */ = {isa = PBXBuildFile; fileRef = C9BF46761E4575E80040A183 /* CwlCatchBadInstructionPosix.swift */; };
		C9BF467E1E4576090040A183 /* CwlCatchBadInstructionPosix.swift in Sources */ = {isa = PBXBuildFile; fileRef = C9BF46761E4575E80040A183 /* CwlCatchBadInstructionPosix.swift */; };
		C9F904892160E15E00C8731F /* CwlCatchException.framework in Frameworks */ = {isa = PBXBuildFile; fileRef = C9F904812160E13500C8731F /* CwlCatchException.framework */; };
		C9F9048A2160E19400C8731F /* CwlCatchException.framework in Frameworks */ = {isa = PBXBuildFile; fileRef = C9F904852160E13500C8731F /* CwlCatchException.framework */; };
/* End PBXBuildFile section */

/* Begin PBXContainerItemProxy section */
		96ACCC621C6E8C0100FE0B1B /* PBXContainerItemProxy */ = {
			isa = PBXContainerItemProxy;
			containerPortal = C987076D1C3F886F009B413A /* Project object */;
			proxyType = 1;
			remoteGlobalIDString = 96ACCC581C6E8BBE00FE0B1B;
			remoteInfo = CwlPreconditionTesting_tvOS;
		};
		C92A97E91C68A5A7008905C2 /* PBXContainerItemProxy */ = {
			isa = PBXContainerItemProxy;
			containerPortal = C987076D1C3F886F009B413A /* Project object */;
			proxyType = 1;
			remoteGlobalIDString = C92A97C81C68A4F3008905C2;
			remoteInfo = CwlPreconditionTesting_POSIX;
		};
		C98707821C3F886F009B413A /* PBXContainerItemProxy */ = {
			isa = PBXContainerItemProxy;
			containerPortal = C987076D1C3F886F009B413A /* Project object */;
			proxyType = 1;
			remoteGlobalIDString = C98707751C3F886F009B413A;
			remoteInfo = CwlPreconditionTesting;
		};
		C9A8AF8120E87A910068E99B /* PBXContainerItemProxy */ = {
			isa = PBXContainerItemProxy;
			containerPortal = C987076D1C3F886F009B413A /* Project object */;
			proxyType = 1;
			remoteGlobalIDString = C9A8AF7620E87A900068E99B;
			remoteInfo = CwlPreconditionTesting_iOS;
		};
		C9F904802160E13500C8731F /* PBXContainerItemProxy */ = {
			isa = PBXContainerItemProxy;
			containerPortal = C9F904792160E13500C8731F /* CwlCatchException.xcodeproj */;
			proxyType = 2;
			remoteGlobalIDString = C90FA1AC1C41E48100996A1F;
			remoteInfo = CwlCatchException_macOS;
		};
		C9F904822160E13500C8731F /* PBXContainerItemProxy */ = {
			isa = PBXContainerItemProxy;
			containerPortal = C9F904792160E13500C8731F /* CwlCatchException.xcodeproj */;
			proxyType = 2;
			remoteGlobalIDString = C90FA1B61C41E48100996A1F;
			remoteInfo = CwlCatchException_macOSTests;
		};
		C9F904842160E13500C8731F /* PBXContainerItemProxy */ = {
			isa = PBXContainerItemProxy;
			containerPortal = C9F904792160E13500C8731F /* CwlCatchException.xcodeproj */;
			proxyType = 2;
			remoteGlobalIDString = C90FA1F71C42071A00996A1F;
			remoteInfo = CwlCatchException_iOS;
		};
		C9F904862160E13500C8731F /* PBXContainerItemProxy */ = {
			isa = PBXContainerItemProxy;
			containerPortal = C9F904792160E13500C8731F /* CwlCatchException.xcodeproj */;
			proxyType = 2;
			remoteGlobalIDString = C90FA2001C42071A00996A1F;
			remoteInfo = CwlCatchException_iOSTests;
		};
/* End PBXContainerItemProxy section */

/* Begin PBXCopyFilesBuildPhase section */
		C90FA2431C42A25800996A1F /* CopyFiles */ = {
			isa = PBXCopyFilesBuildPhase;
			buildActionMask = 2147483647;
			dstPath = "";
			dstSubfolderSpec = 10;
			files = (
			);
			runOnlyForDeploymentPostprocessing = 0;
		};
		C92A97E21C68A515008905C2 /* CopyFiles */ = {
			isa = PBXCopyFilesBuildPhase;
			buildActionMask = 2147483647;
			dstPath = "";
			dstSubfolderSpec = 10;
			files = (
			);
			runOnlyForDeploymentPostprocessing = 0;
		};
/* End PBXCopyFilesBuildPhase section */

/* Begin PBXFileReference section */
		96ACCC481C6E8A7C00FE0B1B /* CwlPreconditionTesting_tvOSTests.xctest */ = {isa = PBXFileReference; explicitFileType = wrapper.cfbundle; includeInIndex = 0; path = CwlPreconditionTesting_tvOSTests.xctest; sourceTree = BUILT_PRODUCTS_DIR; };
		96ACCC591C6E8BBE00FE0B1B /* CwlPreconditionTesting.framework */ = {isa = PBXFileReference; explicitFileType = wrapper.framework; includeInIndex = 0; path = CwlPreconditionTesting.framework; sourceTree = BUILT_PRODUCTS_DIR; };
		C92A97D91C68A4F3008905C2 /* CwlPreconditionTesting_POSIX.framework */ = {isa = PBXFileReference; explicitFileType = wrapper.framework; includeInIndex = 0; path = CwlPreconditionTesting_POSIX.framework; sourceTree = BUILT_PRODUCTS_DIR; };
		C92A97E61C68A515008905C2 /* CwlPreconditionTesting_POSIXTests.xctest */ = {isa = PBXFileReference; explicitFileType = wrapper.cfbundle; includeInIndex = 0; path = CwlPreconditionTesting_POSIXTests.xctest; sourceTree = BUILT_PRODUCTS_DIR; };
		C958F0F11E3F6977008BE8E0 /* CwlCatchBadInstructionTests.swift */ = {isa = PBXFileReference; fileEncoding = 4; lastKnownFileType = sourcecode.swift; path = CwlCatchBadInstructionTests.swift; sourceTree = "<group>"; };
		C958F0F91E3F698C008BE8E0 /* CwlMachBadInstructionHandler.m */ = {isa = PBXFileReference; fileEncoding = 4; lastKnownFileType = sourcecode.c.objc; path = CwlMachBadInstructionHandler.m; sourceTree = "<group>"; };
		C958F0FB1E3F698C008BE8E0 /* CwlMachBadInstructionHandler.h */ = {isa = PBXFileReference; fileEncoding = 4; lastKnownFileType = sourcecode.c.h; path = CwlMachBadInstructionHandler.h; sourceTree = "<group>"; };
		C958F0FD1E3F698C008BE8E0 /* mach_excServer.c */ = {isa = PBXFileReference; fileEncoding = 4; lastKnownFileType = sourcecode.c.c; path = mach_excServer.c; sourceTree = "<group>"; };
		C958F0FF1E3F698C008BE8E0 /* CwlBadInstructionException.swift */ = {isa = PBXFileReference; fileEncoding = 4; lastKnownFileType = sourcecode.swift; path = CwlBadInstructionException.swift; sourceTree = "<group>"; };
		C958F1001E3F698C008BE8E0 /* CwlCatchBadInstruction.swift */ = {isa = PBXFileReference; fileEncoding = 4; lastKnownFileType = sourcecode.swift; path = CwlCatchBadInstruction.swift; sourceTree = "<group>"; };
		C958F1011E3F698C008BE8E0 /* CwlDarwinDefinitions.swift */ = {isa = PBXFileReference; fileEncoding = 4; lastKnownFileType = sourcecode.swift; path = CwlDarwinDefinitions.swift; sourceTree = "<group>"; };
		C978CA0E211EEA5F005F8866 /* CwlCatchExceptionTests.swift */ = {isa = PBXFileReference; lastKnownFileType = sourcecode.swift; path = CwlCatchExceptionTests.swift; sourceTree = "<group>"; };
		C978CA5E211EF539005F8866 /* Info.plist */ = {isa = PBXFileReference; lastKnownFileType = text.plist.xml; path = Info.plist; sourceTree = "<group>"; };
		C986B0931E724AE90032C9FA /* CwlPreconditionTesting_POSIX.h */ = {isa = PBXFileReference; lastKnownFileType = sourcecode.c.h; path = CwlPreconditionTesting_POSIX.h; sourceTree = "<group>"; };
		C986B09B1E724C250032C9FA /* CwlPreconditionTesting.h */ = {isa = PBXFileReference; fileEncoding = 4; lastKnownFileType = sourcecode.c.h; path = CwlPreconditionTesting.h; sourceTree = "<group>"; };
		C986B0A21E724D760032C9FA /* mach_excServer.h */ = {isa = PBXFileReference; fileEncoding = 4; lastKnownFileType = sourcecode.c.h; path = mach_excServer.h; sourceTree = "<group>"; };
		C98707761C3F886F009B413A /* CwlPreconditionTesting.framework */ = {isa = PBXFileReference; explicitFileType = wrapper.framework; includeInIndex = 0; path = CwlPreconditionTesting.framework; sourceTree = BUILT_PRODUCTS_DIR; };
		C98707801C3F886F009B413A /* CwlPreconditionTesting_macOSTests.xctest */ = {isa = PBXFileReference; explicitFileType = wrapper.cfbundle; includeInIndex = 0; path = CwlPreconditionTesting_macOSTests.xctest; sourceTree = BUILT_PRODUCTS_DIR; };
		C98707901C3F8952009B413A /* mach_exc.defs */ = {isa = PBXFileReference; fileEncoding = 4; lastKnownFileType = sourcecode.mig; name = mach_exc.defs; path = usr/include/mach/mach_exc.defs; sourceTree = SDKROOT; };
		C9A8AF7720E87A900068E99B /* CwlPreconditionTesting.framework */ = {isa = PBXFileReference; explicitFileType = wrapper.framework; includeInIndex = 0; path = CwlPreconditionTesting.framework; sourceTree = BUILT_PRODUCTS_DIR; };
		C9A8AF7F20E87A910068E99B /* CwlPreconditionTesting_iOSTests.xctest */ = {isa = PBXFileReference; explicitFileType = wrapper.cfbundle; includeInIndex = 0; path = CwlPreconditionTesting_iOSTests.xctest; sourceTree = BUILT_PRODUCTS_DIR; };
		C9A8AF9820E87C480068E99B /* Info.plist */ = {isa = PBXFileReference; lastKnownFileType = text.plist.xml; path = Info.plist; sourceTree = "<group>"; };
		C9A8AF9B20E8801F0068E99B /* Info.plist */ = {isa = PBXFileReference; lastKnownFileType = text.plist.xml; path = Info.plist; sourceTree = "<group>"; };
		C9BF46761E4575E80040A183 /* CwlCatchBadInstructionPosix.swift */ = {isa = PBXFileReference; lastKnownFileType = sourcecode.swift; path = CwlCatchBadInstructionPosix.swift; sourceTree = "<group>"; };
		C9F904792160E13500C8731F /* CwlCatchException.xcodeproj */ = {isa = PBXFileReference; lastKnownFileType = "wrapper.pb-project"; name = CwlCatchException.xcodeproj; path = CwlCatchException/CwlCatchException.xcodeproj; sourceTree = "<group>"; };
/* End PBXFileReference section */

/* Begin PBXFrameworksBuildPhase section */
		96ACCC451C6E8A7C00FE0B1B /* Frameworks */ = {
			isa = PBXFrameworksBuildPhase;
			buildActionMask = 2147483647;
			files = (
				96ACCC611C6E8BFD00FE0B1B /* CwlPreconditionTesting.framework in Frameworks */,
			);
			runOnlyForDeploymentPostprocessing = 0;
		};
		96ACCC551C6E8BBE00FE0B1B /* Frameworks */ = {
			isa = PBXFrameworksBuildPhase;
			buildActionMask = 2147483647;
			files = (
			);
			runOnlyForDeploymentPostprocessing = 0;
		};
		C92A97D11C68A4F3008905C2 /* Frameworks */ = {
			isa = PBXFrameworksBuildPhase;
			buildActionMask = 2147483647;
			files = (
			);
			runOnlyForDeploymentPostprocessing = 0;
		};
		C92A97E01C68A515008905C2 /* Frameworks */ = {
			isa = PBXFrameworksBuildPhase;
			buildActionMask = 2147483647;
			files = (
				C92A97EB1C68A5B5008905C2 /* CwlPreconditionTesting_POSIX.framework in Frameworks */,
			);
			runOnlyForDeploymentPostprocessing = 0;
		};
		C98707721C3F886F009B413A /* Frameworks */ = {
			isa = PBXFrameworksBuildPhase;
			buildActionMask = 2147483647;
			files = (
				C9F904892160E15E00C8731F /* CwlCatchException.framework in Frameworks */,
			);
			runOnlyForDeploymentPostprocessing = 0;
		};
		C987077D1C3F886F009B413A /* Frameworks */ = {
			isa = PBXFrameworksBuildPhase;
			buildActionMask = 2147483647;
			files = (
				C978CA2F211EEB64005F8866 /* CwlPreconditionTesting.framework in Frameworks */,
			);
			runOnlyForDeploymentPostprocessing = 0;
		};
		C9A8AF7420E87A900068E99B /* Frameworks */ = {
			isa = PBXFrameworksBuildPhase;
			buildActionMask = 2147483647;
			files = (
				C9F9048A2160E19400C8731F /* CwlCatchException.framework in Frameworks */,
			);
			runOnlyForDeploymentPostprocessing = 0;
		};
		C9A8AF7C20E87A910068E99B /* Frameworks */ = {
			isa = PBXFrameworksBuildPhase;
			buildActionMask = 2147483647;
			files = (
				C9A8AF8020E87A910068E99B /* CwlPreconditionTesting.framework in Frameworks */,
			);
			runOnlyForDeploymentPostprocessing = 0;
		};
/* End PBXFrameworksBuildPhase section */

/* Begin PBXGroup section */
		C958F0EF1E3F6977008BE8E0 /* Tests */ = {
			isa = PBXGroup;
			children = (
				C978CA0D211EEA5F005F8866 /* CwlCatchExceptionTests */,
				C958F0F01E3F6977008BE8E0 /* CwlPreconditionTestingTests */,
			);
			path = Tests;
			sourceTree = "<group>";
		};
		C958F0F01E3F6977008BE8E0 /* CwlPreconditionTestingTests */ = {
			isa = PBXGroup;
			children = (
				C9A8AF9B20E8801F0068E99B /* Info.plist */,
				C958F0F11E3F6977008BE8E0 /* CwlCatchBadInstructionTests.swift */,
			);
			path = CwlPreconditionTestingTests;
			sourceTree = "<group>";
		};
		C958F0F61E3F698C008BE8E0 /* Sources */ = {
			isa = PBXGroup;
			children = (
				C958F0F81E3F698C008BE8E0 /* CwlMachBadInstructionHandler */,
				C958F0FE1E3F698C008BE8E0 /* CwlPreconditionTesting */,
			);
			path = Sources;
			sourceTree = "<group>";
		};
		C958F0F81E3F698C008BE8E0 /* CwlMachBadInstructionHandler */ = {
			isa = PBXGroup;
			children = (
				C958F0F91E3F698C008BE8E0 /* CwlMachBadInstructionHandler.m */,
				C958F0FA1E3F698C008BE8E0 /* include */,
				C958F0FD1E3F698C008BE8E0 /* mach_excServer.c */,
				C986B0A21E724D760032C9FA /* mach_excServer.h */,
				C98707901C3F8952009B413A /* mach_exc.defs */,
			);
			path = CwlMachBadInstructionHandler;
			sourceTree = "<group>";
		};
		C958F0FA1E3F698C008BE8E0 /* include */ = {
			isa = PBXGroup;
			children = (
				C958F0FB1E3F698C008BE8E0 /* CwlMachBadInstructionHandler.h */,
			);
			path = include;
			sourceTree = "<group>";
		};
		C958F0FE1E3F698C008BE8E0 /* CwlPreconditionTesting */ = {
			isa = PBXGroup;
			children = (
				C9A8AF9820E87C480068E99B /* Info.plist */,
				C986B09A1E724C250032C9FA /* Mach */,
				C986B0921E724AE90032C9FA /* Posix */,
				C958F0FF1E3F698C008BE8E0 /* CwlBadInstructionException.swift */,
				C958F1001E3F698C008BE8E0 /* CwlCatchBadInstruction.swift */,
				C9BF46761E4575E80040A183 /* CwlCatchBadInstructionPosix.swift */,
				C958F1011E3F698C008BE8E0 /* CwlDarwinDefinitions.swift */,
			);
			path = CwlPreconditionTesting;
			sourceTree = "<group>";
		};
		C978CA0D211EEA5F005F8866 /* CwlCatchExceptionTests */ = {
			isa = PBXGroup;
			children = (
				C978CA5E211EF539005F8866 /* Info.plist */,
				C978CA0E211EEA5F005F8866 /* CwlCatchExceptionTests.swift */,
			);
			path = CwlCatchExceptionTests;
			sourceTree = "<group>";
		};
		C986B0921E724AE90032C9FA /* Posix */ = {
			isa = PBXGroup;
			children = (
				C986B0931E724AE90032C9FA /* CwlPreconditionTesting_POSIX.h */,
			);
			path = Posix;
			sourceTree = "<group>";
		};
		C986B09A1E724C250032C9FA /* Mach */ = {
			isa = PBXGroup;
			children = (
				C986B09B1E724C250032C9FA /* CwlPreconditionTesting.h */,
			);
			path = Mach;
			sourceTree = "<group>";
		};
		C987076C1C3F886F009B413A = {
			isa = PBXGroup;
			children = (
				C9F904692160DF4D00C8731F /* Dependencies */,
				C98707771C3F886F009B413A /* Products */,
				C958F0F61E3F698C008BE8E0 /* Sources */,
				C958F0EF1E3F6977008BE8E0 /* Tests */,
			);
			sourceTree = "<group>";
		};
		C98707771C3F886F009B413A /* Products */ = {
			isa = PBXGroup;
			children = (
				C9A8AF7720E87A900068E99B /* CwlPreconditionTesting.framework */,
				C9A8AF7F20E87A910068E99B /* CwlPreconditionTesting_iOSTests.xctest */,
				C98707761C3F886F009B413A /* CwlPreconditionTesting.framework */,
				C98707801C3F886F009B413A /* CwlPreconditionTesting_macOSTests.xctest */,
				C92A97D91C68A4F3008905C2 /* CwlPreconditionTesting_POSIX.framework */,
				C92A97E61C68A515008905C2 /* CwlPreconditionTesting_POSIXTests.xctest */,
				96ACCC481C6E8A7C00FE0B1B /* CwlPreconditionTesting_tvOSTests.xctest */,
				96ACCC591C6E8BBE00FE0B1B /* CwlPreconditionTesting.framework */,
			);
			name = Products;
			sourceTree = "<group>";
		};
		C9F904692160DF4D00C8731F /* Dependencies */ = {
			isa = PBXGroup;
			children = (
				C9F904792160E13500C8731F /* CwlCatchException.xcodeproj */,
			);
			path = Dependencies;
			sourceTree = "<group>";
		};
		C9F9047A2160E13500C8731F /* Products */ = {
			isa = PBXGroup;
			children = (
				C9F904812160E13500C8731F /* CwlCatchException.framework */,
				C9F904832160E13500C8731F /* CwlCatchException_macOSTests.xctest */,
				C9F904852160E13500C8731F /* CwlCatchException.framework */,
				C9F904872160E13500C8731F /* CwlCatchException_iOSTests.xctest */,
			);
			name = Products;
			sourceTree = "<group>";
		};
/* End PBXGroup section */

/* Begin PBXHeadersBuildPhase section */
		96ACCC561C6E8BBE00FE0B1B /* Headers */ = {
			isa = PBXHeadersBuildPhase;
			buildActionMask = 2147483647;
			files = (
				C986B0961E724AF70032C9FA /* CwlPreconditionTesting_POSIX.h in Headers */,
			);
			runOnlyForDeploymentPostprocessing = 0;
		};
		C92A97D21C68A4F3008905C2 /* Headers */ = {
			isa = PBXHeadersBuildPhase;
			buildActionMask = 2147483647;
			files = (
				C986B0971E724AF80032C9FA /* CwlPreconditionTesting_POSIX.h in Headers */,
			);
			runOnlyForDeploymentPostprocessing = 0;
		};
		C958F13A1E3F6D0E008BE8E0 /* Headers */ = {
			isa = PBXHeadersBuildPhase;
			buildActionMask = 2147483647;
			files = (
				C986B09E1E724C250032C9FA /* CwlPreconditionTesting.h in Headers */,
				C958F1421E3F6D91008BE8E0 /* CwlMachBadInstructionHandler.h in Headers */,
			);
			runOnlyForDeploymentPostprocessing = 0;
		};
		C9A8AF7220E87A900068E99B /* Headers */ = {
			isa = PBXHeadersBuildPhase;
			buildActionMask = 2147483647;
			files = (
				C9A8AF9A20E880080068E99B /* CwlMachBadInstructionHandler.h in Headers */,
				C9A8AF9920E87F5B0068E99B /* CwlPreconditionTesting.h in Headers */,
			);
			runOnlyForDeploymentPostprocessing = 0;
		};
/* End PBXHeadersBuildPhase section */

/* Begin PBXNativeTarget section */
		96ACCC471C6E8A7C00FE0B1B /* CwlPreconditionTesting_tvOSTests */ = {
			isa = PBXNativeTarget;
			buildConfigurationList = 96ACCC4F1C6E8A7C00FE0B1B /* Build configuration list for PBXNativeTarget "CwlPreconditionTesting_tvOSTests" */;
			buildPhases = (
				96ACCC441C6E8A7C00FE0B1B /* Sources */,
				96ACCC451C6E8A7C00FE0B1B /* Frameworks */,
				96ACCC461C6E8A7C00FE0B1B /* Resources */,
			);
			buildRules = (
			);
			dependencies = (
				96ACCC631C6E8C0100FE0B1B /* PBXTargetDependency */,
			);
			name = CwlPreconditionTesting_tvOSTests;
			productName = CwlPreconditionTestingTVosTests;
			productReference = 96ACCC481C6E8A7C00FE0B1B /* CwlPreconditionTesting_tvOSTests.xctest */;
			productType = "com.apple.product-type.bundle.unit-test";
		};
		96ACCC581C6E8BBE00FE0B1B /* CwlPreconditionTesting_tvOS */ = {
			isa = PBXNativeTarget;
			buildConfigurationList = 96ACCC5E1C6E8BBE00FE0B1B /* Build configuration list for PBXNativeTarget "CwlPreconditionTesting_tvOS" */;
			buildPhases = (
				96ACCC541C6E8BBE00FE0B1B /* Sources */,
				96ACCC551C6E8BBE00FE0B1B /* Frameworks */,
				96ACCC561C6E8BBE00FE0B1B /* Headers */,
			);
			buildRules = (
			);
			dependencies = (
			);
			name = CwlPreconditionTesting_tvOS;
			productName = tvframework;
			productReference = 96ACCC591C6E8BBE00FE0B1B /* CwlPreconditionTesting.framework */;
			productType = "com.apple.product-type.framework";
		};
		C92A97C81C68A4F3008905C2 /* CwlPreconditionTesting_POSIX */ = {
			isa = PBXNativeTarget;
			buildConfigurationList = C92A97D61C68A4F3008905C2 /* Build configuration list for PBXNativeTarget "CwlPreconditionTesting_POSIX" */;
			buildPhases = (
				C92A97C91C68A4F3008905C2 /* Sources */,
				C92A97D11C68A4F3008905C2 /* Frameworks */,
				C92A97D21C68A4F3008905C2 /* Headers */,
			);
			buildRules = (
			);
			dependencies = (
			);
			name = CwlPreconditionTesting_POSIX;
			productName = CwlPreconditionTesting;
			productReference = C92A97D91C68A4F3008905C2 /* CwlPreconditionTesting_POSIX.framework */;
			productType = "com.apple.product-type.framework";
		};
		C92A97DB1C68A515008905C2 /* CwlPreconditionTesting_POSIXTests */ = {
			isa = PBXNativeTarget;
			buildConfigurationList = C92A97E31C68A515008905C2 /* Build configuration list for PBXNativeTarget "CwlPreconditionTesting_POSIXTests" */;
			buildPhases = (
				C92A97DE1C68A515008905C2 /* Sources */,
				C92A97E01C68A515008905C2 /* Frameworks */,
				C92A97E21C68A515008905C2 /* CopyFiles */,
			);
			buildRules = (
			);
			dependencies = (
				C92A97EA1C68A5A7008905C2 /* PBXTargetDependency */,
			);
			name = CwlPreconditionTesting_POSIXTests;
			productName = CwlPreconditionTesting_OSXTests;
			productReference = C92A97E61C68A515008905C2 /* CwlPreconditionTesting_POSIXTests.xctest */;
			productType = "com.apple.product-type.bundle.unit-test";
		};
		C98707751C3F886F009B413A /* CwlPreconditionTesting_macOS */ = {
			isa = PBXNativeTarget;
			buildConfigurationList = C987078A1C3F886F009B413A /* Build configuration list for PBXNativeTarget "CwlPreconditionTesting_macOS" */;
			buildPhases = (
				C98707711C3F886F009B413A /* Sources */,
				C98707721C3F886F009B413A /* Frameworks */,
				C958F13A1E3F6D0E008BE8E0 /* Headers */,
			);
			buildRules = (
			);
			dependencies = (
			);
			name = CwlPreconditionTesting_macOS;
			productName = CwlPreconditionTesting;
			productReference = C98707761C3F886F009B413A /* CwlPreconditionTesting.framework */;
			productType = "com.apple.product-type.framework";
		};
		C987077F1C3F886F009B413A /* CwlPreconditionTesting_macOSTests */ = {
			isa = PBXNativeTarget;
			buildConfigurationList = C987078D1C3F886F009B413A /* Build configuration list for PBXNativeTarget "CwlPreconditionTesting_macOSTests" */;
			buildPhases = (
				C987077C1C3F886F009B413A /* Sources */,
				C987077D1C3F886F009B413A /* Frameworks */,
				C90FA2431C42A25800996A1F /* CopyFiles */,
			);
			buildRules = (
			);
			dependencies = (
				C98707831C3F886F009B413A /* PBXTargetDependency */,
			);
			name = CwlPreconditionTesting_macOSTests;
			productName = CwlPreconditionTesting_OSXTests;
			productReference = C98707801C3F886F009B413A /* CwlPreconditionTesting_macOSTests.xctest */;
			productType = "com.apple.product-type.bundle.unit-test";
		};
		C9A8AF7620E87A900068E99B /* CwlPreconditionTesting_iOS */ = {
			isa = PBXNativeTarget;
			buildConfigurationList = C9A8AF8820E87A910068E99B /* Build configuration list for PBXNativeTarget "CwlPreconditionTesting_iOS" */;
			buildPhases = (
				C9A8AF7320E87A900068E99B /* Sources */,
				C9A8AF7420E87A900068E99B /* Frameworks */,
				C9A8AF7220E87A900068E99B /* Headers */,
			);
			buildRules = (
			);
			dependencies = (
			);
			name = CwlPreconditionTesting_iOS;
			productName = CwlPreconditionTesting_iOS;
			productReference = C9A8AF7720E87A900068E99B /* CwlPreconditionTesting.framework */;
			productType = "com.apple.product-type.framework";
		};
		C9A8AF7E20E87A910068E99B /* CwlPreconditionTesting_iOSTests */ = {
			isa = PBXNativeTarget;
			buildConfigurationList = C9A8AF8B20E87A910068E99B /* Build configuration list for PBXNativeTarget "CwlPreconditionTesting_iOSTests" */;
			buildPhases = (
				C9A8AF7B20E87A910068E99B /* Sources */,
				C9A8AF7C20E87A910068E99B /* Frameworks */,
				C9A8AF7D20E87A910068E99B /* Resources */,
			);
			buildRules = (
			);
			dependencies = (
				C9A8AF8220E87A910068E99B /* PBXTargetDependency */,
			);
			name = CwlPreconditionTesting_iOSTests;
			productName = CwlPreconditionTesting_iOSTests;
			productReference = C9A8AF7F20E87A910068E99B /* CwlPreconditionTesting_iOSTests.xctest */;
			productType = "com.apple.product-type.bundle.unit-test";
		};
/* End PBXNativeTarget section */

/* Begin PBXProject section */
		C987076D1C3F886F009B413A /* Project object */ = {
			isa = PBXProject;
			attributes = {
				LastSwiftUpdateCheck = 1000;
				LastUpgradeCheck = 1010;
				ORGANIZATIONNAME = "Matt Gallagher ( https://www.cocoawithlove.com )";
				TargetAttributes = {
					96ACCC471C6E8A7C00FE0B1B = {
						CreatedOnToolsVersion = 7.2.1;
					};
					96ACCC581C6E8BBE00FE0B1B = {
						CreatedOnToolsVersion = 7.2.1;
					};
					C98707751C3F886F009B413A = {
						CreatedOnToolsVersion = 7.2;
						LastSwiftMigration = 1000;
					};
					C987077F1C3F886F009B413A = {
						CreatedOnToolsVersion = 7.2;
						LastSwiftMigration = 1000;
					};
					C9A8AF7620E87A900068E99B = {
						CreatedOnToolsVersion = 10.0;
						ProvisioningStyle = Manual;
					};
					C9A8AF7E20E87A910068E99B = {
						CreatedOnToolsVersion = 10.0;
						DevelopmentTeam = S7YQ892G6G;
						ProvisioningStyle = Automatic;
					};
				};
			};
			buildConfigurationList = C98707701C3F886F009B413A /* Build configuration list for PBXProject "CwlPreconditionTesting" */;
			compatibilityVersion = "Xcode 3.2";
			developmentRegion = English;
			hasScannedForEncodings = 0;
			knownRegions = (
				en,
			);
			mainGroup = C987076C1C3F886F009B413A;
			productRefGroup = C98707771C3F886F009B413A /* Products */;
			projectDirPath = "";
			projectReferences = (
				{
					ProductGroup = C9F9047A2160E13500C8731F /* Products */;
					ProjectRef = C9F904792160E13500C8731F /* CwlCatchException.xcodeproj */;
				},
			);
			projectRoot = "";
			targets = (
				C9A8AF7620E87A900068E99B /* CwlPreconditionTesting_iOS */,
				C9A8AF7E20E87A910068E99B /* CwlPreconditionTesting_iOSTests */,
				C98707751C3F886F009B413A /* CwlPreconditionTesting_macOS */,
				C987077F1C3F886F009B413A /* CwlPreconditionTesting_macOSTests */,
				C92A97C81C68A4F3008905C2 /* CwlPreconditionTesting_POSIX */,
				C92A97DB1C68A515008905C2 /* CwlPreconditionTesting_POSIXTests */,
				96ACCC581C6E8BBE00FE0B1B /* CwlPreconditionTesting_tvOS */,
				96ACCC471C6E8A7C00FE0B1B /* CwlPreconditionTesting_tvOSTests */,
			);
		};
/* End PBXProject section */

/* Begin PBXReferenceProxy section */
		C9F904812160E13500C8731F /* CwlCatchException.framework */ = {
			isa = PBXReferenceProxy;
			fileType = wrapper.framework;
			path = CwlCatchException.framework;
			remoteRef = C9F904802160E13500C8731F /* PBXContainerItemProxy */;
			sourceTree = BUILT_PRODUCTS_DIR;
		};
		C9F904832160E13500C8731F /* CwlCatchException_macOSTests.xctest */ = {
			isa = PBXReferenceProxy;
			fileType = wrapper.cfbundle;
			path = CwlCatchException_macOSTests.xctest;
			remoteRef = C9F904822160E13500C8731F /* PBXContainerItemProxy */;
			sourceTree = BUILT_PRODUCTS_DIR;
		};
		C9F904852160E13500C8731F /* CwlCatchException.framework */ = {
			isa = PBXReferenceProxy;
			fileType = wrapper.framework;
			path = CwlCatchException.framework;
			remoteRef = C9F904842160E13500C8731F /* PBXContainerItemProxy */;
			sourceTree = BUILT_PRODUCTS_DIR;
		};
		C9F904872160E13500C8731F /* CwlCatchException_iOSTests.xctest */ = {
			isa = PBXReferenceProxy;
			fileType = wrapper.cfbundle;
			path = CwlCatchException_iOSTests.xctest;
			remoteRef = C9F904862160E13500C8731F /* PBXContainerItemProxy */;
			sourceTree = BUILT_PRODUCTS_DIR;
		};
/* End PBXReferenceProxy section */

/* Begin PBXResourcesBuildPhase section */
		96ACCC461C6E8A7C00FE0B1B /* Resources */ = {
			isa = PBXResourcesBuildPhase;
			buildActionMask = 2147483647;
			files = (
			);
			runOnlyForDeploymentPostprocessing = 0;
		};
		C9A8AF7D20E87A910068E99B /* Resources */ = {
			isa = PBXResourcesBuildPhase;
			buildActionMask = 2147483647;
			files = (
			);
			runOnlyForDeploymentPostprocessing = 0;
		};
/* End PBXResourcesBuildPhase section */

/* Begin PBXSourcesBuildPhase section */
		96ACCC441C6E8A7C00FE0B1B /* Sources */ = {
			isa = PBXSourcesBuildPhase;
			buildActionMask = 2147483647;
			files = (
				C958F0F51E3F6977008BE8E0 /* CwlCatchBadInstructionTests.swift in Sources */,
			);
			runOnlyForDeploymentPostprocessing = 0;
		};
		96ACCC541C6E8BBE00FE0B1B /* Sources */ = {
			isa = PBXSourcesBuildPhase;
			buildActionMask = 2147483647;
			files = (
				C958F1091E3F698C008BE8E0 /* CwlMachBadInstructionHandler.m in Sources */,
				C9BF467E1E4576090040A183 /* CwlCatchBadInstructionPosix.swift in Sources */,
			);
			runOnlyForDeploymentPostprocessing = 0;
		};
		C92A97C91C68A4F3008905C2 /* Sources */ = {
			isa = PBXSourcesBuildPhase;
			buildActionMask = 2147483647;
			files = (
				C958F1081E3F698C008BE8E0 /* CwlMachBadInstructionHandler.m in Sources */,
				C9BF467D1E4576090040A183 /* CwlCatchBadInstructionPosix.swift in Sources */,
			);
			runOnlyForDeploymentPostprocessing = 0;
		};
		C92A97DE1C68A515008905C2 /* Sources */ = {
			isa = PBXSourcesBuildPhase;
			buildActionMask = 2147483647;
			files = (
				C958F0F41E3F6977008BE8E0 /* CwlCatchBadInstructionTests.swift in Sources */,
			);
			runOnlyForDeploymentPostprocessing = 0;
		};
		C98707711C3F886F009B413A /* Sources */ = {
			isa = PBXSourcesBuildPhase;
			buildActionMask = 2147483647;
			files = (
				C958F11A1E3F698C008BE8E0 /* CwlCatchBadInstruction.swift in Sources */,
				C90F356A1C66296900F2FAF9 /* mach_exc.defs in Sources */,
				C958F1061E3F698C008BE8E0 /* CwlMachBadInstructionHandler.m in Sources */,
				C958F1161E3F698C008BE8E0 /* CwlBadInstructionException.swift in Sources */,
				C958F11E1E3F698C008BE8E0 /* CwlDarwinDefinitions.swift in Sources */,
			);
			runOnlyForDeploymentPostprocessing = 0;
		};
		C987077C1C3F886F009B413A /* Sources */ = {
			isa = PBXSourcesBuildPhase;
			buildActionMask = 2147483647;
			files = (
				C958F0F21E3F6977008BE8E0 /* CwlCatchBadInstructionTests.swift in Sources */,
			);
			runOnlyForDeploymentPostprocessing = 0;
		};
		C9A8AF7320E87A900068E99B /* Sources */ = {
			isa = PBXSourcesBuildPhase;
			buildActionMask = 2147483647;
			files = (
				C9A8AF9020E87AE10068E99B /* CwlMachBadInstructionHandler.m in Sources */,
				C9A8AF9120E87AE10068E99B /* mach_excServer.c in Sources */,
				C9A8AF9220E87AE10068E99B /* CwlBadInstructionException.swift in Sources */,
				C9A8AF9320E87AE10068E99B /* CwlCatchBadInstruction.swift in Sources */,
				C9A8AF9420E87AE10068E99B /* CwlDarwinDefinitions.swift in Sources */,
			);
			runOnlyForDeploymentPostprocessing = 0;
		};
		C9A8AF7B20E87A910068E99B /* Sources */ = {
			isa = PBXSourcesBuildPhase;
			buildActionMask = 2147483647;
			files = (
				C9A8AF9720E87B480068E99B /* CwlCatchBadInstructionTests.swift in Sources */,
			);
			runOnlyForDeploymentPostprocessing = 0;
		};
/* End PBXSourcesBuildPhase section */

/* Begin PBXTargetDependency section */
		96ACCC631C6E8C0100FE0B1B /* PBXTargetDependency */ = {
			isa = PBXTargetDependency;
			target = 96ACCC581C6E8BBE00FE0B1B /* CwlPreconditionTesting_tvOS */;
			targetProxy = 96ACCC621C6E8C0100FE0B1B /* PBXContainerItemProxy */;
		};
		C92A97EA1C68A5A7008905C2 /* PBXTargetDependency */ = {
			isa = PBXTargetDependency;
			target = C92A97C81C68A4F3008905C2 /* CwlPreconditionTesting_POSIX */;
			targetProxy = C92A97E91C68A5A7008905C2 /* PBXContainerItemProxy */;
		};
		C98707831C3F886F009B413A /* PBXTargetDependency */ = {
			isa = PBXTargetDependency;
			target = C98707751C3F886F009B413A /* CwlPreconditionTesting_macOS */;
			targetProxy = C98707821C3F886F009B413A /* PBXContainerItemProxy */;
		};
		C9A8AF8220E87A910068E99B /* PBXTargetDependency */ = {
			isa = PBXTargetDependency;
			target = C9A8AF7620E87A900068E99B /* CwlPreconditionTesting_iOS */;
			targetProxy = C9A8AF8120E87A910068E99B /* PBXContainerItemProxy */;
		};
/* End PBXTargetDependency section */

/* Begin XCBuildConfiguration section */
		96ACCC4D1C6E8A7C00FE0B1B /* Debug */ = {
			isa = XCBuildConfiguration;
			buildSettings = {
				INFOPLIST_FILE = Tests/CwlPreconditionTestingTests/Info.plist;
				LD_RUNPATH_SEARCH_PATHS = "$(inherited) @executable_path/Frameworks @loader_path/Frameworks";
				PRODUCT_BUNDLE_IDENTIFIER = "com.cocoawithlove.CwlPreconditionTesting-tvOSTests";
				PRODUCT_NAME = "$(TARGET_NAME)";
				SDKROOT = appletvos;
				TVOS_DEPLOYMENT_TARGET = 9.0;
			};
			name = Debug;
		};
		96ACCC4E1C6E8A7C00FE0B1B /* Release */ = {
			isa = XCBuildConfiguration;
			buildSettings = {
				ENABLE_NS_ASSERTIONS = NO;
				INFOPLIST_FILE = Tests/CwlPreconditionTestingTests/Info.plist;
				LD_RUNPATH_SEARCH_PATHS = "$(inherited) @executable_path/Frameworks @loader_path/Frameworks";
				PRODUCT_BUNDLE_IDENTIFIER = "com.cocoawithlove.CwlPreconditionTesting-tvOSTests";
				PRODUCT_NAME = "$(TARGET_NAME)";
				SDKROOT = appletvos;
				TVOS_DEPLOYMENT_TARGET = 9.0;
				VALIDATE_PRODUCT = YES;
			};
			name = Release;
		};
		96ACCC5F1C6E8BBE00FE0B1B /* Debug */ = {
			isa = XCBuildConfiguration;
			buildSettings = {
				CODE_SIGN_IDENTITY = "";
				DEFINES_MODULE = YES;
				DYLIB_COMPATIBILITY_VERSION = 1;
				DYLIB_CURRENT_VERSION = 1;
				DYLIB_INSTALL_NAME_BASE = "@rpath";
				HEADER_SEARCH_PATHS = (
					"$(SRCROOT)/Sources/CwlPreconditionTesting/Posix",
					"$(SRCROOT)/Sources/CwlMachBadInstructionHandler/include",
				);
				INFOPLIST_FILE = Sources/CwlPreconditionTesting/Info.plist;
				INSTALL_PATH = "$(LOCAL_LIBRARY_DIR)/Frameworks";
				LD_RUNPATH_SEARCH_PATHS = "$(inherited) @executable_path/Frameworks @loader_path/Frameworks";
				PRODUCT_BUNDLE_IDENTIFIER = "com.cocoawithlove.CwlPreconditionTesting-tvOS";
				PRODUCT_NAME = CwlPreconditionTesting;
				SDKROOT = appletvos;
				SKIP_INSTALL = YES;
				TARGETED_DEVICE_FAMILY = 3;
				TVOS_DEPLOYMENT_TARGET = 9.0;
			};
			name = Debug;
		};
		96ACCC601C6E8BBE00FE0B1B /* Release */ = {
			isa = XCBuildConfiguration;
			buildSettings = {
				CODE_SIGN_IDENTITY = "";
				DEFINES_MODULE = YES;
				DYLIB_COMPATIBILITY_VERSION = 1;
				DYLIB_CURRENT_VERSION = 1;
				DYLIB_INSTALL_NAME_BASE = "@rpath";
				ENABLE_NS_ASSERTIONS = NO;
				HEADER_SEARCH_PATHS = (
					"$(SRCROOT)/Sources/CwlPreconditionTesting/Posix",
					"$(SRCROOT)/Sources/CwlMachBadInstructionHandler/include",
				);
				INFOPLIST_FILE = Sources/CwlPreconditionTesting/Info.plist;
				INSTALL_PATH = "$(LOCAL_LIBRARY_DIR)/Frameworks";
				LD_RUNPATH_SEARCH_PATHS = "$(inherited) @executable_path/Frameworks @loader_path/Frameworks";
				PRODUCT_BUNDLE_IDENTIFIER = "com.cocoawithlove.CwlPreconditionTesting-tvOS";
				PRODUCT_NAME = CwlPreconditionTesting;
				SDKROOT = appletvos;
				SKIP_INSTALL = YES;
				TARGETED_DEVICE_FAMILY = 3;
				TVOS_DEPLOYMENT_TARGET = 9.0;
				VALIDATE_PRODUCT = YES;
			};
			name = Release;
		};
		C92A97D71C68A4F3008905C2 /* Debug */ = {
			isa = XCBuildConfiguration;
			buildSettings = {
				CLANG_ENABLE_MODULES = YES;
				COMBINE_HIDPI_IMAGES = YES;
				DEFINES_MODULE = YES;
				DYLIB_COMPATIBILITY_VERSION = 1;
				DYLIB_CURRENT_VERSION = 1;
				DYLIB_INSTALL_NAME_BASE = "@rpath";
				FRAMEWORK_VERSION = A;
				HEADER_SEARCH_PATHS = (
					"$(SRCROOT)/Sources/CwlPreconditionTesting/Posix",
					"$(SRCROOT)/Sources/CwlMachBadInstructionHandler/include",
				);
				INFOPLIST_FILE = Sources/CwlPreconditionTesting/Info.plist;
				INSTALL_PATH = "$(LOCAL_LIBRARY_DIR)/Frameworks";
				LD_RUNPATH_SEARCH_PATHS = "$(inherited) @executable_path/../Frameworks @loader_path/Frameworks";
				PRODUCT_BUNDLE_IDENTIFIER = "com.cocoawithlove.CwlPreconditionTesting-POSIX";
				PRODUCT_NAME = CwlPreconditionTesting_POSIX;
				SKIP_INSTALL = YES;
				SWIFT_ACTIVE_COMPILATION_CONDITIONS = USE_POSIX_SIGNALS;
			};
			name = Debug;
		};
		C92A97D81C68A4F3008905C2 /* Release */ = {
			isa = XCBuildConfiguration;
			buildSettings = {
				CLANG_ENABLE_MODULES = YES;
				COMBINE_HIDPI_IMAGES = YES;
				DEFINES_MODULE = YES;
				DYLIB_COMPATIBILITY_VERSION = 1;
				DYLIB_CURRENT_VERSION = 1;
				DYLIB_INSTALL_NAME_BASE = "@rpath";
				FRAMEWORK_VERSION = A;
				HEADER_SEARCH_PATHS = (
					"$(SRCROOT)/Sources/CwlPreconditionTesting/Posix",
					"$(SRCROOT)/Sources/CwlMachBadInstructionHandler/include",
				);
				INFOPLIST_FILE = Sources/CwlPreconditionTesting/Info.plist;
				INSTALL_PATH = "$(LOCAL_LIBRARY_DIR)/Frameworks";
				LD_RUNPATH_SEARCH_PATHS = "$(inherited) @executable_path/../Frameworks @loader_path/Frameworks";
				PRODUCT_BUNDLE_IDENTIFIER = "com.cocoawithlove.CwlPreconditionTesting-POSIX";
				PRODUCT_NAME = CwlPreconditionTesting_POSIX;
				SKIP_INSTALL = YES;
				SWIFT_ACTIVE_COMPILATION_CONDITIONS = USE_POSIX_SIGNALS;
			};
			name = Release;
		};
		C92A97E41C68A515008905C2 /* Debug */ = {
			isa = XCBuildConfiguration;
			buildSettings = {
				COMBINE_HIDPI_IMAGES = YES;
				INFOPLIST_FILE = Tests/CwlPreconditionTestingTests/Info.plist;
				LD_RUNPATH_SEARCH_PATHS = "$(inherited) @executable_path/../Frameworks @loader_path/../Frameworks";
				PRODUCT_BUNDLE_IDENTIFIER = "com.cocoawithlove.CwlPreconditionTesting-POSIXTests";
				PRODUCT_NAME = "$(TARGET_NAME)";
				SWIFT_ACTIVE_COMPILATION_CONDITIONS = USE_POSIX_SIGNALS;
			};
			name = Debug;
		};
		C92A97E51C68A515008905C2 /* Release */ = {
			isa = XCBuildConfiguration;
			buildSettings = {
				COMBINE_HIDPI_IMAGES = YES;
				INFOPLIST_FILE = Tests/CwlPreconditionTestingTests/Info.plist;
				LD_RUNPATH_SEARCH_PATHS = "$(inherited) @executable_path/../Frameworks @loader_path/../Frameworks";
				PRODUCT_BUNDLE_IDENTIFIER = "com.cocoawithlove.CwlPreconditionTesting-POSIXTests";
				PRODUCT_NAME = "$(TARGET_NAME)";
				SWIFT_ACTIVE_COMPILATION_CONDITIONS = USE_POSIX_SIGNALS;
			};
			name = Release;
		};
		C98707881C3F886F009B413A /* Debug */ = {
			isa = XCBuildConfiguration;
			buildSettings = {
				ALWAYS_SEARCH_USER_PATHS = NO;
				CLANG_ENABLE_MODULES = YES;
				CLANG_ENABLE_OBJC_ARC = YES;
				COMBINE_HIDPI_IMAGES = YES;
				COPY_PHASE_STRIP = NO;
				DEBUG_INFORMATION_FORMAT = dwarf;
				ENABLE_TESTABILITY = YES;
				GCC_OPTIMIZATION_LEVEL = 0;
				GCC_PREPROCESSOR_DEFINITIONS = (
					"DEBUG=1",
					"$(inherited)",
				);
				IPHONEOS_DEPLOYMENT_TARGET = 8.0;
				MACOSX_DEPLOYMENT_TARGET = 10.9;
				ONLY_ACTIVE_ARCH = YES;
				SWIFT_ACTIVE_COMPILATION_CONDITIONS = DEBUG;
				SWIFT_INSTALL_OBJC_HEADER = NO;
				SWIFT_OPTIMIZATION_LEVEL = "-Onone";
				SWIFT_VERSION = 4.2;
				TARGETED_DEVICE_FAMILY = "1,2";
				TVOS_DEPLOYMENT_TARGET = 9.0;
			};
			name = Debug;
		};
		C98707891C3F886F009B413A /* Release */ = {
			isa = XCBuildConfiguration;
			buildSettings = {
				ALWAYS_SEARCH_USER_PATHS = NO;
				CLANG_ENABLE_MODULES = YES;
				CLANG_ENABLE_OBJC_ARC = YES;
				COMBINE_HIDPI_IMAGES = YES;
				DEBUG_INFORMATION_FORMAT = "dwarf-with-dsym";
				ENABLE_NS_ASSERTIONS = NO;
				IPHONEOS_DEPLOYMENT_TARGET = 8.0;
				MACOSX_DEPLOYMENT_TARGET = 10.9;
				SWIFT_INSTALL_OBJC_HEADER = NO;
				SWIFT_OPTIMIZATION_LEVEL = "-Owholemodule";
				SWIFT_VERSION = 4.2;
				TARGETED_DEVICE_FAMILY = "1,2";
				TVOS_DEPLOYMENT_TARGET = 9.0;
				VALIDATE_PRODUCT = YES;
			};
			name = Release;
		};
		C987078B1C3F886F009B413A /* Debug */ = {
			isa = XCBuildConfiguration;
			buildSettings = {
				CLANG_ENABLE_MODULES = YES;
				COMBINE_HIDPI_IMAGES = YES;
				DEFINES_MODULE = YES;
				DYLIB_COMPATIBILITY_VERSION = 1;
				DYLIB_CURRENT_VERSION = 1;
				DYLIB_INSTALL_NAME_BASE = "@rpath";
				FRAMEWORK_VERSION = A;
				GCC_PREPROCESSOR_DEFINITIONS = (
					"$(inherited)",
					"PRODUCT_NAME=$(PRODUCT_NAME)",
				);
				INFOPLIST_FILE = Sources/CwlPreconditionTesting/Info.plist;
				INSTALL_PATH = "$(LOCAL_LIBRARY_DIR)/Frameworks";
				LD_RUNPATH_SEARCH_PATHS = "$(inherited) @executable_path/../Frameworks @loader_path/Frameworks";
				PRODUCT_BUNDLE_IDENTIFIER = "com.cocoawithlove.CwlPreconditionTesting-macOS";
				PRODUCT_NAME = CwlPreconditionTesting;
				SKIP_INSTALL = YES;
			};
			name = Debug;
		};
		C987078C1C3F886F009B413A /* Release */ = {
			isa = XCBuildConfiguration;
			buildSettings = {
				CLANG_ENABLE_MODULES = YES;
				COMBINE_HIDPI_IMAGES = YES;
				DEFINES_MODULE = YES;
				DYLIB_COMPATIBILITY_VERSION = 1;
				DYLIB_CURRENT_VERSION = 1;
				DYLIB_INSTALL_NAME_BASE = "@rpath";
				FRAMEWORK_VERSION = A;
				GCC_PREPROCESSOR_DEFINITIONS = (
					"$(inherited)",
					"PRODUCT_NAME=$(PRODUCT_NAME)",
				);
				INFOPLIST_FILE = Sources/CwlPreconditionTesting/Info.plist;
				INSTALL_PATH = "$(LOCAL_LIBRARY_DIR)/Frameworks";
				LD_RUNPATH_SEARCH_PATHS = "$(inherited) @executable_path/../Frameworks @loader_path/Frameworks";
				PRODUCT_BUNDLE_IDENTIFIER = "com.cocoawithlove.CwlPreconditionTesting-macOS";
				PRODUCT_NAME = CwlPreconditionTesting;
				SKIP_INSTALL = YES;
			};
			name = Release;
		};
		C987078E1C3F886F009B413A /* Debug */ = {
			isa = XCBuildConfiguration;
			buildSettings = {
				COMBINE_HIDPI_IMAGES = YES;
				INFOPLIST_FILE = Tests/CwlPreconditionTestingTests/Info.plist;
				LD_RUNPATH_SEARCH_PATHS = "$(inherited) @executable_path/../Frameworks @loader_path/../Frameworks";
				PRODUCT_BUNDLE_IDENTIFIER = "com.cocoawithlove.CwlPreconditionTesting-macOSTests";
				PRODUCT_NAME = "$(TARGET_NAME)";
			};
			name = Debug;
		};
		C987078F1C3F886F009B413A /* Release */ = {
			isa = XCBuildConfiguration;
			buildSettings = {
				COMBINE_HIDPI_IMAGES = YES;
				INFOPLIST_FILE = Tests/CwlPreconditionTestingTests/Info.plist;
				LD_RUNPATH_SEARCH_PATHS = "$(inherited) @executable_path/../Frameworks @loader_path/../Frameworks";
				PRODUCT_BUNDLE_IDENTIFIER = "com.cocoawithlove.CwlPreconditionTesting-macOSTests";
				PRODUCT_NAME = "$(TARGET_NAME)";
			};
			name = Release;
		};
		C9A8AF8920E87A910068E99B /* Debug */ = {
			isa = XCBuildConfiguration;
			buildSettings = {
				CODE_SIGN_IDENTITY = "";
				CODE_SIGN_STYLE = Manual;
				DEFINES_MODULE = YES;
				DYLIB_COMPATIBILITY_VERSION = 1;
				DYLIB_CURRENT_VERSION = 1;
				DYLIB_INSTALL_NAME_BASE = "@rpath";
				INFOPLIST_FILE = Sources/CwlPreconditionTesting/Info.plist;
				INSTALL_PATH = "$(LOCAL_LIBRARY_DIR)/Frameworks";
				LD_RUNPATH_SEARCH_PATHS = "$(inherited) @executable_path/Frameworks @loader_path/Frameworks";
				MTL_ENABLE_DEBUG_INFO = INCLUDE_SOURCE;
				PRODUCT_BUNDLE_IDENTIFIER = "com.cocoawithlove.CwlPreconditionTesting-iOS";
				PRODUCT_NAME = CwlPreconditionTesting;
				SDKROOT = iphoneos;
				SKIP_INSTALL = YES;
				SWIFT_ACTIVE_COMPILATION_CONDITIONS = DEBUG;
				SWIFT_VERSION = 4.2;
				TARGETED_DEVICE_FAMILY = "1,2";
			};
			name = Debug;
		};
		C9A8AF8A20E87A910068E99B /* Release */ = {
			isa = XCBuildConfiguration;
			buildSettings = {
				CODE_SIGN_IDENTITY = "";
				CODE_SIGN_STYLE = Manual;
				DEFINES_MODULE = YES;
				DYLIB_COMPATIBILITY_VERSION = 1;
				DYLIB_CURRENT_VERSION = 1;
				DYLIB_INSTALL_NAME_BASE = "@rpath";
				ENABLE_NS_ASSERTIONS = NO;
				INFOPLIST_FILE = Sources/CwlPreconditionTesting/Info.plist;
				INSTALL_PATH = "$(LOCAL_LIBRARY_DIR)/Frameworks";
				LD_RUNPATH_SEARCH_PATHS = "$(inherited) @executable_path/Frameworks @loader_path/Frameworks";
				PRODUCT_BUNDLE_IDENTIFIER = "com.cocoawithlove.CwlPreconditionTesting-iOS";
				PRODUCT_NAME = CwlPreconditionTesting;
				SDKROOT = iphoneos;
				SKIP_INSTALL = YES;
				SWIFT_VERSION = 4.2;
				TARGETED_DEVICE_FAMILY = "1,2";
				VALIDATE_PRODUCT = YES;
			};
			name = Release;
		};
		C9A8AF8C20E87A910068E99B /* Debug */ = {
			isa = XCBuildConfiguration;
			buildSettings = {
				ALWAYS_EMBED_SWIFT_STANDARD_LIBRARIES = YES;
				CLANG_ANALYZER_NONNULL = YES;
				CLANG_ANALYZER_NUMBER_OBJECT_CONVERSION = YES_AGGRESSIVE;
				CLANG_CXX_LANGUAGE_STANDARD = "gnu++14";
				CLANG_ENABLE_OBJC_WEAK = YES;
				CLANG_WARN_DOCUMENTATION_COMMENTS = YES;
				CLANG_WARN_UNGUARDED_AVAILABILITY = YES_AGGRESSIVE;
				CODE_SIGN_IDENTITY = "iPhone Developer";
				CODE_SIGN_STYLE = Automatic;
				DEVELOPMENT_TEAM = S7YQ892G6G;
				GCC_C_LANGUAGE_STANDARD = gnu11;
				INFOPLIST_FILE = Tests/CwlPreconditionTestingTests/Info.plist;
				IPHONEOS_DEPLOYMENT_TARGET = 12.0;
				LD_RUNPATH_SEARCH_PATHS = "$(inherited) @executable_path/Frameworks @loader_path/Frameworks";
				MTL_ENABLE_DEBUG_INFO = INCLUDE_SOURCE;
				PRODUCT_BUNDLE_IDENTIFIER = "com.cocoawithlove.CwlPreconditionTesting-iOSTests";
				PRODUCT_NAME = "$(TARGET_NAME)";
				SDKROOT = iphoneos;
				SWIFT_ACTIVE_COMPILATION_CONDITIONS = DEBUG;
				SWIFT_VERSION = 4.2;
				TARGETED_DEVICE_FAMILY = "1,2";
			};
			name = Debug;
		};
		C9A8AF8D20E87A910068E99B /* Release */ = {
			isa = XCBuildConfiguration;
			buildSettings = {
				ALWAYS_EMBED_SWIFT_STANDARD_LIBRARIES = YES;
				CLANG_ANALYZER_NONNULL = YES;
				CLANG_ANALYZER_NUMBER_OBJECT_CONVERSION = YES_AGGRESSIVE;
				CLANG_CXX_LANGUAGE_STANDARD = "gnu++14";
				CLANG_ENABLE_OBJC_WEAK = YES;
				CLANG_WARN_DOCUMENTATION_COMMENTS = YES;
				CLANG_WARN_UNGUARDED_AVAILABILITY = YES_AGGRESSIVE;
				CODE_SIGN_IDENTITY = "iPhone Developer";
				CODE_SIGN_STYLE = Automatic;
				DEVELOPMENT_TEAM = S7YQ892G6G;
				ENABLE_NS_ASSERTIONS = NO;
				GCC_C_LANGUAGE_STANDARD = gnu11;
				INFOPLIST_FILE = Tests/CwlPreconditionTestingTests/Info.plist;
				IPHONEOS_DEPLOYMENT_TARGET = 12.0;
				LD_RUNPATH_SEARCH_PATHS = "$(inherited) @executable_path/Frameworks @loader_path/Frameworks";
				PRODUCT_BUNDLE_IDENTIFIER = "com.cocoawithlove.CwlPreconditionTesting-iOSTests";
				PRODUCT_NAME = "$(TARGET_NAME)";
				SDKROOT = iphoneos;
				SWIFT_VERSION = 4.2;
				TARGETED_DEVICE_FAMILY = "1,2";
				VALIDATE_PRODUCT = YES;
			};
			name = Release;
		};
/* End XCBuildConfiguration section */

/* Begin XCConfigurationList section */
		96ACCC4F1C6E8A7C00FE0B1B /* Build configuration list for PBXNativeTarget "CwlPreconditionTesting_tvOSTests" */ = {
			isa = XCConfigurationList;
			buildConfigurations = (
				96ACCC4D1C6E8A7C00FE0B1B /* Debug */,
				96ACCC4E1C6E8A7C00FE0B1B /* Release */,
			);
			defaultConfigurationIsVisible = 0;
			defaultConfigurationName = Release;
		};
		96ACCC5E1C6E8BBE00FE0B1B /* Build configuration list for PBXNativeTarget "CwlPreconditionTesting_tvOS" */ = {
			isa = XCConfigurationList;
			buildConfigurations = (
				96ACCC5F1C6E8BBE00FE0B1B /* Debug */,
				96ACCC601C6E8BBE00FE0B1B /* Release */,
			);
			defaultConfigurationIsVisible = 0;
			defaultConfigurationName = Release;
		};
		C92A97D61C68A4F3008905C2 /* Build configuration list for PBXNativeTarget "CwlPreconditionTesting_POSIX" */ = {
			isa = XCConfigurationList;
			buildConfigurations = (
				C92A97D71C68A4F3008905C2 /* Debug */,
				C92A97D81C68A4F3008905C2 /* Release */,
			);
			defaultConfigurationIsVisible = 0;
			defaultConfigurationName = Release;
		};
		C92A97E31C68A515008905C2 /* Build configuration list for PBXNativeTarget "CwlPreconditionTesting_POSIXTests" */ = {
			isa = XCConfigurationList;
			buildConfigurations = (
				C92A97E41C68A515008905C2 /* Debug */,
				C92A97E51C68A515008905C2 /* Release */,
			);
			defaultConfigurationIsVisible = 0;
			defaultConfigurationName = Release;
		};
		C98707701C3F886F009B413A /* Build configuration list for PBXProject "CwlPreconditionTesting" */ = {
			isa = XCConfigurationList;
			buildConfigurations = (
				C98707881C3F886F009B413A /* Debug */,
				C98707891C3F886F009B413A /* Release */,
			);
			defaultConfigurationIsVisible = 0;
			defaultConfigurationName = Release;
		};
		C987078A1C3F886F009B413A /* Build configuration list for PBXNativeTarget "CwlPreconditionTesting_macOS" */ = {
			isa = XCConfigurationList;
			buildConfigurations = (
				C987078B1C3F886F009B413A /* Debug */,
				C987078C1C3F886F009B413A /* Release */,
			);
			defaultConfigurationIsVisible = 0;
			defaultConfigurationName = Release;
		};
		C987078D1C3F886F009B413A /* Build configuration list for PBXNativeTarget "CwlPreconditionTesting_macOSTests" */ = {
			isa = XCConfigurationList;
			buildConfigurations = (
				C987078E1C3F886F009B413A /* Debug */,
				C987078F1C3F886F009B413A /* Release */,
			);
			defaultConfigurationIsVisible = 0;
			defaultConfigurationName = Release;
		};
		C9A8AF8820E87A910068E99B /* Build configuration list for PBXNativeTarget "CwlPreconditionTesting_iOS" */ = {
			isa = XCConfigurationList;
			buildConfigurations = (
				C9A8AF8920E87A910068E99B /* Debug */,
				C9A8AF8A20E87A910068E99B /* Release */,
			);
			defaultConfigurationIsVisible = 0;
			defaultConfigurationName = Release;
		};
		C9A8AF8B20E87A910068E99B /* Build configuration list for PBXNativeTarget "CwlPreconditionTesting_iOSTests" */ = {
			isa = XCConfigurationList;
			buildConfigurations = (
				C9A8AF8C20E87A910068E99B /* Debug */,
				C9A8AF8D20E87A910068E99B /* Release */,
			);
			defaultConfigurationIsVisible = 0;
			defaultConfigurationName = Release;
		};
/* End XCConfigurationList section */
	};
	rootObject = C987076D1C3F886F009B413A /* Project object */;
}
